{
    "version": 3,
    "terraform_version": "0.11.14",
    "serial": 47,
    "lineage": "73fef81b-6947-bd5f-87df-ddb8cdb3346c",
    "modules": [
        {
            "path": [
                "root"
            ],
            "outputs": {
                "vm_fqdn": {
                    "sensitive": false,
                    "type": "string",
                    "value": "jws2019.westeurope.cloudapp.azure.com"
                }
            },
            "resources": {
                "azurerm_availability_set.avset": {
                    "type": "azurerm_availability_set",
                    "depends_on": [
                        "azurerm_resource_group.rg"
                    ],
                    "primary": {
                        "id": "/subscriptions/57b13db8-88cf-4fe6-924b-ae10dc6fadee/resourceGroups/jws2019-rg/providers/Microsoft.Compute/availabilitySets/jws2019avset",
                        "attributes": {
                            "id": "/subscriptions/57b13db8-88cf-4fe6-924b-ae10dc6fadee/resourceGroups/jws2019-rg/providers/Microsoft.Compute/availabilitySets/jws2019avset",
                            "location": "westeurope",
                            "managed": "true",
                            "name": "jws2019avset",
                            "platform_fault_domain_count": "1",
                            "platform_update_domain_count": "1",
                            "resource_group_name": "jws2019-rg",
                            "tags.%": "0"
                        },
                        "meta": {},
                        "tainted": false
                    },
                    "deposed": [],
                    "provider": "provider.azurerm"
                },
                "azurerm_lb.lb": {
                    "type": "azurerm_lb",
                    "depends_on": [
                        "azurerm_public_ip.lbpip",
                        "azurerm_resource_group.rg"
                    ],
                    "primary": {
                        "id": "/subscriptions/57b13db8-88cf-4fe6-924b-ae10dc6fadee/resourceGroups/jws2019-rg/providers/Microsoft.Network/loadBalancers/jws2019lb",
                        "attributes": {
                            "frontend_ip_configuration.#": "1",
                            "frontend_ip_configuration.0.inbound_nat_rules.#": "20",
                            "frontend_ip_configuration.0.inbound_nat_rules.1310507693": "/subscriptions/57b13db8-88cf-4fe6-924b-ae10dc6fadee/resourceGroups/jws2019-rg/providers/Microsoft.Network/loadBalancers/jws2019lb/inboundNatRules/TUTOR-VM-1",
                            "frontend_ip_configuration.0.inbound_nat_rules.1346084386": "/subscriptions/57b13db8-88cf-4fe6-924b-ae10dc6fadee/resourceGroups/jws2019-rg/providers/Microsoft.Network/loadBalancers/jws2019lb/inboundNatRules/RDP-VM-3",
                            "frontend_ip_configuration.0.inbound_nat_rules.1465276987": "/subscriptions/57b13db8-88cf-4fe6-924b-ae10dc6fadee/resourceGroups/jws2019-rg/providers/Microsoft.Network/loadBalancers/jws2019lb/inboundNatRules/RDP-VM-7",
                            "frontend_ip_configuration.0.inbound_nat_rules.1672950614": "/subscriptions/57b13db8-88cf-4fe6-924b-ae10dc6fadee/resourceGroups/jws2019-rg/providers/Microsoft.Network/loadBalancers/jws2019lb/inboundNatRules/RDP-VM-15",
                            "frontend_ip_configuration.0.inbound_nat_rules.1692071759": "/subscriptions/57b13db8-88cf-4fe6-924b-ae10dc6fadee/resourceGroups/jws2019-rg/providers/Microsoft.Network/loadBalancers/jws2019lb/inboundNatRules/RDP-VM-11",
                            "frontend_ip_configuration.0.inbound_nat_rules.2329187939": "/subscriptions/57b13db8-88cf-4fe6-924b-ae10dc6fadee/resourceGroups/jws2019-rg/providers/Microsoft.Network/loadBalancers/jws2019lb/inboundNatRules/RDP-VM-13",
                            "frontend_ip_configuration.0.inbound_nat_rules.2377732730": "/subscriptions/57b13db8-88cf-4fe6-924b-ae10dc6fadee/resourceGroups/jws2019-rg/providers/Microsoft.Network/loadBalancers/jws2019lb/inboundNatRules/RDP-VM-17",
                            "frontend_ip_configuration.0.inbound_nat_rules.2968418108": "/subscriptions/57b13db8-88cf-4fe6-924b-ae10dc6fadee/resourceGroups/jws2019-rg/providers/Microsoft.Network/loadBalancers/jws2019lb/inboundNatRules/RDP-VM-9",
                            "frontend_ip_configuration.0.inbound_nat_rules.3109567255": "/subscriptions/57b13db8-88cf-4fe6-924b-ae10dc6fadee/resourceGroups/jws2019-rg/providers/Microsoft.Network/loadBalancers/jws2019lb/inboundNatRules/RDP-VM-5",
                            "frontend_ip_configuration.0.inbound_nat_rules.3191209742": "/subscriptions/57b13db8-88cf-4fe6-924b-ae10dc6fadee/resourceGroups/jws2019-rg/providers/Microsoft.Network/loadBalancers/jws2019lb/inboundNatRules/RDP-VM-1",
                            "frontend_ip_configuration.0.inbound_nat_rules.333301721": "/subscriptions/57b13db8-88cf-4fe6-924b-ae10dc6fadee/resourceGroups/jws2019-rg/providers/Microsoft.Network/loadBalancers/jws2019lb/inboundNatRules/RDP-VM-10",
                            "frontend_ip_configuration.0.inbound_nat_rules.3353954218": "/subscriptions/57b13db8-88cf-4fe6-924b-ae10dc6fadee/resourceGroups/jws2019-rg/providers/Microsoft.Network/loadBalancers/jws2019lb/inboundNatRules/RDP-VM-8",
                            "frontend_ip_configuration.0.inbound_nat_rules.3375550360": "/subscriptions/57b13db8-88cf-4fe6-924b-ae10dc6fadee/resourceGroups/jws2019-rg/providers/Microsoft.Network/loadBalancers/jws2019lb/inboundNatRules/RDP-VM-0",
                            "frontend_ip_configuration.0.inbound_nat_rules.3462335361": "/subscriptions/57b13db8-88cf-4fe6-924b-ae10dc6fadee/resourceGroups/jws2019-rg/providers/Microsoft.Network/loadBalancers/jws2019lb/inboundNatRules/RDP-VM-4",
                            "frontend_ip_configuration.0.inbound_nat_rules.347079616": "/subscriptions/57b13db8-88cf-4fe6-924b-ae10dc6fadee/resourceGroups/jws2019-rg/providers/Microsoft.Network/loadBalancers/jws2019lb/inboundNatRules/RDP-VM-14",
                            "frontend_ip_configuration.0.inbound_nat_rules.4206781164": "/subscriptions/57b13db8-88cf-4fe6-924b-ae10dc6fadee/resourceGroups/jws2019-rg/providers/Microsoft.Network/loadBalancers/jws2019lb/inboundNatRules/RDP-VM-16",
                            "frontend_ip_configuration.0.inbound_nat_rules.4258506485": "/subscriptions/57b13db8-88cf-4fe6-924b-ae10dc6fadee/resourceGroups/jws2019-rg/providers/Microsoft.Network/loadBalancers/jws2019lb/inboundNatRules/RDP-VM-12",
                            "frontend_ip_configuration.0.inbound_nat_rules.542206637": "/subscriptions/57b13db8-88cf-4fe6-924b-ae10dc6fadee/resourceGroups/jws2019-rg/providers/Microsoft.Network/loadBalancers/jws2019lb/inboundNatRules/RDP-VM-6",
                            "frontend_ip_configuration.0.inbound_nat_rules.658288308": "/subscriptions/57b13db8-88cf-4fe6-924b-ae10dc6fadee/resourceGroups/jws2019-rg/providers/Microsoft.Network/loadBalancers/jws2019lb/inboundNatRules/RDP-VM-2",
                            "frontend_ip_configuration.0.inbound_nat_rules.958132795": "/subscriptions/57b13db8-88cf-4fe6-924b-ae10dc6fadee/resourceGroups/jws2019-rg/providers/Microsoft.Network/loadBalancers/jws2019lb/inboundNatRules/TUTOR-VM-0",
                            "frontend_ip_configuration.0.load_balancer_rules.#": "0",
                            "frontend_ip_configuration.0.name": "LoadBalancerFrontEnd",
                            "frontend_ip_configuration.0.outbound_rules.#": "0",
                            "frontend_ip_configuration.0.private_ip_address": "",
                            "frontend_ip_configuration.0.private_ip_address_allocation": "Dynamic",
                            "frontend_ip_configuration.0.public_ip_address_id": "/subscriptions/57b13db8-88cf-4fe6-924b-ae10dc6fadee/resourceGroups/jws2019-rg/providers/Microsoft.Network/publicIPAddresses/jws2019-ip",
                            "frontend_ip_configuration.0.public_ip_prefix_id": "",
                            "frontend_ip_configuration.0.subnet_id": "",
                            "frontend_ip_configuration.0.zones.#": "0",
                            "id": "/subscriptions/57b13db8-88cf-4fe6-924b-ae10dc6fadee/resourceGroups/jws2019-rg/providers/Microsoft.Network/loadBalancers/jws2019lb",
                            "location": "westeurope",
                            "name": "jws2019lb",
                            "private_ip_address": "",
                            "private_ip_addresses.#": "0",
                            "resource_group_name": "jws2019-rg",
                            "sku": "Basic",
                            "tags.%": "0"
                        },
                        "meta": {},
                        "tainted": false
                    },
                    "deposed": [],
                    "provider": "provider.azurerm"
                },
                "azurerm_lb_backend_address_pool.backend_pool": {
                    "type": "azurerm_lb_backend_address_pool",
                    "depends_on": [
                        "azurerm_lb.lb",
                        "azurerm_resource_group.rg"
                    ],
                    "primary": {
                        "id": "/subscriptions/57b13db8-88cf-4fe6-924b-ae10dc6fadee/resourceGroups/jws2019-rg/providers/Microsoft.Network/loadBalancers/jws2019lb/backendAddressPools/BackendPool1",
                        "attributes": {
                            "backend_ip_configurations.#": "0",
                            "id": "/subscriptions/57b13db8-88cf-4fe6-924b-ae10dc6fadee/resourceGroups/jws2019-rg/providers/Microsoft.Network/loadBalancers/jws2019lb/backendAddressPools/BackendPool1",
                            "load_balancing_rules.#": "0",
                            "loadbalancer_id": "/subscriptions/57b13db8-88cf-4fe6-924b-ae10dc6fadee/resourceGroups/jws2019-rg/providers/Microsoft.Network/loadBalancers/jws2019lb",
                            "name": "BackendPool1",
                            "resource_group_name": "jws2019-rg"
                        },
                        "meta": {},
                        "tainted": false
                    },
                    "deposed": [],
                    "provider": "provider.azurerm"
                },
                "azurerm_lb_nat_rule.tcp.0": {
                    "type": "azurerm_lb_nat_rule",
                    "depends_on": [
                        "azurerm_lb.lb",
                        "azurerm_resource_group.rg"
                    ],
                    "primary": {
                        "id": "/subscriptions/57b13db8-88cf-4fe6-924b-ae10dc6fadee/resourceGroups/jws2019-rg/providers/Microsoft.Network/loadBalancers/jws2019lb/inboundNatRules/RDP-VM-0",
                        "attributes": {
                            "backend_ip_configuration_id": "/subscriptions/57b13db8-88cf-4fe6-924b-ae10dc6fadee/resourceGroups/jws2019-rg/providers/Microsoft.Network/networkInterfaces/windows-workstation-nic0/ipConfigurations/ipconfig0",
                            "backend_port": "3389",
                            "enable_floating_ip": "false",
                            "frontend_ip_configuration_id": "/subscriptions/57b13db8-88cf-4fe6-924b-ae10dc6fadee/resourceGroups/jws2019-rg/providers/Microsoft.Network/loadBalancers/jws2019lb/frontendIPConfigurations/LoadBalancerFrontEnd",
                            "frontend_ip_configuration_name": "LoadBalancerFrontEnd",
                            "frontend_port": "50000",
                            "id": "/subscriptions/57b13db8-88cf-4fe6-924b-ae10dc6fadee/resourceGroups/jws2019-rg/providers/Microsoft.Network/loadBalancers/jws2019lb/inboundNatRules/RDP-VM-0",
                            "loadbalancer_id": "/subscriptions/57b13db8-88cf-4fe6-924b-ae10dc6fadee/resourceGroups/jws2019-rg/providers/Microsoft.Network/loadBalancers/jws2019lb",
                            "name": "RDP-VM-0",
                            "protocol": "Tcp",
                            "resource_group_name": "jws2019-rg"
                        },
                        "meta": {},
                        "tainted": false
                    },
                    "deposed": [],
                    "provider": "provider.azurerm"
                },
                "azurerm_lb_nat_rule.tcp.1": {
                    "type": "azurerm_lb_nat_rule",
                    "depends_on": [
                        "azurerm_lb.lb",
                        "azurerm_resource_group.rg"
                    ],
                    "primary": {
                        "id": "/subscriptions/57b13db8-88cf-4fe6-924b-ae10dc6fadee/resourceGroups/jws2019-rg/providers/Microsoft.Network/loadBalancers/jws2019lb/inboundNatRules/RDP-VM-1",
                        "attributes": {
                            "backend_ip_configuration_id": "/subscriptions/57b13db8-88cf-4fe6-924b-ae10dc6fadee/resourceGroups/jws2019-rg/providers/Microsoft.Network/networkInterfaces/windows-workstation-nic1/ipConfigurations/ipconfig1",
                            "backend_port": "3389",
                            "enable_floating_ip": "false",
                            "frontend_ip_configuration_id": "/subscriptions/57b13db8-88cf-4fe6-924b-ae10dc6fadee/resourceGroups/jws2019-rg/providers/Microsoft.Network/loadBalancers/jws2019lb/frontendIPConfigurations/LoadBalancerFrontEnd",
                            "frontend_ip_configuration_name": "LoadBalancerFrontEnd",
                            "frontend_port": "50001",
                            "id": "/subscriptions/57b13db8-88cf-4fe6-924b-ae10dc6fadee/resourceGroups/jws2019-rg/providers/Microsoft.Network/loadBalancers/jws2019lb/inboundNatRules/RDP-VM-1",
                            "loadbalancer_id": "/subscriptions/57b13db8-88cf-4fe6-924b-ae10dc6fadee/resourceGroups/jws2019-rg/providers/Microsoft.Network/loadBalancers/jws2019lb",
                            "name": "RDP-VM-1",
                            "protocol": "Tcp",
                            "resource_group_name": "jws2019-rg"
                        },
                        "meta": {},
                        "tainted": false
                    },
                    "deposed": [],
                    "provider": "provider.azurerm"
                },
                "azurerm_lb_nat_rule.tcp.10": {
                    "type": "azurerm_lb_nat_rule",
                    "depends_on": [
                        "azurerm_lb.lb",
                        "azurerm_resource_group.rg"
                    ],
                    "primary": {
                        "id": "/subscriptions/57b13db8-88cf-4fe6-924b-ae10dc6fadee/resourceGroups/jws2019-rg/providers/Microsoft.Network/loadBalancers/jws2019lb/inboundNatRules/RDP-VM-10",
                        "attributes": {
                            "backend_ip_configuration_id": "/subscriptions/57b13db8-88cf-4fe6-924b-ae10dc6fadee/resourceGroups/jws2019-rg/providers/Microsoft.Network/networkInterfaces/windows-workstation-nic10/ipConfigurations/ipconfig10",
                            "backend_port": "3389",
                            "enable_floating_ip": "false",
                            "frontend_ip_configuration_id": "/subscriptions/57b13db8-88cf-4fe6-924b-ae10dc6fadee/resourceGroups/jws2019-rg/providers/Microsoft.Network/loadBalancers/jws2019lb/frontendIPConfigurations/LoadBalancerFrontEnd",
                            "frontend_ip_configuration_name": "LoadBalancerFrontEnd",
                            "frontend_port": "50010",
                            "id": "/subscriptions/57b13db8-88cf-4fe6-924b-ae10dc6fadee/resourceGroups/jws2019-rg/providers/Microsoft.Network/loadBalancers/jws2019lb/inboundNatRules/RDP-VM-10",
                            "loadbalancer_id": "/subscriptions/57b13db8-88cf-4fe6-924b-ae10dc6fadee/resourceGroups/jws2019-rg/providers/Microsoft.Network/loadBalancers/jws2019lb",
                            "name": "RDP-VM-10",
                            "protocol": "Tcp",
                            "resource_group_name": "jws2019-rg"
                        },
                        "meta": {},
                        "tainted": false
                    },
                    "deposed": [],
                    "provider": "provider.azurerm"
                },
                "azurerm_lb_nat_rule.tcp.11": {
                    "type": "azurerm_lb_nat_rule",
                    "depends_on": [
                        "azurerm_lb.lb",
                        "azurerm_resource_group.rg"
                    ],
                    "primary": {
                        "id": "/subscriptions/57b13db8-88cf-4fe6-924b-ae10dc6fadee/resourceGroups/jws2019-rg/providers/Microsoft.Network/loadBalancers/jws2019lb/inboundNatRules/RDP-VM-11",
                        "attributes": {
                            "backend_ip_configuration_id": "/subscriptions/57b13db8-88cf-4fe6-924b-ae10dc6fadee/resourceGroups/jws2019-rg/providers/Microsoft.Network/networkInterfaces/windows-workstation-nic11/ipConfigurations/ipconfig11",
                            "backend_port": "3389",
                            "enable_floating_ip": "false",
                            "frontend_ip_configuration_id": "/subscriptions/57b13db8-88cf-4fe6-924b-ae10dc6fadee/resourceGroups/jws2019-rg/providers/Microsoft.Network/loadBalancers/jws2019lb/frontendIPConfigurations/LoadBalancerFrontEnd",
                            "frontend_ip_configuration_name": "LoadBalancerFrontEnd",
                            "frontend_port": "50011",
                            "id": "/subscriptions/57b13db8-88cf-4fe6-924b-ae10dc6fadee/resourceGroups/jws2019-rg/providers/Microsoft.Network/loadBalancers/jws2019lb/inboundNatRules/RDP-VM-11",
                            "loadbalancer_id": "/subscriptions/57b13db8-88cf-4fe6-924b-ae10dc6fadee/resourceGroups/jws2019-rg/providers/Microsoft.Network/loadBalancers/jws2019lb",
                            "name": "RDP-VM-11",
                            "protocol": "Tcp",
                            "resource_group_name": "jws2019-rg"
                        },
                        "meta": {},
                        "tainted": false
                    },
                    "deposed": [],
                    "provider": "provider.azurerm"
                },
                "azurerm_lb_nat_rule.tcp.12": {
                    "type": "azurerm_lb_nat_rule",
                    "depends_on": [
                        "azurerm_lb.lb",
                        "azurerm_resource_group.rg"
                    ],
                    "primary": {
                        "id": "/subscriptions/57b13db8-88cf-4fe6-924b-ae10dc6fadee/resourceGroups/jws2019-rg/providers/Microsoft.Network/loadBalancers/jws2019lb/inboundNatRules/RDP-VM-12",
                        "attributes": {
                            "backend_ip_configuration_id": "/subscriptions/57b13db8-88cf-4fe6-924b-ae10dc6fadee/resourceGroups/jws2019-rg/providers/Microsoft.Network/networkInterfaces/windows-workstation-nic12/ipConfigurations/ipconfig12",
                            "backend_port": "3389",
                            "enable_floating_ip": "false",
                            "frontend_ip_configuration_id": "/subscriptions/57b13db8-88cf-4fe6-924b-ae10dc6fadee/resourceGroups/jws2019-rg/providers/Microsoft.Network/loadBalancers/jws2019lb/frontendIPConfigurations/LoadBalancerFrontEnd",
                            "frontend_ip_configuration_name": "LoadBalancerFrontEnd",
                            "frontend_port": "50012",
                            "id": "/subscriptions/57b13db8-88cf-4fe6-924b-ae10dc6fadee/resourceGroups/jws2019-rg/providers/Microsoft.Network/loadBalancers/jws2019lb/inboundNatRules/RDP-VM-12",
                            "loadbalancer_id": "/subscriptions/57b13db8-88cf-4fe6-924b-ae10dc6fadee/resourceGroups/jws2019-rg/providers/Microsoft.Network/loadBalancers/jws2019lb",
                            "name": "RDP-VM-12",
                            "protocol": "Tcp",
                            "resource_group_name": "jws2019-rg"
                        },
                        "meta": {},
                        "tainted": false
                    },
                    "deposed": [],
                    "provider": "provider.azurerm"
                },
                "azurerm_lb_nat_rule.tcp.13": {
                    "type": "azurerm_lb_nat_rule",
                    "depends_on": [
                        "azurerm_lb.lb",
                        "azurerm_resource_group.rg"
                    ],
                    "primary": {
                        "id": "/subscriptions/57b13db8-88cf-4fe6-924b-ae10dc6fadee/resourceGroups/jws2019-rg/providers/Microsoft.Network/loadBalancers/jws2019lb/inboundNatRules/RDP-VM-13",
                        "attributes": {
                            "backend_ip_configuration_id": "/subscriptions/57b13db8-88cf-4fe6-924b-ae10dc6fadee/resourceGroups/jws2019-rg/providers/Microsoft.Network/networkInterfaces/windows-workstation-nic13/ipConfigurations/ipconfig13",
                            "backend_port": "3389",
                            "enable_floating_ip": "false",
                            "frontend_ip_configuration_id": "/subscriptions/57b13db8-88cf-4fe6-924b-ae10dc6fadee/resourceGroups/jws2019-rg/providers/Microsoft.Network/loadBalancers/jws2019lb/frontendIPConfigurations/LoadBalancerFrontEnd",
                            "frontend_ip_configuration_name": "LoadBalancerFrontEnd",
                            "frontend_port": "50013",
                            "id": "/subscriptions/57b13db8-88cf-4fe6-924b-ae10dc6fadee/resourceGroups/jws2019-rg/providers/Microsoft.Network/loadBalancers/jws2019lb/inboundNatRules/RDP-VM-13",
                            "loadbalancer_id": "/subscriptions/57b13db8-88cf-4fe6-924b-ae10dc6fadee/resourceGroups/jws2019-rg/providers/Microsoft.Network/loadBalancers/jws2019lb",
                            "name": "RDP-VM-13",
                            "protocol": "Tcp",
                            "resource_group_name": "jws2019-rg"
                        },
                        "meta": {},
                        "tainted": false
                    },
                    "deposed": [],
                    "provider": "provider.azurerm"
                },
                "azurerm_lb_nat_rule.tcp.14": {
                    "type": "azurerm_lb_nat_rule",
                    "depends_on": [
                        "azurerm_lb.lb",
                        "azurerm_resource_group.rg"
                    ],
                    "primary": {
                        "id": "/subscriptions/57b13db8-88cf-4fe6-924b-ae10dc6fadee/resourceGroups/jws2019-rg/providers/Microsoft.Network/loadBalancers/jws2019lb/inboundNatRules/RDP-VM-14",
                        "attributes": {
                            "backend_ip_configuration_id": "/subscriptions/57b13db8-88cf-4fe6-924b-ae10dc6fadee/resourceGroups/jws2019-rg/providers/Microsoft.Network/networkInterfaces/windows-workstation-nic14/ipConfigurations/ipconfig14",
                            "backend_port": "3389",
                            "enable_floating_ip": "false",
                            "frontend_ip_configuration_id": "/subscriptions/57b13db8-88cf-4fe6-924b-ae10dc6fadee/resourceGroups/jws2019-rg/providers/Microsoft.Network/loadBalancers/jws2019lb/frontendIPConfigurations/LoadBalancerFrontEnd",
                            "frontend_ip_configuration_name": "LoadBalancerFrontEnd",
                            "frontend_port": "50014",
                            "id": "/subscriptions/57b13db8-88cf-4fe6-924b-ae10dc6fadee/resourceGroups/jws2019-rg/providers/Microsoft.Network/loadBalancers/jws2019lb/inboundNatRules/RDP-VM-14",
                            "loadbalancer_id": "/subscriptions/57b13db8-88cf-4fe6-924b-ae10dc6fadee/resourceGroups/jws2019-rg/providers/Microsoft.Network/loadBalancers/jws2019lb",
                            "name": "RDP-VM-14",
                            "protocol": "Tcp",
                            "resource_group_name": "jws2019-rg"
                        },
                        "meta": {},
                        "tainted": false
                    },
                    "deposed": [],
                    "provider": "provider.azurerm"
                },
                "azurerm_lb_nat_rule.tcp.15": {
                    "type": "azurerm_lb_nat_rule",
                    "depends_on": [
                        "azurerm_lb.lb",
                        "azurerm_resource_group.rg"
                    ],
                    "primary": {
                        "id": "/subscriptions/57b13db8-88cf-4fe6-924b-ae10dc6fadee/resourceGroups/jws2019-rg/providers/Microsoft.Network/loadBalancers/jws2019lb/inboundNatRules/RDP-VM-15",
                        "attributes": {
                            "backend_ip_configuration_id": "/subscriptions/57b13db8-88cf-4fe6-924b-ae10dc6fadee/resourceGroups/jws2019-rg/providers/Microsoft.Network/networkInterfaces/windows-workstation-nic15/ipConfigurations/ipconfig15",
                            "backend_port": "3389",
                            "enable_floating_ip": "false",
                            "frontend_ip_configuration_id": "/subscriptions/57b13db8-88cf-4fe6-924b-ae10dc6fadee/resourceGroups/jws2019-rg/providers/Microsoft.Network/loadBalancers/jws2019lb/frontendIPConfigurations/LoadBalancerFrontEnd",
                            "frontend_ip_configuration_name": "LoadBalancerFrontEnd",
                            "frontend_port": "50015",
                            "id": "/subscriptions/57b13db8-88cf-4fe6-924b-ae10dc6fadee/resourceGroups/jws2019-rg/providers/Microsoft.Network/loadBalancers/jws2019lb/inboundNatRules/RDP-VM-15",
                            "loadbalancer_id": "/subscriptions/57b13db8-88cf-4fe6-924b-ae10dc6fadee/resourceGroups/jws2019-rg/providers/Microsoft.Network/loadBalancers/jws2019lb",
                            "name": "RDP-VM-15",
                            "protocol": "Tcp",
                            "resource_group_name": "jws2019-rg"
                        },
                        "meta": {},
                        "tainted": false
                    },
                    "deposed": [],
                    "provider": "provider.azurerm"
                },
                "azurerm_lb_nat_rule.tcp.16": {
                    "type": "azurerm_lb_nat_rule",
                    "depends_on": [
                        "azurerm_lb.lb",
                        "azurerm_resource_group.rg"
                    ],
                    "primary": {
                        "id": "/subscriptions/57b13db8-88cf-4fe6-924b-ae10dc6fadee/resourceGroups/jws2019-rg/providers/Microsoft.Network/loadBalancers/jws2019lb/inboundNatRules/RDP-VM-16",
                        "attributes": {
                            "backend_ip_configuration_id": "/subscriptions/57b13db8-88cf-4fe6-924b-ae10dc6fadee/resourceGroups/jws2019-rg/providers/Microsoft.Network/networkInterfaces/windows-workstation-nic16/ipConfigurations/ipconfig16",
                            "backend_port": "3389",
                            "enable_floating_ip": "false",
                            "frontend_ip_configuration_id": "/subscriptions/57b13db8-88cf-4fe6-924b-ae10dc6fadee/resourceGroups/jws2019-rg/providers/Microsoft.Network/loadBalancers/jws2019lb/frontendIPConfigurations/LoadBalancerFrontEnd",
                            "frontend_ip_configuration_name": "LoadBalancerFrontEnd",
                            "frontend_port": "50016",
                            "id": "/subscriptions/57b13db8-88cf-4fe6-924b-ae10dc6fadee/resourceGroups/jws2019-rg/providers/Microsoft.Network/loadBalancers/jws2019lb/inboundNatRules/RDP-VM-16",
                            "loadbalancer_id": "/subscriptions/57b13db8-88cf-4fe6-924b-ae10dc6fadee/resourceGroups/jws2019-rg/providers/Microsoft.Network/loadBalancers/jws2019lb",
                            "name": "RDP-VM-16",
                            "protocol": "Tcp",
                            "resource_group_name": "jws2019-rg"
                        },
                        "meta": {},
                        "tainted": false
                    },
                    "deposed": [],
                    "provider": "provider.azurerm"
                },
                "azurerm_lb_nat_rule.tcp.17": {
                    "type": "azurerm_lb_nat_rule",
                    "depends_on": [
                        "azurerm_lb.lb",
                        "azurerm_resource_group.rg"
                    ],
                    "primary": {
                        "id": "/subscriptions/57b13db8-88cf-4fe6-924b-ae10dc6fadee/resourceGroups/jws2019-rg/providers/Microsoft.Network/loadBalancers/jws2019lb/inboundNatRules/RDP-VM-17",
                        "attributes": {
                            "backend_ip_configuration_id": "/subscriptions/57b13db8-88cf-4fe6-924b-ae10dc6fadee/resourceGroups/jws2019-rg/providers/Microsoft.Network/networkInterfaces/windows-workstation-nic17/ipConfigurations/ipconfig17",
                            "backend_port": "3389",
                            "enable_floating_ip": "false",
                            "frontend_ip_configuration_id": "/subscriptions/57b13db8-88cf-4fe6-924b-ae10dc6fadee/resourceGroups/jws2019-rg/providers/Microsoft.Network/loadBalancers/jws2019lb/frontendIPConfigurations/LoadBalancerFrontEnd",
                            "frontend_ip_configuration_name": "LoadBalancerFrontEnd",
                            "frontend_port": "50017",
                            "id": "/subscriptions/57b13db8-88cf-4fe6-924b-ae10dc6fadee/resourceGroups/jws2019-rg/providers/Microsoft.Network/loadBalancers/jws2019lb/inboundNatRules/RDP-VM-17",
                            "loadbalancer_id": "/subscriptions/57b13db8-88cf-4fe6-924b-ae10dc6fadee/resourceGroups/jws2019-rg/providers/Microsoft.Network/loadBalancers/jws2019lb",
                            "name": "RDP-VM-17",
                            "protocol": "Tcp",
                            "resource_group_name": "jws2019-rg"
                        },
                        "meta": {},
                        "tainted": false
                    },
                    "deposed": [],
                    "provider": "provider.azurerm"
                },
                "azurerm_lb_nat_rule.tcp.2": {
                    "type": "azurerm_lb_nat_rule",
                    "depends_on": [
                        "azurerm_lb.lb",
                        "azurerm_resource_group.rg"
                    ],
                    "primary": {
                        "id": "/subscriptions/57b13db8-88cf-4fe6-924b-ae10dc6fadee/resourceGroups/jws2019-rg/providers/Microsoft.Network/loadBalancers/jws2019lb/inboundNatRules/RDP-VM-2",
                        "attributes": {
                            "backend_ip_configuration_id": "/subscriptions/57b13db8-88cf-4fe6-924b-ae10dc6fadee/resourceGroups/jws2019-rg/providers/Microsoft.Network/networkInterfaces/windows-workstation-nic2/ipConfigurations/ipconfig2",
                            "backend_port": "3389",
                            "enable_floating_ip": "false",
                            "frontend_ip_configuration_id": "/subscriptions/57b13db8-88cf-4fe6-924b-ae10dc6fadee/resourceGroups/jws2019-rg/providers/Microsoft.Network/loadBalancers/jws2019lb/frontendIPConfigurations/LoadBalancerFrontEnd",
                            "frontend_ip_configuration_name": "LoadBalancerFrontEnd",
                            "frontend_port": "50002",
                            "id": "/subscriptions/57b13db8-88cf-4fe6-924b-ae10dc6fadee/resourceGroups/jws2019-rg/providers/Microsoft.Network/loadBalancers/jws2019lb/inboundNatRules/RDP-VM-2",
                            "loadbalancer_id": "/subscriptions/57b13db8-88cf-4fe6-924b-ae10dc6fadee/resourceGroups/jws2019-rg/providers/Microsoft.Network/loadBalancers/jws2019lb",
                            "name": "RDP-VM-2",
                            "protocol": "Tcp",
                            "resource_group_name": "jws2019-rg"
                        },
                        "meta": {},
                        "tainted": false
                    },
                    "deposed": [],
                    "provider": "provider.azurerm"
                },
                "azurerm_lb_nat_rule.tcp.3": {
                    "type": "azurerm_lb_nat_rule",
                    "depends_on": [
                        "azurerm_lb.lb",
                        "azurerm_resource_group.rg"
                    ],
                    "primary": {
                        "id": "/subscriptions/57b13db8-88cf-4fe6-924b-ae10dc6fadee/resourceGroups/jws2019-rg/providers/Microsoft.Network/loadBalancers/jws2019lb/inboundNatRules/RDP-VM-3",
                        "attributes": {
                            "backend_ip_configuration_id": "/subscriptions/57b13db8-88cf-4fe6-924b-ae10dc6fadee/resourceGroups/jws2019-rg/providers/Microsoft.Network/networkInterfaces/windows-workstation-nic3/ipConfigurations/ipconfig3",
                            "backend_port": "3389",
                            "enable_floating_ip": "false",
                            "frontend_ip_configuration_id": "/subscriptions/57b13db8-88cf-4fe6-924b-ae10dc6fadee/resourceGroups/jws2019-rg/providers/Microsoft.Network/loadBalancers/jws2019lb/frontendIPConfigurations/LoadBalancerFrontEnd",
                            "frontend_ip_configuration_name": "LoadBalancerFrontEnd",
                            "frontend_port": "50003",
                            "id": "/subscriptions/57b13db8-88cf-4fe6-924b-ae10dc6fadee/resourceGroups/jws2019-rg/providers/Microsoft.Network/loadBalancers/jws2019lb/inboundNatRules/RDP-VM-3",
                            "loadbalancer_id": "/subscriptions/57b13db8-88cf-4fe6-924b-ae10dc6fadee/resourceGroups/jws2019-rg/providers/Microsoft.Network/loadBalancers/jws2019lb",
                            "name": "RDP-VM-3",
                            "protocol": "Tcp",
                            "resource_group_name": "jws2019-rg"
                        },
                        "meta": {},
                        "tainted": false
                    },
                    "deposed": [],
                    "provider": "provider.azurerm"
                },
                "azurerm_lb_nat_rule.tcp.4": {
                    "type": "azurerm_lb_nat_rule",
                    "depends_on": [
                        "azurerm_lb.lb",
                        "azurerm_resource_group.rg"
                    ],
                    "primary": {
                        "id": "/subscriptions/57b13db8-88cf-4fe6-924b-ae10dc6fadee/resourceGroups/jws2019-rg/providers/Microsoft.Network/loadBalancers/jws2019lb/inboundNatRules/RDP-VM-4",
                        "attributes": {
                            "backend_ip_configuration_id": "/subscriptions/57b13db8-88cf-4fe6-924b-ae10dc6fadee/resourceGroups/jws2019-rg/providers/Microsoft.Network/networkInterfaces/windows-workstation-nic4/ipConfigurations/ipconfig4",
                            "backend_port": "3389",
                            "enable_floating_ip": "false",
                            "frontend_ip_configuration_id": "/subscriptions/57b13db8-88cf-4fe6-924b-ae10dc6fadee/resourceGroups/jws2019-rg/providers/Microsoft.Network/loadBalancers/jws2019lb/frontendIPConfigurations/LoadBalancerFrontEnd",
                            "frontend_ip_configuration_name": "LoadBalancerFrontEnd",
                            "frontend_port": "50004",
                            "id": "/subscriptions/57b13db8-88cf-4fe6-924b-ae10dc6fadee/resourceGroups/jws2019-rg/providers/Microsoft.Network/loadBalancers/jws2019lb/inboundNatRules/RDP-VM-4",
                            "loadbalancer_id": "/subscriptions/57b13db8-88cf-4fe6-924b-ae10dc6fadee/resourceGroups/jws2019-rg/providers/Microsoft.Network/loadBalancers/jws2019lb",
                            "name": "RDP-VM-4",
                            "protocol": "Tcp",
                            "resource_group_name": "jws2019-rg"
                        },
                        "meta": {},
                        "tainted": false
                    },
                    "deposed": [],
                    "provider": "provider.azurerm"
                },
                "azurerm_lb_nat_rule.tcp.5": {
                    "type": "azurerm_lb_nat_rule",
                    "depends_on": [
                        "azurerm_lb.lb",
                        "azurerm_resource_group.rg"
                    ],
                    "primary": {
                        "id": "/subscriptions/57b13db8-88cf-4fe6-924b-ae10dc6fadee/resourceGroups/jws2019-rg/providers/Microsoft.Network/loadBalancers/jws2019lb/inboundNatRules/RDP-VM-5",
                        "attributes": {
                            "backend_ip_configuration_id": "/subscriptions/57b13db8-88cf-4fe6-924b-ae10dc6fadee/resourceGroups/jws2019-rg/providers/Microsoft.Network/networkInterfaces/windows-workstation-nic5/ipConfigurations/ipconfig5",
                            "backend_port": "3389",
                            "enable_floating_ip": "false",
                            "frontend_ip_configuration_id": "/subscriptions/57b13db8-88cf-4fe6-924b-ae10dc6fadee/resourceGroups/jws2019-rg/providers/Microsoft.Network/loadBalancers/jws2019lb/frontendIPConfigurations/LoadBalancerFrontEnd",
                            "frontend_ip_configuration_name": "LoadBalancerFrontEnd",
                            "frontend_port": "50005",
                            "id": "/subscriptions/57b13db8-88cf-4fe6-924b-ae10dc6fadee/resourceGroups/jws2019-rg/providers/Microsoft.Network/loadBalancers/jws2019lb/inboundNatRules/RDP-VM-5",
                            "loadbalancer_id": "/subscriptions/57b13db8-88cf-4fe6-924b-ae10dc6fadee/resourceGroups/jws2019-rg/providers/Microsoft.Network/loadBalancers/jws2019lb",
                            "name": "RDP-VM-5",
                            "protocol": "Tcp",
                            "resource_group_name": "jws2019-rg"
                        },
                        "meta": {},
                        "tainted": false
                    },
                    "deposed": [],
                    "provider": "provider.azurerm"
                },
                "azurerm_lb_nat_rule.tcp.6": {
                    "type": "azurerm_lb_nat_rule",
                    "depends_on": [
                        "azurerm_lb.lb",
                        "azurerm_resource_group.rg"
                    ],
                    "primary": {
                        "id": "/subscriptions/57b13db8-88cf-4fe6-924b-ae10dc6fadee/resourceGroups/jws2019-rg/providers/Microsoft.Network/loadBalancers/jws2019lb/inboundNatRules/RDP-VM-6",
                        "attributes": {
                            "backend_ip_configuration_id": "/subscriptions/57b13db8-88cf-4fe6-924b-ae10dc6fadee/resourceGroups/jws2019-rg/providers/Microsoft.Network/networkInterfaces/windows-workstation-nic6/ipConfigurations/ipconfig6",
                            "backend_port": "3389",
                            "enable_floating_ip": "false",
                            "frontend_ip_configuration_id": "/subscriptions/57b13db8-88cf-4fe6-924b-ae10dc6fadee/resourceGroups/jws2019-rg/providers/Microsoft.Network/loadBalancers/jws2019lb/frontendIPConfigurations/LoadBalancerFrontEnd",
                            "frontend_ip_configuration_name": "LoadBalancerFrontEnd",
                            "frontend_port": "50006",
                            "id": "/subscriptions/57b13db8-88cf-4fe6-924b-ae10dc6fadee/resourceGroups/jws2019-rg/providers/Microsoft.Network/loadBalancers/jws2019lb/inboundNatRules/RDP-VM-6",
                            "loadbalancer_id": "/subscriptions/57b13db8-88cf-4fe6-924b-ae10dc6fadee/resourceGroups/jws2019-rg/providers/Microsoft.Network/loadBalancers/jws2019lb",
                            "name": "RDP-VM-6",
                            "protocol": "Tcp",
                            "resource_group_name": "jws2019-rg"
                        },
                        "meta": {},
                        "tainted": false
                    },
                    "deposed": [],
                    "provider": "provider.azurerm"
                },
                "azurerm_lb_nat_rule.tcp.7": {
                    "type": "azurerm_lb_nat_rule",
                    "depends_on": [
                        "azurerm_lb.lb",
                        "azurerm_resource_group.rg"
                    ],
                    "primary": {
                        "id": "/subscriptions/57b13db8-88cf-4fe6-924b-ae10dc6fadee/resourceGroups/jws2019-rg/providers/Microsoft.Network/loadBalancers/jws2019lb/inboundNatRules/RDP-VM-7",
                        "attributes": {
                            "backend_ip_configuration_id": "/subscriptions/57b13db8-88cf-4fe6-924b-ae10dc6fadee/resourceGroups/jws2019-rg/providers/Microsoft.Network/networkInterfaces/windows-workstation-nic7/ipConfigurations/ipconfig7",
                            "backend_port": "3389",
                            "enable_floating_ip": "false",
                            "frontend_ip_configuration_id": "/subscriptions/57b13db8-88cf-4fe6-924b-ae10dc6fadee/resourceGroups/jws2019-rg/providers/Microsoft.Network/loadBalancers/jws2019lb/frontendIPConfigurations/LoadBalancerFrontEnd",
                            "frontend_ip_configuration_name": "LoadBalancerFrontEnd",
                            "frontend_port": "50007",
                            "id": "/subscriptions/57b13db8-88cf-4fe6-924b-ae10dc6fadee/resourceGroups/jws2019-rg/providers/Microsoft.Network/loadBalancers/jws2019lb/inboundNatRules/RDP-VM-7",
                            "loadbalancer_id": "/subscriptions/57b13db8-88cf-4fe6-924b-ae10dc6fadee/resourceGroups/jws2019-rg/providers/Microsoft.Network/loadBalancers/jws2019lb",
                            "name": "RDP-VM-7",
                            "protocol": "Tcp",
                            "resource_group_name": "jws2019-rg"
                        },
                        "meta": {},
                        "tainted": false
                    },
                    "deposed": [],
                    "provider": "provider.azurerm"
                },
                "azurerm_lb_nat_rule.tcp.8": {
                    "type": "azurerm_lb_nat_rule",
                    "depends_on": [
                        "azurerm_lb.lb",
                        "azurerm_resource_group.rg"
                    ],
                    "primary": {
                        "id": "/subscriptions/57b13db8-88cf-4fe6-924b-ae10dc6fadee/resourceGroups/jws2019-rg/providers/Microsoft.Network/loadBalancers/jws2019lb/inboundNatRules/RDP-VM-8",
                        "attributes": {
                            "backend_ip_configuration_id": "/subscriptions/57b13db8-88cf-4fe6-924b-ae10dc6fadee/resourceGroups/jws2019-rg/providers/Microsoft.Network/networkInterfaces/windows-workstation-nic8/ipConfigurations/ipconfig8",
                            "backend_port": "3389",
                            "enable_floating_ip": "false",
                            "frontend_ip_configuration_id": "/subscriptions/57b13db8-88cf-4fe6-924b-ae10dc6fadee/resourceGroups/jws2019-rg/providers/Microsoft.Network/loadBalancers/jws2019lb/frontendIPConfigurations/LoadBalancerFrontEnd",
                            "frontend_ip_configuration_name": "LoadBalancerFrontEnd",
                            "frontend_port": "50008",
                            "id": "/subscriptions/57b13db8-88cf-4fe6-924b-ae10dc6fadee/resourceGroups/jws2019-rg/providers/Microsoft.Network/loadBalancers/jws2019lb/inboundNatRules/RDP-VM-8",
                            "loadbalancer_id": "/subscriptions/57b13db8-88cf-4fe6-924b-ae10dc6fadee/resourceGroups/jws2019-rg/providers/Microsoft.Network/loadBalancers/jws2019lb",
                            "name": "RDP-VM-8",
                            "protocol": "Tcp",
                            "resource_group_name": "jws2019-rg"
                        },
                        "meta": {},
                        "tainted": false
                    },
                    "deposed": [],
                    "provider": "provider.azurerm"
                },
                "azurerm_lb_nat_rule.tcp.9": {
                    "type": "azurerm_lb_nat_rule",
                    "depends_on": [
                        "azurerm_lb.lb",
                        "azurerm_resource_group.rg"
                    ],
                    "primary": {
                        "id": "/subscriptions/57b13db8-88cf-4fe6-924b-ae10dc6fadee/resourceGroups/jws2019-rg/providers/Microsoft.Network/loadBalancers/jws2019lb/inboundNatRules/RDP-VM-9",
                        "attributes": {
                            "backend_ip_configuration_id": "/subscriptions/57b13db8-88cf-4fe6-924b-ae10dc6fadee/resourceGroups/jws2019-rg/providers/Microsoft.Network/networkInterfaces/windows-workstation-nic9/ipConfigurations/ipconfig9",
                            "backend_port": "3389",
                            "enable_floating_ip": "false",
                            "frontend_ip_configuration_id": "/subscriptions/57b13db8-88cf-4fe6-924b-ae10dc6fadee/resourceGroups/jws2019-rg/providers/Microsoft.Network/loadBalancers/jws2019lb/frontendIPConfigurations/LoadBalancerFrontEnd",
                            "frontend_ip_configuration_name": "LoadBalancerFrontEnd",
                            "frontend_port": "50009",
                            "id": "/subscriptions/57b13db8-88cf-4fe6-924b-ae10dc6fadee/resourceGroups/jws2019-rg/providers/Microsoft.Network/loadBalancers/jws2019lb/inboundNatRules/RDP-VM-9",
                            "loadbalancer_id": "/subscriptions/57b13db8-88cf-4fe6-924b-ae10dc6fadee/resourceGroups/jws2019-rg/providers/Microsoft.Network/loadBalancers/jws2019lb",
                            "name": "RDP-VM-9",
                            "protocol": "Tcp",
                            "resource_group_name": "jws2019-rg"
                        },
                        "meta": {},
                        "tainted": false
                    },
                    "deposed": [],
                    "provider": "provider.azurerm"
                },
                "azurerm_lb_nat_rule.tutor.0": {
                    "type": "azurerm_lb_nat_rule",
                    "depends_on": [
                        "azurerm_lb.lb",
                        "azurerm_resource_group.rg"
                    ],
                    "primary": {
                        "id": "/subscriptions/57b13db8-88cf-4fe6-924b-ae10dc6fadee/resourceGroups/jws2019-rg/providers/Microsoft.Network/loadBalancers/jws2019lb/inboundNatRules/TUTOR-VM-0",
                        "attributes": {
                            "backend_ip_configuration_id": "/subscriptions/57b13db8-88cf-4fe6-924b-ae10dc6fadee/resourceGroups/jws2019-rg/providers/Microsoft.Network/networkInterfaces/windows-tutor-nic0/ipConfigurations/ipconfig0",
                            "backend_port": "3389",
                            "enable_floating_ip": "false",
                            "frontend_ip_configuration_id": "/subscriptions/57b13db8-88cf-4fe6-924b-ae10dc6fadee/resourceGroups/jws2019-rg/providers/Microsoft.Network/loadBalancers/jws2019lb/frontendIPConfigurations/LoadBalancerFrontEnd",
                            "frontend_ip_configuration_name": "LoadBalancerFrontEnd",
                            "frontend_port": "50100",
                            "id": "/subscriptions/57b13db8-88cf-4fe6-924b-ae10dc6fadee/resourceGroups/jws2019-rg/providers/Microsoft.Network/loadBalancers/jws2019lb/inboundNatRules/TUTOR-VM-0",
                            "loadbalancer_id": "/subscriptions/57b13db8-88cf-4fe6-924b-ae10dc6fadee/resourceGroups/jws2019-rg/providers/Microsoft.Network/loadBalancers/jws2019lb",
                            "name": "TUTOR-VM-0",
                            "protocol": "Tcp",
                            "resource_group_name": "jws2019-rg"
                        },
                        "meta": {},
                        "tainted": false
                    },
                    "deposed": [],
                    "provider": "provider.azurerm"
                },
                "azurerm_lb_nat_rule.tutor.1": {
                    "type": "azurerm_lb_nat_rule",
                    "depends_on": [
                        "azurerm_lb.lb",
                        "azurerm_resource_group.rg"
                    ],
                    "primary": {
                        "id": "/subscriptions/57b13db8-88cf-4fe6-924b-ae10dc6fadee/resourceGroups/jws2019-rg/providers/Microsoft.Network/loadBalancers/jws2019lb/inboundNatRules/TUTOR-VM-1",
                        "attributes": {
                            "backend_ip_configuration_id": "/subscriptions/57b13db8-88cf-4fe6-924b-ae10dc6fadee/resourceGroups/jws2019-rg/providers/Microsoft.Network/networkInterfaces/windows-tutor-nic1/ipConfigurations/ipconfig1",
                            "backend_port": "3389",
                            "enable_floating_ip": "false",
                            "frontend_ip_configuration_id": "/subscriptions/57b13db8-88cf-4fe6-924b-ae10dc6fadee/resourceGroups/jws2019-rg/providers/Microsoft.Network/loadBalancers/jws2019lb/frontendIPConfigurations/LoadBalancerFrontEnd",
                            "frontend_ip_configuration_name": "LoadBalancerFrontEnd",
                            "frontend_port": "50101",
                            "id": "/subscriptions/57b13db8-88cf-4fe6-924b-ae10dc6fadee/resourceGroups/jws2019-rg/providers/Microsoft.Network/loadBalancers/jws2019lb/inboundNatRules/TUTOR-VM-1",
                            "loadbalancer_id": "/subscriptions/57b13db8-88cf-4fe6-924b-ae10dc6fadee/resourceGroups/jws2019-rg/providers/Microsoft.Network/loadBalancers/jws2019lb",
                            "name": "TUTOR-VM-1",
                            "protocol": "Tcp",
                            "resource_group_name": "jws2019-rg"
                        },
                        "meta": {},
                        "tainted": false
                    },
                    "deposed": [],
                    "provider": "provider.azurerm"
                },
                "azurerm_network_interface.jenkins-nic": {
                    "type": "azurerm_network_interface",
                    "depends_on": [
                        "azurerm_resource_group.rg",
                        "azurerm_subnet.subnet"
                    ],
                    "primary": {
                        "id": "/subscriptions/57b13db8-88cf-4fe6-924b-ae10dc6fadee/resourceGroups/jws2019-rg/providers/Microsoft.Network/networkInterfaces/jenkins-nic0",
                        "attributes": {
                            "applied_dns_servers.#": "0",
                            "dns_servers.#": "0",
                            "enable_accelerated_networking": "false",
                            "enable_ip_forwarding": "false",
                            "id": "/subscriptions/57b13db8-88cf-4fe6-924b-ae10dc6fadee/resourceGroups/jws2019-rg/providers/Microsoft.Network/networkInterfaces/jenkins-nic0",
                            "internal_dns_name_label": "",
                            "internal_fqdn": "",
                            "ip_configuration.#": "1",
                            "ip_configuration.0.application_gateway_backend_address_pools_ids.#": "0",
                            "ip_configuration.0.application_security_group_ids.#": "0",
                            "ip_configuration.0.load_balancer_backend_address_pools_ids.#": "0",
                            "ip_configuration.0.load_balancer_inbound_nat_rules_ids.#": "0",
                            "ip_configuration.0.name": "ipconfig0",
                            "ip_configuration.0.primary": "true",
                            "ip_configuration.0.private_ip_address": "",
                            "ip_configuration.0.private_ip_address_allocation": "dynamic",
                            "ip_configuration.0.private_ip_address_version": "IPv4",
                            "ip_configuration.0.public_ip_address_id": "",
                            "ip_configuration.0.subnet_id": "/subscriptions/57b13db8-88cf-4fe6-924b-ae10dc6fadee/resourceGroups/jws2019-rg/providers/Microsoft.Network/virtualNetworks/jws2019-vnet/subnets/jws2019subnet",
                            "location": "westeurope",
                            "mac_address": "00-0D-3A-23-2D-6C",
                            "name": "jenkins-nic0",
                            "network_security_group_id": "",
                            "private_ip_address": "10.0.10.7",
                            "private_ip_addresses.#": "1",
                            "private_ip_addresses.0": "10.0.10.7",
                            "resource_group_name": "jws2019-rg",
                            "tags.%": "0",
                            "virtual_machine_id": "/subscriptions/57b13db8-88cf-4fe6-924b-ae10dc6fadee/resourceGroups/jws2019-rg/providers/Microsoft.Compute/virtualMachines/jenkins-0"
                        },
                        "meta": {},
                        "tainted": false
                    },
                    "deposed": [],
                    "provider": "provider.azurerm"
                },
                "azurerm_network_interface.windows-tutor-nic.0": {
                    "type": "azurerm_network_interface",
                    "depends_on": [
                        "azurerm_resource_group.rg",
                        "azurerm_subnet.subnet"
                    ],
                    "primary": {
                        "id": "/subscriptions/57b13db8-88cf-4fe6-924b-ae10dc6fadee/resourceGroups/jws2019-rg/providers/Microsoft.Network/networkInterfaces/windows-tutor-nic0",
                        "attributes": {
                            "applied_dns_servers.#": "0",
                            "dns_servers.#": "0",
                            "enable_accelerated_networking": "false",
                            "enable_ip_forwarding": "false",
                            "id": "/subscriptions/57b13db8-88cf-4fe6-924b-ae10dc6fadee/resourceGroups/jws2019-rg/providers/Microsoft.Network/networkInterfaces/windows-tutor-nic0",
                            "internal_dns_name_label": "",
                            "internal_fqdn": "",
                            "ip_configuration.#": "1",
                            "ip_configuration.0.application_gateway_backend_address_pools_ids.#": "0",
                            "ip_configuration.0.application_security_group_ids.#": "0",
                            "ip_configuration.0.load_balancer_backend_address_pools_ids.#": "0",
                            "ip_configuration.0.load_balancer_inbound_nat_rules_ids.#": "1",
                            "ip_configuration.0.load_balancer_inbound_nat_rules_ids.958132795": "/subscriptions/57b13db8-88cf-4fe6-924b-ae10dc6fadee/resourceGroups/jws2019-rg/providers/Microsoft.Network/loadBalancers/jws2019lb/inboundNatRules/TUTOR-VM-0",
                            "ip_configuration.0.name": "ipconfig0",
                            "ip_configuration.0.primary": "true",
                            "ip_configuration.0.private_ip_address": "",
                            "ip_configuration.0.private_ip_address_allocation": "dynamic",
                            "ip_configuration.0.private_ip_address_version": "IPv4",
                            "ip_configuration.0.public_ip_address_id": "",
                            "ip_configuration.0.subnet_id": "/subscriptions/57b13db8-88cf-4fe6-924b-ae10dc6fadee/resourceGroups/jws2019-rg/providers/Microsoft.Network/virtualNetworks/jws2019-vnet/subnets/jws2019subnet",
                            "location": "westeurope",
                            "mac_address": "00-0D-3A-47-E8-EC",
                            "name": "windows-tutor-nic0",
                            "network_security_group_id": "",
                            "private_ip_address": "10.0.10.6",
                            "private_ip_addresses.#": "1",
                            "private_ip_addresses.0": "10.0.10.6",
                            "resource_group_name": "jws2019-rg",
                            "tags.%": "0",
                            "virtual_machine_id": "/subscriptions/57b13db8-88cf-4fe6-924b-ae10dc6fadee/resourceGroups/jws2019-rg/providers/Microsoft.Compute/virtualMachines/tutor-0"
                        },
                        "meta": {},
                        "tainted": false
                    },
                    "deposed": [],
                    "provider": "provider.azurerm"
                },
                "azurerm_network_interface.windows-tutor-nic.1": {
                    "type": "azurerm_network_interface",
                    "depends_on": [
                        "azurerm_resource_group.rg",
                        "azurerm_subnet.subnet"
                    ],
                    "primary": {
                        "id": "/subscriptions/57b13db8-88cf-4fe6-924b-ae10dc6fadee/resourceGroups/jws2019-rg/providers/Microsoft.Network/networkInterfaces/windows-tutor-nic1",
                        "attributes": {
                            "applied_dns_servers.#": "0",
                            "dns_servers.#": "0",
                            "enable_accelerated_networking": "false",
                            "enable_ip_forwarding": "false",
                            "id": "/subscriptions/57b13db8-88cf-4fe6-924b-ae10dc6fadee/resourceGroups/jws2019-rg/providers/Microsoft.Network/networkInterfaces/windows-tutor-nic1",
                            "internal_dns_name_label": "",
                            "internal_fqdn": "",
                            "ip_configuration.#": "1",
                            "ip_configuration.0.application_gateway_backend_address_pools_ids.#": "0",
                            "ip_configuration.0.application_security_group_ids.#": "0",
                            "ip_configuration.0.load_balancer_backend_address_pools_ids.#": "0",
                            "ip_configuration.0.load_balancer_inbound_nat_rules_ids.#": "1",
                            "ip_configuration.0.load_balancer_inbound_nat_rules_ids.1310507693": "/subscriptions/57b13db8-88cf-4fe6-924b-ae10dc6fadee/resourceGroups/jws2019-rg/providers/Microsoft.Network/loadBalancers/jws2019lb/inboundNatRules/TUTOR-VM-1",
                            "ip_configuration.0.name": "ipconfig1",
                            "ip_configuration.0.primary": "true",
                            "ip_configuration.0.private_ip_address": "",
                            "ip_configuration.0.private_ip_address_allocation": "dynamic",
                            "ip_configuration.0.private_ip_address_version": "IPv4",
                            "ip_configuration.0.public_ip_address_id": "",
                            "ip_configuration.0.subnet_id": "/subscriptions/57b13db8-88cf-4fe6-924b-ae10dc6fadee/resourceGroups/jws2019-rg/providers/Microsoft.Network/virtualNetworks/jws2019-vnet/subnets/jws2019subnet",
                            "location": "westeurope",
                            "mac_address": "00-0D-3A-47-E8-7C",
                            "name": "windows-tutor-nic1",
                            "network_security_group_id": "",
                            "private_ip_address": "10.0.10.5",
                            "private_ip_addresses.#": "1",
                            "private_ip_addresses.0": "10.0.10.5",
                            "resource_group_name": "jws2019-rg",
                            "tags.%": "0",
                            "virtual_machine_id": "/subscriptions/57b13db8-88cf-4fe6-924b-ae10dc6fadee/resourceGroups/jws2019-rg/providers/Microsoft.Compute/virtualMachines/tutor-1"
                        },
                        "meta": {},
                        "tainted": false
                    },
                    "deposed": [],
                    "provider": "provider.azurerm"
                },
                "azurerm_network_interface.windows-workstation-nic.0": {
                    "type": "azurerm_network_interface",
                    "depends_on": [
                        "azurerm_resource_group.rg",
                        "azurerm_subnet.subnet"
                    ],
                    "primary": {
                        "id": "/subscriptions/57b13db8-88cf-4fe6-924b-ae10dc6fadee/resourceGroups/jws2019-rg/providers/Microsoft.Network/networkInterfaces/windows-workstation-nic0",
                        "attributes": {
                            "applied_dns_servers.#": "0",
                            "dns_servers.#": "0",
                            "enable_accelerated_networking": "false",
                            "enable_ip_forwarding": "false",
                            "id": "/subscriptions/57b13db8-88cf-4fe6-924b-ae10dc6fadee/resourceGroups/jws2019-rg/providers/Microsoft.Network/networkInterfaces/windows-workstation-nic0",
                            "internal_dns_name_label": "",
                            "internal_fqdn": "",
                            "ip_configuration.#": "1",
                            "ip_configuration.0.application_gateway_backend_address_pools_ids.#": "0",
                            "ip_configuration.0.application_security_group_ids.#": "0",
                            "ip_configuration.0.load_balancer_backend_address_pools_ids.#": "0",
                            "ip_configuration.0.load_balancer_inbound_nat_rules_ids.#": "1",
                            "ip_configuration.0.load_balancer_inbound_nat_rules_ids.3375550360": "/subscriptions/57b13db8-88cf-4fe6-924b-ae10dc6fadee/resourceGroups/jws2019-rg/providers/Microsoft.Network/loadBalancers/jws2019lb/inboundNatRules/RDP-VM-0",
                            "ip_configuration.0.name": "ipconfig0",
                            "ip_configuration.0.primary": "true",
                            "ip_configuration.0.private_ip_address": "",
                            "ip_configuration.0.private_ip_address_allocation": "dynamic",
                            "ip_configuration.0.private_ip_address_version": "IPv4",
                            "ip_configuration.0.public_ip_address_id": "",
                            "ip_configuration.0.subnet_id": "/subscriptions/57b13db8-88cf-4fe6-924b-ae10dc6fadee/resourceGroups/jws2019-rg/providers/Microsoft.Network/virtualNetworks/jws2019-vnet/subnets/jws2019subnet",
                            "location": "westeurope",
                            "mac_address": "00-0D-3A-21-4C-FB",
                            "name": "windows-workstation-nic0",
                            "network_security_group_id": "",
                            "private_ip_address": "10.0.10.4",
                            "private_ip_addresses.#": "1",
                            "private_ip_addresses.0": "10.0.10.4",
                            "resource_group_name": "jws2019-rg",
                            "tags.%": "0",
                            "virtual_machine_id": "/subscriptions/57b13db8-88cf-4fe6-924b-ae10dc6fadee/resourceGroups/jws2019-rg/providers/Microsoft.Compute/virtualMachines/ws-0"
                        },
                        "meta": {},
                        "tainted": false
                    },
                    "deposed": [],
                    "provider": "provider.azurerm"
                },
                "azurerm_network_interface.windows-workstation-nic.1": {
                    "type": "azurerm_network_interface",
                    "depends_on": [
                        "azurerm_resource_group.rg",
                        "azurerm_subnet.subnet"
                    ],
                    "primary": {
                        "id": "/subscriptions/57b13db8-88cf-4fe6-924b-ae10dc6fadee/resourceGroups/jws2019-rg/providers/Microsoft.Network/networkInterfaces/windows-workstation-nic1",
                        "attributes": {
                            "applied_dns_servers.#": "0",
                            "dns_servers.#": "0",
                            "enable_accelerated_networking": "false",
                            "enable_ip_forwarding": "false",
                            "id": "/subscriptions/57b13db8-88cf-4fe6-924b-ae10dc6fadee/resourceGroups/jws2019-rg/providers/Microsoft.Network/networkInterfaces/windows-workstation-nic1",
                            "internal_dns_name_label": "",
                            "internal_fqdn": "",
                            "ip_configuration.#": "1",
                            "ip_configuration.0.application_gateway_backend_address_pools_ids.#": "0",
                            "ip_configuration.0.application_security_group_ids.#": "0",
                            "ip_configuration.0.load_balancer_backend_address_pools_ids.#": "0",
                            "ip_configuration.0.load_balancer_inbound_nat_rules_ids.#": "1",
                            "ip_configuration.0.load_balancer_inbound_nat_rules_ids.3191209742": "/subscriptions/57b13db8-88cf-4fe6-924b-ae10dc6fadee/resourceGroups/jws2019-rg/providers/Microsoft.Network/loadBalancers/jws2019lb/inboundNatRules/RDP-VM-1",
                            "ip_configuration.0.name": "ipconfig1",
                            "ip_configuration.0.primary": "true",
                            "ip_configuration.0.private_ip_address": "",
                            "ip_configuration.0.private_ip_address_allocation": "dynamic",
                            "ip_configuration.0.private_ip_address_version": "IPv4",
                            "ip_configuration.0.public_ip_address_id": "",
                            "ip_configuration.0.subnet_id": "/subscriptions/57b13db8-88cf-4fe6-924b-ae10dc6fadee/resourceGroups/jws2019-rg/providers/Microsoft.Network/virtualNetworks/jws2019-vnet/subnets/jws2019subnet",
                            "location": "westeurope",
                            "mac_address": "00-0D-3A-21-14-8C",
                            "name": "windows-workstation-nic1",
                            "network_security_group_id": "",
                            "private_ip_address": "10.0.10.20",
                            "private_ip_addresses.#": "1",
                            "private_ip_addresses.0": "10.0.10.20",
                            "resource_group_name": "jws2019-rg",
                            "tags.%": "0",
                            "virtual_machine_id": "/subscriptions/57b13db8-88cf-4fe6-924b-ae10dc6fadee/resourceGroups/jws2019-rg/providers/Microsoft.Compute/virtualMachines/ws-1"
                        },
                        "meta": {},
                        "tainted": false
                    },
                    "deposed": [],
                    "provider": "provider.azurerm"
                },
                "azurerm_network_interface.windows-workstation-nic.10": {
                    "type": "azurerm_network_interface",
                    "depends_on": [
                        "azurerm_resource_group.rg",
                        "azurerm_subnet.subnet"
                    ],
                    "primary": {
                        "id": "/subscriptions/57b13db8-88cf-4fe6-924b-ae10dc6fadee/resourceGroups/jws2019-rg/providers/Microsoft.Network/networkInterfaces/windows-workstation-nic10",
                        "attributes": {
                            "applied_dns_servers.#": "0",
                            "dns_servers.#": "0",
                            "enable_accelerated_networking": "false",
                            "enable_ip_forwarding": "false",
                            "id": "/subscriptions/57b13db8-88cf-4fe6-924b-ae10dc6fadee/resourceGroups/jws2019-rg/providers/Microsoft.Network/networkInterfaces/windows-workstation-nic10",
                            "internal_dns_name_label": "",
                            "internal_fqdn": "",
                            "ip_configuration.#": "1",
                            "ip_configuration.0.application_gateway_backend_address_pools_ids.#": "0",
                            "ip_configuration.0.application_security_group_ids.#": "0",
                            "ip_configuration.0.load_balancer_backend_address_pools_ids.#": "0",
                            "ip_configuration.0.load_balancer_inbound_nat_rules_ids.#": "1",
                            "ip_configuration.0.load_balancer_inbound_nat_rules_ids.333301721": "/subscriptions/57b13db8-88cf-4fe6-924b-ae10dc6fadee/resourceGroups/jws2019-rg/providers/Microsoft.Network/loadBalancers/jws2019lb/inboundNatRules/RDP-VM-10",
                            "ip_configuration.0.name": "ipconfig10",
                            "ip_configuration.0.primary": "true",
                            "ip_configuration.0.private_ip_address": "",
                            "ip_configuration.0.private_ip_address_allocation": "dynamic",
                            "ip_configuration.0.private_ip_address_version": "IPv4",
                            "ip_configuration.0.public_ip_address_id": "",
                            "ip_configuration.0.subnet_id": "/subscriptions/57b13db8-88cf-4fe6-924b-ae10dc6fadee/resourceGroups/jws2019-rg/providers/Microsoft.Network/virtualNetworks/jws2019-vnet/subnets/jws2019subnet",
                            "location": "westeurope",
                            "mac_address": "00-0D-3A-2B-88-F1",
                            "name": "windows-workstation-nic10",
                            "network_security_group_id": "",
                            "private_ip_address": "10.0.10.22",
                            "private_ip_addresses.#": "1",
                            "private_ip_addresses.0": "10.0.10.22",
                            "resource_group_name": "jws2019-rg",
                            "tags.%": "0",
                            "virtual_machine_id": "/subscriptions/57b13db8-88cf-4fe6-924b-ae10dc6fadee/resourceGroups/jws2019-rg/providers/Microsoft.Compute/virtualMachines/ws-10"
                        },
                        "meta": {},
                        "tainted": false
                    },
                    "deposed": [],
                    "provider": "provider.azurerm"
                },
                "azurerm_network_interface.windows-workstation-nic.11": {
                    "type": "azurerm_network_interface",
                    "depends_on": [
                        "azurerm_resource_group.rg",
                        "azurerm_subnet.subnet"
                    ],
                    "primary": {
                        "id": "/subscriptions/57b13db8-88cf-4fe6-924b-ae10dc6fadee/resourceGroups/jws2019-rg/providers/Microsoft.Network/networkInterfaces/windows-workstation-nic11",
                        "attributes": {
                            "applied_dns_servers.#": "0",
                            "dns_servers.#": "0",
                            "enable_accelerated_networking": "false",
                            "enable_ip_forwarding": "false",
                            "id": "/subscriptions/57b13db8-88cf-4fe6-924b-ae10dc6fadee/resourceGroups/jws2019-rg/providers/Microsoft.Network/networkInterfaces/windows-workstation-nic11",
                            "internal_dns_name_label": "",
                            "internal_fqdn": "",
                            "ip_configuration.#": "1",
                            "ip_configuration.0.application_gateway_backend_address_pools_ids.#": "0",
                            "ip_configuration.0.application_security_group_ids.#": "0",
                            "ip_configuration.0.load_balancer_backend_address_pools_ids.#": "0",
                            "ip_configuration.0.load_balancer_inbound_nat_rules_ids.#": "1",
                            "ip_configuration.0.load_balancer_inbound_nat_rules_ids.1692071759": "/subscriptions/57b13db8-88cf-4fe6-924b-ae10dc6fadee/resourceGroups/jws2019-rg/providers/Microsoft.Network/loadBalancers/jws2019lb/inboundNatRules/RDP-VM-11",
                            "ip_configuration.0.name": "ipconfig11",
                            "ip_configuration.0.primary": "true",
                            "ip_configuration.0.private_ip_address": "",
                            "ip_configuration.0.private_ip_address_allocation": "dynamic",
                            "ip_configuration.0.private_ip_address_version": "IPv4",
                            "ip_configuration.0.public_ip_address_id": "",
                            "ip_configuration.0.subnet_id": "/subscriptions/57b13db8-88cf-4fe6-924b-ae10dc6fadee/resourceGroups/jws2019-rg/providers/Microsoft.Network/virtualNetworks/jws2019-vnet/subnets/jws2019subnet",
                            "location": "westeurope",
                            "mac_address": "00-0D-3A-24-5C-A6",
                            "name": "windows-workstation-nic11",
                            "network_security_group_id": "",
                            "private_ip_address": "10.0.10.13",
                            "private_ip_addresses.#": "1",
                            "private_ip_addresses.0": "10.0.10.13",
                            "resource_group_name": "jws2019-rg",
                            "tags.%": "0",
                            "virtual_machine_id": "/subscriptions/57b13db8-88cf-4fe6-924b-ae10dc6fadee/resourceGroups/jws2019-rg/providers/Microsoft.Compute/virtualMachines/ws-11"
                        },
                        "meta": {},
                        "tainted": false
                    },
                    "deposed": [],
                    "provider": "provider.azurerm"
                },
                "azurerm_network_interface.windows-workstation-nic.12": {
                    "type": "azurerm_network_interface",
                    "depends_on": [
                        "azurerm_resource_group.rg",
                        "azurerm_subnet.subnet"
                    ],
                    "primary": {
                        "id": "/subscriptions/57b13db8-88cf-4fe6-924b-ae10dc6fadee/resourceGroups/jws2019-rg/providers/Microsoft.Network/networkInterfaces/windows-workstation-nic12",
                        "attributes": {
                            "applied_dns_servers.#": "0",
                            "dns_servers.#": "0",
                            "enable_accelerated_networking": "false",
                            "enable_ip_forwarding": "false",
                            "id": "/subscriptions/57b13db8-88cf-4fe6-924b-ae10dc6fadee/resourceGroups/jws2019-rg/providers/Microsoft.Network/networkInterfaces/windows-workstation-nic12",
                            "internal_dns_name_label": "",
                            "internal_fqdn": "",
                            "ip_configuration.#": "1",
                            "ip_configuration.0.application_gateway_backend_address_pools_ids.#": "0",
                            "ip_configuration.0.application_security_group_ids.#": "0",
                            "ip_configuration.0.load_balancer_backend_address_pools_ids.#": "0",
                            "ip_configuration.0.load_balancer_inbound_nat_rules_ids.#": "1",
                            "ip_configuration.0.load_balancer_inbound_nat_rules_ids.4258506485": "/subscriptions/57b13db8-88cf-4fe6-924b-ae10dc6fadee/resourceGroups/jws2019-rg/providers/Microsoft.Network/loadBalancers/jws2019lb/inboundNatRules/RDP-VM-12",
                            "ip_configuration.0.name": "ipconfig12",
                            "ip_configuration.0.primary": "true",
                            "ip_configuration.0.private_ip_address": "",
                            "ip_configuration.0.private_ip_address_allocation": "dynamic",
                            "ip_configuration.0.private_ip_address_version": "IPv4",
                            "ip_configuration.0.public_ip_address_id": "",
                            "ip_configuration.0.subnet_id": "/subscriptions/57b13db8-88cf-4fe6-924b-ae10dc6fadee/resourceGroups/jws2019-rg/providers/Microsoft.Network/virtualNetworks/jws2019-vnet/subnets/jws2019subnet",
                            "location": "westeurope",
                            "mac_address": "00-0D-3A-21-07-F6",
                            "name": "windows-workstation-nic12",
                            "network_security_group_id": "",
                            "private_ip_address": "10.0.10.19",
                            "private_ip_addresses.#": "1",
                            "private_ip_addresses.0": "10.0.10.19",
                            "resource_group_name": "jws2019-rg",
                            "tags.%": "0",
                            "virtual_machine_id": "/subscriptions/57b13db8-88cf-4fe6-924b-ae10dc6fadee/resourceGroups/jws2019-rg/providers/Microsoft.Compute/virtualMachines/ws-12"
                        },
                        "meta": {},
                        "tainted": false
                    },
                    "deposed": [],
                    "provider": "provider.azurerm"
                },
                "azurerm_network_interface.windows-workstation-nic.13": {
                    "type": "azurerm_network_interface",
                    "depends_on": [
                        "azurerm_resource_group.rg",
                        "azurerm_subnet.subnet"
                    ],
                    "primary": {
                        "id": "/subscriptions/57b13db8-88cf-4fe6-924b-ae10dc6fadee/resourceGroups/jws2019-rg/providers/Microsoft.Network/networkInterfaces/windows-workstation-nic13",
                        "attributes": {
                            "applied_dns_servers.#": "0",
                            "dns_servers.#": "0",
                            "enable_accelerated_networking": "false",
                            "enable_ip_forwarding": "false",
                            "id": "/subscriptions/57b13db8-88cf-4fe6-924b-ae10dc6fadee/resourceGroups/jws2019-rg/providers/Microsoft.Network/networkInterfaces/windows-workstation-nic13",
                            "internal_dns_name_label": "",
                            "internal_fqdn": "",
                            "ip_configuration.#": "1",
                            "ip_configuration.0.application_gateway_backend_address_pools_ids.#": "0",
                            "ip_configuration.0.application_security_group_ids.#": "0",
                            "ip_configuration.0.load_balancer_backend_address_pools_ids.#": "0",
                            "ip_configuration.0.load_balancer_inbound_nat_rules_ids.#": "1",
                            "ip_configuration.0.load_balancer_inbound_nat_rules_ids.2329187939": "/subscriptions/57b13db8-88cf-4fe6-924b-ae10dc6fadee/resourceGroups/jws2019-rg/providers/Microsoft.Network/loadBalancers/jws2019lb/inboundNatRules/RDP-VM-13",
                            "ip_configuration.0.name": "ipconfig13",
                            "ip_configuration.0.primary": "true",
                            "ip_configuration.0.private_ip_address": "",
                            "ip_configuration.0.private_ip_address_allocation": "dynamic",
                            "ip_configuration.0.private_ip_address_version": "IPv4",
                            "ip_configuration.0.public_ip_address_id": "",
                            "ip_configuration.0.subnet_id": "/subscriptions/57b13db8-88cf-4fe6-924b-ae10dc6fadee/resourceGroups/jws2019-rg/providers/Microsoft.Network/virtualNetworks/jws2019-vnet/subnets/jws2019subnet",
                            "location": "westeurope",
                            "mac_address": "00-0D-3A-2B-8D-E2",
                            "name": "windows-workstation-nic13",
                            "network_security_group_id": "",
                            "private_ip_address": "10.0.10.21",
                            "private_ip_addresses.#": "1",
                            "private_ip_addresses.0": "10.0.10.21",
                            "resource_group_name": "jws2019-rg",
                            "tags.%": "0",
                            "virtual_machine_id": "/subscriptions/57b13db8-88cf-4fe6-924b-ae10dc6fadee/resourceGroups/jws2019-rg/providers/Microsoft.Compute/virtualMachines/ws-13"
                        },
                        "meta": {},
                        "tainted": false
                    },
                    "deposed": [],
                    "provider": "provider.azurerm"
                },
                "azurerm_network_interface.windows-workstation-nic.14": {
                    "type": "azurerm_network_interface",
                    "depends_on": [
                        "azurerm_resource_group.rg",
                        "azurerm_subnet.subnet"
                    ],
                    "primary": {
                        "id": "/subscriptions/57b13db8-88cf-4fe6-924b-ae10dc6fadee/resourceGroups/jws2019-rg/providers/Microsoft.Network/networkInterfaces/windows-workstation-nic14",
                        "attributes": {
                            "applied_dns_servers.#": "0",
                            "dns_servers.#": "0",
                            "enable_accelerated_networking": "false",
                            "enable_ip_forwarding": "false",
                            "id": "/subscriptions/57b13db8-88cf-4fe6-924b-ae10dc6fadee/resourceGroups/jws2019-rg/providers/Microsoft.Network/networkInterfaces/windows-workstation-nic14",
                            "internal_dns_name_label": "",
                            "internal_fqdn": "",
                            "ip_configuration.#": "1",
                            "ip_configuration.0.application_gateway_backend_address_pools_ids.#": "0",
                            "ip_configuration.0.application_security_group_ids.#": "0",
                            "ip_configuration.0.load_balancer_backend_address_pools_ids.#": "0",
                            "ip_configuration.0.load_balancer_inbound_nat_rules_ids.#": "1",
                            "ip_configuration.0.load_balancer_inbound_nat_rules_ids.347079616": "/subscriptions/57b13db8-88cf-4fe6-924b-ae10dc6fadee/resourceGroups/jws2019-rg/providers/Microsoft.Network/loadBalancers/jws2019lb/inboundNatRules/RDP-VM-14",
                            "ip_configuration.0.name": "ipconfig14",
                            "ip_configuration.0.primary": "true",
                            "ip_configuration.0.private_ip_address": "",
                            "ip_configuration.0.private_ip_address_allocation": "dynamic",
                            "ip_configuration.0.private_ip_address_version": "IPv4",
                            "ip_configuration.0.public_ip_address_id": "",
                            "ip_configuration.0.subnet_id": "/subscriptions/57b13db8-88cf-4fe6-924b-ae10dc6fadee/resourceGroups/jws2019-rg/providers/Microsoft.Network/virtualNetworks/jws2019-vnet/subnets/jws2019subnet",
                            "location": "westeurope",
                            "mac_address": "00-0D-3A-22-00-E0",
                            "name": "windows-workstation-nic14",
                            "network_security_group_id": "",
                            "private_ip_address": "10.0.10.12",
                            "private_ip_addresses.#": "1",
                            "private_ip_addresses.0": "10.0.10.12",
                            "resource_group_name": "jws2019-rg",
                            "tags.%": "0",
                            "virtual_machine_id": "/subscriptions/57b13db8-88cf-4fe6-924b-ae10dc6fadee/resourceGroups/jws2019-rg/providers/Microsoft.Compute/virtualMachines/ws-14"
                        },
                        "meta": {},
                        "tainted": false
                    },
                    "deposed": [],
                    "provider": "provider.azurerm"
                },
                "azurerm_network_interface.windows-workstation-nic.15": {
                    "type": "azurerm_network_interface",
                    "depends_on": [
                        "azurerm_resource_group.rg",
                        "azurerm_subnet.subnet"
                    ],
                    "primary": {
                        "id": "/subscriptions/57b13db8-88cf-4fe6-924b-ae10dc6fadee/resourceGroups/jws2019-rg/providers/Microsoft.Network/networkInterfaces/windows-workstation-nic15",
                        "attributes": {
                            "applied_dns_servers.#": "0",
                            "dns_servers.#": "0",
                            "enable_accelerated_networking": "false",
                            "enable_ip_forwarding": "false",
                            "id": "/subscriptions/57b13db8-88cf-4fe6-924b-ae10dc6fadee/resourceGroups/jws2019-rg/providers/Microsoft.Network/networkInterfaces/windows-workstation-nic15",
                            "internal_dns_name_label": "",
                            "internal_fqdn": "",
                            "ip_configuration.#": "1",
                            "ip_configuration.0.application_gateway_backend_address_pools_ids.#": "0",
                            "ip_configuration.0.application_security_group_ids.#": "0",
                            "ip_configuration.0.load_balancer_backend_address_pools_ids.#": "0",
                            "ip_configuration.0.load_balancer_inbound_nat_rules_ids.#": "1",
                            "ip_configuration.0.load_balancer_inbound_nat_rules_ids.1672950614": "/subscriptions/57b13db8-88cf-4fe6-924b-ae10dc6fadee/resourceGroups/jws2019-rg/providers/Microsoft.Network/loadBalancers/jws2019lb/inboundNatRules/RDP-VM-15",
                            "ip_configuration.0.name": "ipconfig15",
                            "ip_configuration.0.primary": "true",
                            "ip_configuration.0.private_ip_address": "",
                            "ip_configuration.0.private_ip_address_allocation": "dynamic",
                            "ip_configuration.0.private_ip_address_version": "IPv4",
                            "ip_configuration.0.public_ip_address_id": "",
                            "ip_configuration.0.subnet_id": "/subscriptions/57b13db8-88cf-4fe6-924b-ae10dc6fadee/resourceGroups/jws2019-rg/providers/Microsoft.Network/virtualNetworks/jws2019-vnet/subnets/jws2019subnet",
                            "location": "westeurope",
                            "mac_address": "00-0D-3A-24-44-CC",
                            "name": "windows-workstation-nic15",
                            "network_security_group_id": "",
                            "private_ip_address": "10.0.10.18",
                            "private_ip_addresses.#": "1",
                            "private_ip_addresses.0": "10.0.10.18",
                            "resource_group_name": "jws2019-rg",
                            "tags.%": "0",
                            "virtual_machine_id": "/subscriptions/57b13db8-88cf-4fe6-924b-ae10dc6fadee/resourceGroups/jws2019-rg/providers/Microsoft.Compute/virtualMachines/ws-15"
                        },
                        "meta": {},
                        "tainted": false
                    },
                    "deposed": [],
                    "provider": "provider.azurerm"
                },
                "azurerm_network_interface.windows-workstation-nic.16": {
                    "type": "azurerm_network_interface",
                    "depends_on": [
                        "azurerm_resource_group.rg",
                        "azurerm_subnet.subnet"
                    ],
                    "primary": {
                        "id": "/subscriptions/57b13db8-88cf-4fe6-924b-ae10dc6fadee/resourceGroups/jws2019-rg/providers/Microsoft.Network/networkInterfaces/windows-workstation-nic16",
                        "attributes": {
                            "applied_dns_servers.#": "0",
                            "dns_servers.#": "0",
                            "enable_accelerated_networking": "false",
                            "enable_ip_forwarding": "false",
                            "id": "/subscriptions/57b13db8-88cf-4fe6-924b-ae10dc6fadee/resourceGroups/jws2019-rg/providers/Microsoft.Network/networkInterfaces/windows-workstation-nic16",
                            "internal_dns_name_label": "",
                            "internal_fqdn": "",
                            "ip_configuration.#": "1",
                            "ip_configuration.0.application_gateway_backend_address_pools_ids.#": "0",
                            "ip_configuration.0.application_security_group_ids.#": "0",
                            "ip_configuration.0.load_balancer_backend_address_pools_ids.#": "0",
                            "ip_configuration.0.load_balancer_inbound_nat_rules_ids.#": "1",
                            "ip_configuration.0.load_balancer_inbound_nat_rules_ids.4206781164": "/subscriptions/57b13db8-88cf-4fe6-924b-ae10dc6fadee/resourceGroups/jws2019-rg/providers/Microsoft.Network/loadBalancers/jws2019lb/inboundNatRules/RDP-VM-16",
                            "ip_configuration.0.name": "ipconfig16",
                            "ip_configuration.0.primary": "true",
                            "ip_configuration.0.private_ip_address": "",
                            "ip_configuration.0.private_ip_address_allocation": "dynamic",
                            "ip_configuration.0.private_ip_address_version": "IPv4",
                            "ip_configuration.0.public_ip_address_id": "",
                            "ip_configuration.0.subnet_id": "/subscriptions/57b13db8-88cf-4fe6-924b-ae10dc6fadee/resourceGroups/jws2019-rg/providers/Microsoft.Network/virtualNetworks/jws2019-vnet/subnets/jws2019subnet",
                            "location": "westeurope",
                            "mac_address": "00-0D-3A-20-FF-C9",
                            "name": "windows-workstation-nic16",
                            "network_security_group_id": "",
                            "private_ip_address": "10.0.10.8",
                            "private_ip_addresses.#": "1",
                            "private_ip_addresses.0": "10.0.10.8",
                            "resource_group_name": "jws2019-rg",
                            "tags.%": "0",
                            "virtual_machine_id": "/subscriptions/57b13db8-88cf-4fe6-924b-ae10dc6fadee/resourceGroups/jws2019-rg/providers/Microsoft.Compute/virtualMachines/ws-16"
                        },
                        "meta": {},
                        "tainted": false
                    },
                    "deposed": [],
                    "provider": "provider.azurerm"
                },
                "azurerm_network_interface.windows-workstation-nic.17": {
                    "type": "azurerm_network_interface",
                    "depends_on": [
                        "azurerm_resource_group.rg",
                        "azurerm_subnet.subnet"
                    ],
                    "primary": {
                        "id": "/subscriptions/57b13db8-88cf-4fe6-924b-ae10dc6fadee/resourceGroups/jws2019-rg/providers/Microsoft.Network/networkInterfaces/windows-workstation-nic17",
                        "attributes": {
                            "applied_dns_servers.#": "0",
                            "dns_servers.#": "0",
                            "enable_accelerated_networking": "false",
                            "enable_ip_forwarding": "false",
                            "id": "/subscriptions/57b13db8-88cf-4fe6-924b-ae10dc6fadee/resourceGroups/jws2019-rg/providers/Microsoft.Network/networkInterfaces/windows-workstation-nic17",
                            "internal_dns_name_label": "",
                            "internal_fqdn": "",
                            "ip_configuration.#": "1",
                            "ip_configuration.0.application_gateway_backend_address_pools_ids.#": "0",
                            "ip_configuration.0.application_security_group_ids.#": "0",
                            "ip_configuration.0.load_balancer_backend_address_pools_ids.#": "0",
                            "ip_configuration.0.load_balancer_inbound_nat_rules_ids.#": "1",
                            "ip_configuration.0.load_balancer_inbound_nat_rules_ids.2377732730": "/subscriptions/57b13db8-88cf-4fe6-924b-ae10dc6fadee/resourceGroups/jws2019-rg/providers/Microsoft.Network/loadBalancers/jws2019lb/inboundNatRules/RDP-VM-17",
                            "ip_configuration.0.name": "ipconfig17",
                            "ip_configuration.0.primary": "true",
                            "ip_configuration.0.private_ip_address": "",
                            "ip_configuration.0.private_ip_address_allocation": "dynamic",
                            "ip_configuration.0.private_ip_address_version": "IPv4",
                            "ip_configuration.0.public_ip_address_id": "",
                            "ip_configuration.0.subnet_id": "/subscriptions/57b13db8-88cf-4fe6-924b-ae10dc6fadee/resourceGroups/jws2019-rg/providers/Microsoft.Network/virtualNetworks/jws2019-vnet/subnets/jws2019subnet",
                            "location": "westeurope",
                            "mac_address": "00-0D-3A-2B-84-8A",
                            "name": "windows-workstation-nic17",
                            "network_security_group_id": "",
                            "private_ip_address": "10.0.10.9",
                            "private_ip_addresses.#": "1",
                            "private_ip_addresses.0": "10.0.10.9",
                            "resource_group_name": "jws2019-rg",
                            "tags.%": "0",
                            "virtual_machine_id": "/subscriptions/57b13db8-88cf-4fe6-924b-ae10dc6fadee/resourceGroups/jws2019-rg/providers/Microsoft.Compute/virtualMachines/ws-17"
                        },
                        "meta": {},
                        "tainted": false
                    },
                    "deposed": [],
                    "provider": "provider.azurerm"
                },
                "azurerm_network_interface.windows-workstation-nic.2": {
                    "type": "azurerm_network_interface",
                    "depends_on": [
                        "azurerm_resource_group.rg",
                        "azurerm_subnet.subnet"
                    ],
                    "primary": {
                        "id": "/subscriptions/57b13db8-88cf-4fe6-924b-ae10dc6fadee/resourceGroups/jws2019-rg/providers/Microsoft.Network/networkInterfaces/windows-workstation-nic2",
                        "attributes": {
                            "applied_dns_servers.#": "0",
                            "dns_servers.#": "0",
                            "enable_accelerated_networking": "false",
                            "enable_ip_forwarding": "false",
                            "id": "/subscriptions/57b13db8-88cf-4fe6-924b-ae10dc6fadee/resourceGroups/jws2019-rg/providers/Microsoft.Network/networkInterfaces/windows-workstation-nic2",
                            "internal_dns_name_label": "",
                            "internal_fqdn": "",
                            "ip_configuration.#": "1",
                            "ip_configuration.0.application_gateway_backend_address_pools_ids.#": "0",
                            "ip_configuration.0.application_security_group_ids.#": "0",
                            "ip_configuration.0.load_balancer_backend_address_pools_ids.#": "0",
                            "ip_configuration.0.load_balancer_inbound_nat_rules_ids.#": "1",
                            "ip_configuration.0.load_balancer_inbound_nat_rules_ids.658288308": "/subscriptions/57b13db8-88cf-4fe6-924b-ae10dc6fadee/resourceGroups/jws2019-rg/providers/Microsoft.Network/loadBalancers/jws2019lb/inboundNatRules/RDP-VM-2",
                            "ip_configuration.0.name": "ipconfig2",
                            "ip_configuration.0.primary": "true",
                            "ip_configuration.0.private_ip_address": "",
                            "ip_configuration.0.private_ip_address_allocation": "dynamic",
                            "ip_configuration.0.private_ip_address_version": "IPv4",
                            "ip_configuration.0.public_ip_address_id": "",
                            "ip_configuration.0.subnet_id": "/subscriptions/57b13db8-88cf-4fe6-924b-ae10dc6fadee/resourceGroups/jws2019-rg/providers/Microsoft.Network/virtualNetworks/jws2019-vnet/subnets/jws2019subnet",
                            "location": "westeurope",
                            "mac_address": "00-0D-3A-2B-87-A0",
                            "name": "windows-workstation-nic2",
                            "network_security_group_id": "",
                            "private_ip_address": "10.0.10.16",
                            "private_ip_addresses.#": "1",
                            "private_ip_addresses.0": "10.0.10.16",
                            "resource_group_name": "jws2019-rg",
                            "tags.%": "0",
                            "virtual_machine_id": "/subscriptions/57b13db8-88cf-4fe6-924b-ae10dc6fadee/resourceGroups/jws2019-rg/providers/Microsoft.Compute/virtualMachines/ws-2"
                        },
                        "meta": {},
                        "tainted": false
                    },
                    "deposed": [],
                    "provider": "provider.azurerm"
                },
                "azurerm_network_interface.windows-workstation-nic.3": {
                    "type": "azurerm_network_interface",
                    "depends_on": [
                        "azurerm_resource_group.rg",
                        "azurerm_subnet.subnet"
                    ],
                    "primary": {
                        "id": "/subscriptions/57b13db8-88cf-4fe6-924b-ae10dc6fadee/resourceGroups/jws2019-rg/providers/Microsoft.Network/networkInterfaces/windows-workstation-nic3",
                        "attributes": {
                            "applied_dns_servers.#": "0",
                            "dns_servers.#": "0",
                            "enable_accelerated_networking": "false",
                            "enable_ip_forwarding": "false",
                            "id": "/subscriptions/57b13db8-88cf-4fe6-924b-ae10dc6fadee/resourceGroups/jws2019-rg/providers/Microsoft.Network/networkInterfaces/windows-workstation-nic3",
                            "internal_dns_name_label": "",
                            "internal_fqdn": "",
                            "ip_configuration.#": "1",
                            "ip_configuration.0.application_gateway_backend_address_pools_ids.#": "0",
                            "ip_configuration.0.application_security_group_ids.#": "0",
                            "ip_configuration.0.load_balancer_backend_address_pools_ids.#": "0",
                            "ip_configuration.0.load_balancer_inbound_nat_rules_ids.#": "1",
                            "ip_configuration.0.load_balancer_inbound_nat_rules_ids.1346084386": "/subscriptions/57b13db8-88cf-4fe6-924b-ae10dc6fadee/resourceGroups/jws2019-rg/providers/Microsoft.Network/loadBalancers/jws2019lb/inboundNatRules/RDP-VM-3",
                            "ip_configuration.0.name": "ipconfig3",
                            "ip_configuration.0.primary": "true",
                            "ip_configuration.0.private_ip_address": "",
                            "ip_configuration.0.private_ip_address_allocation": "dynamic",
                            "ip_configuration.0.private_ip_address_version": "IPv4",
                            "ip_configuration.0.public_ip_address_id": "",
                            "ip_configuration.0.subnet_id": "/subscriptions/57b13db8-88cf-4fe6-924b-ae10dc6fadee/resourceGroups/jws2019-rg/providers/Microsoft.Network/virtualNetworks/jws2019-vnet/subnets/jws2019subnet",
                            "location": "westeurope",
                            "mac_address": "00-0D-3A-2B-86-0B",
                            "name": "windows-workstation-nic3",
                            "network_security_group_id": "",
                            "private_ip_address": "10.0.10.10",
                            "private_ip_addresses.#": "1",
                            "private_ip_addresses.0": "10.0.10.10",
                            "resource_group_name": "jws2019-rg",
                            "tags.%": "0",
                            "virtual_machine_id": "/subscriptions/57b13db8-88cf-4fe6-924b-ae10dc6fadee/resourceGroups/jws2019-rg/providers/Microsoft.Compute/virtualMachines/ws-3"
                        },
                        "meta": {},
                        "tainted": false
                    },
                    "deposed": [],
                    "provider": "provider.azurerm"
                },
                "azurerm_network_interface.windows-workstation-nic.4": {
                    "type": "azurerm_network_interface",
                    "depends_on": [
                        "azurerm_resource_group.rg",
                        "azurerm_subnet.subnet"
                    ],
                    "primary": {
                        "id": "/subscriptions/57b13db8-88cf-4fe6-924b-ae10dc6fadee/resourceGroups/jws2019-rg/providers/Microsoft.Network/networkInterfaces/windows-workstation-nic4",
                        "attributes": {
                            "applied_dns_servers.#": "0",
                            "dns_servers.#": "0",
                            "enable_accelerated_networking": "false",
                            "enable_ip_forwarding": "false",
                            "id": "/subscriptions/57b13db8-88cf-4fe6-924b-ae10dc6fadee/resourceGroups/jws2019-rg/providers/Microsoft.Network/networkInterfaces/windows-workstation-nic4",
                            "internal_dns_name_label": "",
                            "internal_fqdn": "",
                            "ip_configuration.#": "1",
                            "ip_configuration.0.application_gateway_backend_address_pools_ids.#": "0",
                            "ip_configuration.0.application_security_group_ids.#": "0",
                            "ip_configuration.0.load_balancer_backend_address_pools_ids.#": "0",
                            "ip_configuration.0.load_balancer_inbound_nat_rules_ids.#": "1",
                            "ip_configuration.0.load_balancer_inbound_nat_rules_ids.3462335361": "/subscriptions/57b13db8-88cf-4fe6-924b-ae10dc6fadee/resourceGroups/jws2019-rg/providers/Microsoft.Network/loadBalancers/jws2019lb/inboundNatRules/RDP-VM-4",
                            "ip_configuration.0.name": "ipconfig4",
                            "ip_configuration.0.primary": "true",
                            "ip_configuration.0.private_ip_address": "",
                            "ip_configuration.0.private_ip_address_allocation": "dynamic",
                            "ip_configuration.0.private_ip_address_version": "IPv4",
                            "ip_configuration.0.public_ip_address_id": "",
                            "ip_configuration.0.subnet_id": "/subscriptions/57b13db8-88cf-4fe6-924b-ae10dc6fadee/resourceGroups/jws2019-rg/providers/Microsoft.Network/virtualNetworks/jws2019-vnet/subnets/jws2019subnet",
                            "location": "westeurope",
                            "mac_address": "00-0D-3A-21-0C-F0",
                            "name": "windows-workstation-nic4",
                            "network_security_group_id": "",
                            "private_ip_address": "10.0.10.23",
                            "private_ip_addresses.#": "1",
                            "private_ip_addresses.0": "10.0.10.23",
                            "resource_group_name": "jws2019-rg",
                            "tags.%": "0",
                            "virtual_machine_id": "/subscriptions/57b13db8-88cf-4fe6-924b-ae10dc6fadee/resourceGroups/jws2019-rg/providers/Microsoft.Compute/virtualMachines/ws-4"
                        },
                        "meta": {},
                        "tainted": false
                    },
                    "deposed": [],
                    "provider": "provider.azurerm"
                },
                "azurerm_network_interface.windows-workstation-nic.5": {
                    "type": "azurerm_network_interface",
                    "depends_on": [
                        "azurerm_resource_group.rg",
                        "azurerm_subnet.subnet"
                    ],
                    "primary": {
                        "id": "/subscriptions/57b13db8-88cf-4fe6-924b-ae10dc6fadee/resourceGroups/jws2019-rg/providers/Microsoft.Network/networkInterfaces/windows-workstation-nic5",
                        "attributes": {
                            "applied_dns_servers.#": "0",
                            "dns_servers.#": "0",
                            "enable_accelerated_networking": "false",
                            "enable_ip_forwarding": "false",
                            "id": "/subscriptions/57b13db8-88cf-4fe6-924b-ae10dc6fadee/resourceGroups/jws2019-rg/providers/Microsoft.Network/networkInterfaces/windows-workstation-nic5",
                            "internal_dns_name_label": "",
                            "internal_fqdn": "",
                            "ip_configuration.#": "1",
                            "ip_configuration.0.application_gateway_backend_address_pools_ids.#": "0",
                            "ip_configuration.0.application_security_group_ids.#": "0",
                            "ip_configuration.0.load_balancer_backend_address_pools_ids.#": "0",
                            "ip_configuration.0.load_balancer_inbound_nat_rules_ids.#": "1",
                            "ip_configuration.0.load_balancer_inbound_nat_rules_ids.3109567255": "/subscriptions/57b13db8-88cf-4fe6-924b-ae10dc6fadee/resourceGroups/jws2019-rg/providers/Microsoft.Network/loadBalancers/jws2019lb/inboundNatRules/RDP-VM-5",
                            "ip_configuration.0.name": "ipconfig5",
                            "ip_configuration.0.primary": "true",
                            "ip_configuration.0.private_ip_address": "",
                            "ip_configuration.0.private_ip_address_allocation": "dynamic",
                            "ip_configuration.0.private_ip_address_version": "IPv4",
                            "ip_configuration.0.public_ip_address_id": "",
                            "ip_configuration.0.subnet_id": "/subscriptions/57b13db8-88cf-4fe6-924b-ae10dc6fadee/resourceGroups/jws2019-rg/providers/Microsoft.Network/virtualNetworks/jws2019-vnet/subnets/jws2019subnet",
                            "location": "westeurope",
                            "mac_address": "00-0D-3A-26-05-45",
                            "name": "windows-workstation-nic5",
                            "network_security_group_id": "",
                            "private_ip_address": "10.0.10.24",
                            "private_ip_addresses.#": "1",
                            "private_ip_addresses.0": "10.0.10.24",
                            "resource_group_name": "jws2019-rg",
                            "tags.%": "0",
                            "virtual_machine_id": "/subscriptions/57b13db8-88cf-4fe6-924b-ae10dc6fadee/resourceGroups/jws2019-rg/providers/Microsoft.Compute/virtualMachines/ws-5"
                        },
                        "meta": {},
                        "tainted": false
                    },
                    "deposed": [],
                    "provider": "provider.azurerm"
                },
                "azurerm_network_interface.windows-workstation-nic.6": {
                    "type": "azurerm_network_interface",
                    "depends_on": [
                        "azurerm_resource_group.rg",
                        "azurerm_subnet.subnet"
                    ],
                    "primary": {
                        "id": "/subscriptions/57b13db8-88cf-4fe6-924b-ae10dc6fadee/resourceGroups/jws2019-rg/providers/Microsoft.Network/networkInterfaces/windows-workstation-nic6",
                        "attributes": {
                            "applied_dns_servers.#": "0",
                            "dns_servers.#": "0",
                            "enable_accelerated_networking": "false",
                            "enable_ip_forwarding": "false",
                            "id": "/subscriptions/57b13db8-88cf-4fe6-924b-ae10dc6fadee/resourceGroups/jws2019-rg/providers/Microsoft.Network/networkInterfaces/windows-workstation-nic6",
                            "internal_dns_name_label": "",
                            "internal_fqdn": "",
                            "ip_configuration.#": "1",
                            "ip_configuration.0.application_gateway_backend_address_pools_ids.#": "0",
                            "ip_configuration.0.application_security_group_ids.#": "0",
                            "ip_configuration.0.load_balancer_backend_address_pools_ids.#": "0",
                            "ip_configuration.0.load_balancer_inbound_nat_rules_ids.#": "1",
                            "ip_configuration.0.load_balancer_inbound_nat_rules_ids.542206637": "/subscriptions/57b13db8-88cf-4fe6-924b-ae10dc6fadee/resourceGroups/jws2019-rg/providers/Microsoft.Network/loadBalancers/jws2019lb/inboundNatRules/RDP-VM-6",
                            "ip_configuration.0.name": "ipconfig6",
                            "ip_configuration.0.primary": "true",
                            "ip_configuration.0.private_ip_address": "",
                            "ip_configuration.0.private_ip_address_allocation": "dynamic",
                            "ip_configuration.0.private_ip_address_version": "IPv4",
                            "ip_configuration.0.public_ip_address_id": "",
                            "ip_configuration.0.subnet_id": "/subscriptions/57b13db8-88cf-4fe6-924b-ae10dc6fadee/resourceGroups/jws2019-rg/providers/Microsoft.Network/virtualNetworks/jws2019-vnet/subnets/jws2019subnet",
                            "location": "westeurope",
                            "mac_address": "00-0D-3A-24-5F-42",
                            "name": "windows-workstation-nic6",
                            "network_security_group_id": "",
                            "private_ip_address": "10.0.10.11",
                            "private_ip_addresses.#": "1",
                            "private_ip_addresses.0": "10.0.10.11",
                            "resource_group_name": "jws2019-rg",
                            "tags.%": "0",
                            "virtual_machine_id": "/subscriptions/57b13db8-88cf-4fe6-924b-ae10dc6fadee/resourceGroups/jws2019-rg/providers/Microsoft.Compute/virtualMachines/ws-6"
                        },
                        "meta": {},
                        "tainted": false
                    },
                    "deposed": [],
                    "provider": "provider.azurerm"
                },
                "azurerm_network_interface.windows-workstation-nic.7": {
                    "type": "azurerm_network_interface",
                    "depends_on": [
                        "azurerm_resource_group.rg",
                        "azurerm_subnet.subnet"
                    ],
                    "primary": {
                        "id": "/subscriptions/57b13db8-88cf-4fe6-924b-ae10dc6fadee/resourceGroups/jws2019-rg/providers/Microsoft.Network/networkInterfaces/windows-workstation-nic7",
                        "attributes": {
                            "applied_dns_servers.#": "0",
                            "dns_servers.#": "0",
                            "enable_accelerated_networking": "false",
                            "enable_ip_forwarding": "false",
                            "id": "/subscriptions/57b13db8-88cf-4fe6-924b-ae10dc6fadee/resourceGroups/jws2019-rg/providers/Microsoft.Network/networkInterfaces/windows-workstation-nic7",
                            "internal_dns_name_label": "",
                            "internal_fqdn": "",
                            "ip_configuration.#": "1",
                            "ip_configuration.0.application_gateway_backend_address_pools_ids.#": "0",
                            "ip_configuration.0.application_security_group_ids.#": "0",
                            "ip_configuration.0.load_balancer_backend_address_pools_ids.#": "0",
                            "ip_configuration.0.load_balancer_inbound_nat_rules_ids.#": "1",
                            "ip_configuration.0.load_balancer_inbound_nat_rules_ids.1465276987": "/subscriptions/57b13db8-88cf-4fe6-924b-ae10dc6fadee/resourceGroups/jws2019-rg/providers/Microsoft.Network/loadBalancers/jws2019lb/inboundNatRules/RDP-VM-7",
                            "ip_configuration.0.name": "ipconfig7",
                            "ip_configuration.0.primary": "true",
                            "ip_configuration.0.private_ip_address": "",
                            "ip_configuration.0.private_ip_address_allocation": "dynamic",
                            "ip_configuration.0.private_ip_address_version": "IPv4",
                            "ip_configuration.0.public_ip_address_id": "",
                            "ip_configuration.0.subnet_id": "/subscriptions/57b13db8-88cf-4fe6-924b-ae10dc6fadee/resourceGroups/jws2019-rg/providers/Microsoft.Network/virtualNetworks/jws2019-vnet/subnets/jws2019subnet",
                            "location": "westeurope",
                            "mac_address": "00-0D-3A-21-09-EC",
                            "name": "windows-workstation-nic7",
                            "network_security_group_id": "",
                            "private_ip_address": "10.0.10.15",
                            "private_ip_addresses.#": "1",
                            "private_ip_addresses.0": "10.0.10.15",
                            "resource_group_name": "jws2019-rg",
                            "tags.%": "0",
                            "virtual_machine_id": "/subscriptions/57b13db8-88cf-4fe6-924b-ae10dc6fadee/resourceGroups/jws2019-rg/providers/Microsoft.Compute/virtualMachines/ws-7"
                        },
                        "meta": {},
                        "tainted": false
                    },
                    "deposed": [],
                    "provider": "provider.azurerm"
                },
                "azurerm_network_interface.windows-workstation-nic.8": {
                    "type": "azurerm_network_interface",
                    "depends_on": [
                        "azurerm_resource_group.rg",
                        "azurerm_subnet.subnet"
                    ],
                    "primary": {
                        "id": "/subscriptions/57b13db8-88cf-4fe6-924b-ae10dc6fadee/resourceGroups/jws2019-rg/providers/Microsoft.Network/networkInterfaces/windows-workstation-nic8",
                        "attributes": {
                            "applied_dns_servers.#": "0",
                            "dns_servers.#": "0",
                            "enable_accelerated_networking": "false",
                            "enable_ip_forwarding": "false",
                            "id": "/subscriptions/57b13db8-88cf-4fe6-924b-ae10dc6fadee/resourceGroups/jws2019-rg/providers/Microsoft.Network/networkInterfaces/windows-workstation-nic8",
                            "internal_dns_name_label": "",
                            "internal_fqdn": "",
                            "ip_configuration.#": "1",
                            "ip_configuration.0.application_gateway_backend_address_pools_ids.#": "0",
                            "ip_configuration.0.application_security_group_ids.#": "0",
                            "ip_configuration.0.load_balancer_backend_address_pools_ids.#": "0",
                            "ip_configuration.0.load_balancer_inbound_nat_rules_ids.#": "1",
                            "ip_configuration.0.load_balancer_inbound_nat_rules_ids.3353954218": "/subscriptions/57b13db8-88cf-4fe6-924b-ae10dc6fadee/resourceGroups/jws2019-rg/providers/Microsoft.Network/loadBalancers/jws2019lb/inboundNatRules/RDP-VM-8",
                            "ip_configuration.0.name": "ipconfig8",
                            "ip_configuration.0.primary": "true",
                            "ip_configuration.0.private_ip_address": "",
                            "ip_configuration.0.private_ip_address_allocation": "dynamic",
                            "ip_configuration.0.private_ip_address_version": "IPv4",
                            "ip_configuration.0.public_ip_address_id": "",
                            "ip_configuration.0.subnet_id": "/subscriptions/57b13db8-88cf-4fe6-924b-ae10dc6fadee/resourceGroups/jws2019-rg/providers/Microsoft.Network/virtualNetworks/jws2019-vnet/subnets/jws2019subnet",
                            "location": "westeurope",
                            "mac_address": "00-0D-3A-21-00-86",
                            "name": "windows-workstation-nic8",
                            "network_security_group_id": "",
                            "private_ip_address": "10.0.10.14",
                            "private_ip_addresses.#": "1",
                            "private_ip_addresses.0": "10.0.10.14",
                            "resource_group_name": "jws2019-rg",
                            "tags.%": "0",
                            "virtual_machine_id": "/subscriptions/57b13db8-88cf-4fe6-924b-ae10dc6fadee/resourceGroups/jws2019-rg/providers/Microsoft.Compute/virtualMachines/ws-8"
                        },
                        "meta": {},
                        "tainted": false
                    },
                    "deposed": [],
                    "provider": "provider.azurerm"
                },
                "azurerm_network_interface.windows-workstation-nic.9": {
                    "type": "azurerm_network_interface",
                    "depends_on": [
                        "azurerm_resource_group.rg",
                        "azurerm_subnet.subnet"
                    ],
                    "primary": {
                        "id": "/subscriptions/57b13db8-88cf-4fe6-924b-ae10dc6fadee/resourceGroups/jws2019-rg/providers/Microsoft.Network/networkInterfaces/windows-workstation-nic9",
                        "attributes": {
                            "applied_dns_servers.#": "0",
                            "dns_servers.#": "0",
                            "enable_accelerated_networking": "false",
                            "enable_ip_forwarding": "false",
                            "id": "/subscriptions/57b13db8-88cf-4fe6-924b-ae10dc6fadee/resourceGroups/jws2019-rg/providers/Microsoft.Network/networkInterfaces/windows-workstation-nic9",
                            "internal_dns_name_label": "",
                            "internal_fqdn": "",
                            "ip_configuration.#": "1",
                            "ip_configuration.0.application_gateway_backend_address_pools_ids.#": "0",
                            "ip_configuration.0.application_security_group_ids.#": "0",
                            "ip_configuration.0.load_balancer_backend_address_pools_ids.#": "0",
                            "ip_configuration.0.load_balancer_inbound_nat_rules_ids.#": "1",
                            "ip_configuration.0.load_balancer_inbound_nat_rules_ids.2968418108": "/subscriptions/57b13db8-88cf-4fe6-924b-ae10dc6fadee/resourceGroups/jws2019-rg/providers/Microsoft.Network/loadBalancers/jws2019lb/inboundNatRules/RDP-VM-9",
                            "ip_configuration.0.name": "ipconfig9",
                            "ip_configuration.0.primary": "true",
                            "ip_configuration.0.private_ip_address": "",
                            "ip_configuration.0.private_ip_address_allocation": "dynamic",
                            "ip_configuration.0.private_ip_address_version": "IPv4",
                            "ip_configuration.0.public_ip_address_id": "",
                            "ip_configuration.0.subnet_id": "/subscriptions/57b13db8-88cf-4fe6-924b-ae10dc6fadee/resourceGroups/jws2019-rg/providers/Microsoft.Network/virtualNetworks/jws2019-vnet/subnets/jws2019subnet",
                            "location": "westeurope",
                            "mac_address": "00-0D-3A-21-E7-EB",
                            "name": "windows-workstation-nic9",
                            "network_security_group_id": "",
                            "private_ip_address": "10.0.10.17",
                            "private_ip_addresses.#": "1",
                            "private_ip_addresses.0": "10.0.10.17",
                            "resource_group_name": "jws2019-rg",
                            "tags.%": "0",
                            "virtual_machine_id": "/subscriptions/57b13db8-88cf-4fe6-924b-ae10dc6fadee/resourceGroups/jws2019-rg/providers/Microsoft.Compute/virtualMachines/ws-9"
                        },
                        "meta": {},
                        "tainted": false
                    },
                    "deposed": [],
                    "provider": "provider.azurerm"
                },
                "azurerm_network_interface_nat_rule_association.windows-tutor-nic.0": {
                    "type": "azurerm_network_interface_nat_rule_association",
                    "depends_on": [
                        "azurerm_lb_nat_rule.tutor.*",
                        "azurerm_network_interface.windows-tutor-nic.*"
                    ],
                    "primary": {
                        "id": "",
                        "attributes": {},
                        "meta": {},
                        "tainted": false
                    },
                    "deposed": [],
                    "provider": "provider.azurerm"
                },
                "azurerm_network_interface_nat_rule_association.windows-tutor-nic.1": {
                    "type": "azurerm_network_interface_nat_rule_association",
                    "depends_on": [
                        "azurerm_lb_nat_rule.tutor.*",
                        "azurerm_network_interface.windows-tutor-nic.*"
                    ],
                    "primary": {
                        "id": "",
                        "attributes": {},
                        "meta": {},
                        "tainted": false
                    },
                    "deposed": [],
                    "provider": "provider.azurerm"
                },
                "azurerm_network_interface_nat_rule_association.windows-workstation-nic.0": {
                    "type": "azurerm_network_interface_nat_rule_association",
                    "depends_on": [
                        "azurerm_lb_nat_rule.tcp.*",
                        "azurerm_network_interface.windows-workstation-nic.*"
                    ],
                    "primary": {
                        "id": "",
                        "attributes": {},
                        "meta": {},
                        "tainted": false
                    },
                    "deposed": [],
                    "provider": "provider.azurerm"
                },
                "azurerm_network_interface_nat_rule_association.windows-workstation-nic.1": {
                    "type": "azurerm_network_interface_nat_rule_association",
                    "depends_on": [
                        "azurerm_lb_nat_rule.tcp.*",
                        "azurerm_network_interface.windows-workstation-nic.*"
                    ],
                    "primary": {
                        "id": "/subscriptions/57b13db8-88cf-4fe6-924b-ae10dc6fadee/resourceGroups/jws2019-rg/providers/Microsoft.Network/networkInterfaces/windows-workstation-nic1/ipConfigurations/ipconfig1|/subscriptions/57b13db8-88cf-4fe6-924b-ae10dc6fadee/resourceGroups/jws2019-rg/providers/Microsoft.Network/loadBalancers/jws2019lb/inboundNatRules/RDP-VM-1",
                        "attributes": {
                            "id": "/subscriptions/57b13db8-88cf-4fe6-924b-ae10dc6fadee/resourceGroups/jws2019-rg/providers/Microsoft.Network/networkInterfaces/windows-workstation-nic1/ipConfigurations/ipconfig1|/subscriptions/57b13db8-88cf-4fe6-924b-ae10dc6fadee/resourceGroups/jws2019-rg/providers/Microsoft.Network/loadBalancers/jws2019lb/inboundNatRules/RDP-VM-1",
                            "ip_configuration_name": "ipconfig1",
                            "nat_rule_id": "/subscriptions/57b13db8-88cf-4fe6-924b-ae10dc6fadee/resourceGroups/jws2019-rg/providers/Microsoft.Network/loadBalancers/jws2019lb/inboundNatRules/RDP-VM-1",
                            "network_interface_id": "/subscriptions/57b13db8-88cf-4fe6-924b-ae10dc6fadee/resourceGroups/jws2019-rg/providers/Microsoft.Network/networkInterfaces/windows-workstation-nic1"
                        },
                        "meta": {},
                        "tainted": false
                    },
                    "deposed": [],
                    "provider": "provider.azurerm"
                },
                "azurerm_network_interface_nat_rule_association.windows-workstation-nic.10": {
                    "type": "azurerm_network_interface_nat_rule_association",
                    "depends_on": [
                        "azurerm_lb_nat_rule.tcp.*",
                        "azurerm_network_interface.windows-workstation-nic.*"
                    ],
                    "primary": {
                        "id": "/subscriptions/57b13db8-88cf-4fe6-924b-ae10dc6fadee/resourceGroups/jws2019-rg/providers/Microsoft.Network/networkInterfaces/windows-workstation-nic10/ipConfigurations/ipconfig10|/subscriptions/57b13db8-88cf-4fe6-924b-ae10dc6fadee/resourceGroups/jws2019-rg/providers/Microsoft.Network/loadBalancers/jws2019lb/inboundNatRules/RDP-VM-10",
                        "attributes": {
                            "id": "/subscriptions/57b13db8-88cf-4fe6-924b-ae10dc6fadee/resourceGroups/jws2019-rg/providers/Microsoft.Network/networkInterfaces/windows-workstation-nic10/ipConfigurations/ipconfig10|/subscriptions/57b13db8-88cf-4fe6-924b-ae10dc6fadee/resourceGroups/jws2019-rg/providers/Microsoft.Network/loadBalancers/jws2019lb/inboundNatRules/RDP-VM-10",
                            "ip_configuration_name": "ipconfig10",
                            "nat_rule_id": "/subscriptions/57b13db8-88cf-4fe6-924b-ae10dc6fadee/resourceGroups/jws2019-rg/providers/Microsoft.Network/loadBalancers/jws2019lb/inboundNatRules/RDP-VM-10",
                            "network_interface_id": "/subscriptions/57b13db8-88cf-4fe6-924b-ae10dc6fadee/resourceGroups/jws2019-rg/providers/Microsoft.Network/networkInterfaces/windows-workstation-nic10"
                        },
                        "meta": {},
                        "tainted": false
                    },
                    "deposed": [],
                    "provider": "provider.azurerm"
                },
                "azurerm_network_interface_nat_rule_association.windows-workstation-nic.11": {
                    "type": "azurerm_network_interface_nat_rule_association",
                    "depends_on": [
                        "azurerm_lb_nat_rule.tcp.*",
                        "azurerm_network_interface.windows-workstation-nic.*"
                    ],
                    "primary": {
                        "id": "",
                        "attributes": {},
                        "meta": {},
                        "tainted": false
                    },
                    "deposed": [],
                    "provider": "provider.azurerm"
                },
                "azurerm_network_interface_nat_rule_association.windows-workstation-nic.12": {
                    "type": "azurerm_network_interface_nat_rule_association",
                    "depends_on": [
                        "azurerm_lb_nat_rule.tcp.*",
                        "azurerm_network_interface.windows-workstation-nic.*"
                    ],
                    "primary": {
                        "id": "",
                        "attributes": {},
                        "meta": {},
                        "tainted": false
                    },
                    "deposed": [],
                    "provider": "provider.azurerm"
                },
                "azurerm_network_interface_nat_rule_association.windows-workstation-nic.13": {
                    "type": "azurerm_network_interface_nat_rule_association",
                    "depends_on": [
                        "azurerm_lb_nat_rule.tcp.*",
                        "azurerm_network_interface.windows-workstation-nic.*"
                    ],
                    "primary": {
                        "id": "",
                        "attributes": {},
                        "meta": {},
                        "tainted": false
                    },
                    "deposed": [],
                    "provider": "provider.azurerm"
                },
                "azurerm_network_interface_nat_rule_association.windows-workstation-nic.14": {
                    "type": "azurerm_network_interface_nat_rule_association",
                    "depends_on": [
                        "azurerm_lb_nat_rule.tcp.*",
                        "azurerm_network_interface.windows-workstation-nic.*"
                    ],
                    "primary": {
                        "id": "/subscriptions/57b13db8-88cf-4fe6-924b-ae10dc6fadee/resourceGroups/jws2019-rg/providers/Microsoft.Network/networkInterfaces/windows-workstation-nic14/ipConfigurations/ipconfig14|/subscriptions/57b13db8-88cf-4fe6-924b-ae10dc6fadee/resourceGroups/jws2019-rg/providers/Microsoft.Network/loadBalancers/jws2019lb/inboundNatRules/RDP-VM-14",
                        "attributes": {
                            "id": "/subscriptions/57b13db8-88cf-4fe6-924b-ae10dc6fadee/resourceGroups/jws2019-rg/providers/Microsoft.Network/networkInterfaces/windows-workstation-nic14/ipConfigurations/ipconfig14|/subscriptions/57b13db8-88cf-4fe6-924b-ae10dc6fadee/resourceGroups/jws2019-rg/providers/Microsoft.Network/loadBalancers/jws2019lb/inboundNatRules/RDP-VM-14",
                            "ip_configuration_name": "ipconfig14",
                            "nat_rule_id": "/subscriptions/57b13db8-88cf-4fe6-924b-ae10dc6fadee/resourceGroups/jws2019-rg/providers/Microsoft.Network/loadBalancers/jws2019lb/inboundNatRules/RDP-VM-14",
                            "network_interface_id": "/subscriptions/57b13db8-88cf-4fe6-924b-ae10dc6fadee/resourceGroups/jws2019-rg/providers/Microsoft.Network/networkInterfaces/windows-workstation-nic14"
                        },
                        "meta": {},
                        "tainted": false
                    },
                    "deposed": [],
                    "provider": "provider.azurerm"
                },
                "azurerm_network_interface_nat_rule_association.windows-workstation-nic.15": {
                    "type": "azurerm_network_interface_nat_rule_association",
                    "depends_on": [
                        "azurerm_lb_nat_rule.tcp.*",
                        "azurerm_network_interface.windows-workstation-nic.*"
                    ],
                    "primary": {
                        "id": "",
                        "attributes": {},
                        "meta": {},
                        "tainted": false
                    },
                    "deposed": [],
                    "provider": "provider.azurerm"
                },
                "azurerm_network_interface_nat_rule_association.windows-workstation-nic.16": {
                    "type": "azurerm_network_interface_nat_rule_association",
                    "depends_on": [
                        "azurerm_lb_nat_rule.tcp.*",
                        "azurerm_network_interface.windows-workstation-nic.*"
                    ],
                    "primary": {
                        "id": "/subscriptions/57b13db8-88cf-4fe6-924b-ae10dc6fadee/resourceGroups/jws2019-rg/providers/Microsoft.Network/networkInterfaces/windows-workstation-nic16/ipConfigurations/ipconfig16|/subscriptions/57b13db8-88cf-4fe6-924b-ae10dc6fadee/resourceGroups/jws2019-rg/providers/Microsoft.Network/loadBalancers/jws2019lb/inboundNatRules/RDP-VM-16",
                        "attributes": {
                            "id": "/subscriptions/57b13db8-88cf-4fe6-924b-ae10dc6fadee/resourceGroups/jws2019-rg/providers/Microsoft.Network/networkInterfaces/windows-workstation-nic16/ipConfigurations/ipconfig16|/subscriptions/57b13db8-88cf-4fe6-924b-ae10dc6fadee/resourceGroups/jws2019-rg/providers/Microsoft.Network/loadBalancers/jws2019lb/inboundNatRules/RDP-VM-16",
                            "ip_configuration_name": "ipconfig16",
                            "nat_rule_id": "/subscriptions/57b13db8-88cf-4fe6-924b-ae10dc6fadee/resourceGroups/jws2019-rg/providers/Microsoft.Network/loadBalancers/jws2019lb/inboundNatRules/RDP-VM-16",
                            "network_interface_id": "/subscriptions/57b13db8-88cf-4fe6-924b-ae10dc6fadee/resourceGroups/jws2019-rg/providers/Microsoft.Network/networkInterfaces/windows-workstation-nic16"
                        },
                        "meta": {},
                        "tainted": false
                    },
                    "deposed": [],
                    "provider": "provider.azurerm"
                },
                "azurerm_network_interface_nat_rule_association.windows-workstation-nic.17": {
                    "type": "azurerm_network_interface_nat_rule_association",
                    "depends_on": [
                        "azurerm_lb_nat_rule.tcp.*",
                        "azurerm_network_interface.windows-workstation-nic.*"
                    ],
                    "primary": {
                        "id": "",
                        "attributes": {},
                        "meta": {},
                        "tainted": false
                    },
                    "deposed": [],
                    "provider": "provider.azurerm"
                },
                "azurerm_network_interface_nat_rule_association.windows-workstation-nic.2": {
                    "type": "azurerm_network_interface_nat_rule_association",
                    "depends_on": [
                        "azurerm_lb_nat_rule.tcp.*",
                        "azurerm_network_interface.windows-workstation-nic.*"
                    ],
                    "primary": {
                        "id": "",
                        "attributes": {},
                        "meta": {},
                        "tainted": false
                    },
                    "deposed": [],
                    "provider": "provider.azurerm"
                },
                "azurerm_network_interface_nat_rule_association.windows-workstation-nic.3": {
                    "type": "azurerm_network_interface_nat_rule_association",
                    "depends_on": [
                        "azurerm_lb_nat_rule.tcp.*",
                        "azurerm_network_interface.windows-workstation-nic.*"
                    ],
                    "primary": {
                        "id": "",
                        "attributes": {},
                        "meta": {},
                        "tainted": false
                    },
                    "deposed": [],
                    "provider": "provider.azurerm"
                },
                "azurerm_network_interface_nat_rule_association.windows-workstation-nic.4": {
                    "type": "azurerm_network_interface_nat_rule_association",
                    "depends_on": [
                        "azurerm_lb_nat_rule.tcp.*",
                        "azurerm_network_interface.windows-workstation-nic.*"
                    ],
                    "primary": {
                        "id": "",
                        "attributes": {},
                        "meta": {},
                        "tainted": false
                    },
                    "deposed": [],
                    "provider": "provider.azurerm"
                },
                "azurerm_network_interface_nat_rule_association.windows-workstation-nic.5": {
                    "type": "azurerm_network_interface_nat_rule_association",
                    "depends_on": [
                        "azurerm_lb_nat_rule.tcp.*",
                        "azurerm_network_interface.windows-workstation-nic.*"
                    ],
                    "primary": {
                        "id": "",
                        "attributes": {},
                        "meta": {},
                        "tainted": false
                    },
                    "deposed": [],
                    "provider": "provider.azurerm"
                },
                "azurerm_network_interface_nat_rule_association.windows-workstation-nic.6": {
                    "type": "azurerm_network_interface_nat_rule_association",
                    "depends_on": [
                        "azurerm_lb_nat_rule.tcp.*",
                        "azurerm_network_interface.windows-workstation-nic.*"
                    ],
                    "primary": {
                        "id": "/subscriptions/57b13db8-88cf-4fe6-924b-ae10dc6fadee/resourceGroups/jws2019-rg/providers/Microsoft.Network/networkInterfaces/windows-workstation-nic6/ipConfigurations/ipconfig6|/subscriptions/57b13db8-88cf-4fe6-924b-ae10dc6fadee/resourceGroups/jws2019-rg/providers/Microsoft.Network/loadBalancers/jws2019lb/inboundNatRules/RDP-VM-6",
                        "attributes": {
                            "id": "/subscriptions/57b13db8-88cf-4fe6-924b-ae10dc6fadee/resourceGroups/jws2019-rg/providers/Microsoft.Network/networkInterfaces/windows-workstation-nic6/ipConfigurations/ipconfig6|/subscriptions/57b13db8-88cf-4fe6-924b-ae10dc6fadee/resourceGroups/jws2019-rg/providers/Microsoft.Network/loadBalancers/jws2019lb/inboundNatRules/RDP-VM-6",
                            "ip_configuration_name": "ipconfig6",
                            "nat_rule_id": "/subscriptions/57b13db8-88cf-4fe6-924b-ae10dc6fadee/resourceGroups/jws2019-rg/providers/Microsoft.Network/loadBalancers/jws2019lb/inboundNatRules/RDP-VM-6",
                            "network_interface_id": "/subscriptions/57b13db8-88cf-4fe6-924b-ae10dc6fadee/resourceGroups/jws2019-rg/providers/Microsoft.Network/networkInterfaces/windows-workstation-nic6"
                        },
                        "meta": {},
                        "tainted": false
                    },
                    "deposed": [],
                    "provider": "provider.azurerm"
                },
                "azurerm_network_interface_nat_rule_association.windows-workstation-nic.7": {
                    "type": "azurerm_network_interface_nat_rule_association",
                    "depends_on": [
                        "azurerm_lb_nat_rule.tcp.*",
                        "azurerm_network_interface.windows-workstation-nic.*"
                    ],
                    "primary": {
                        "id": "",
                        "attributes": {},
                        "meta": {},
                        "tainted": false
                    },
                    "deposed": [],
                    "provider": "provider.azurerm"
                },
                "azurerm_network_interface_nat_rule_association.windows-workstation-nic.8": {
                    "type": "azurerm_network_interface_nat_rule_association",
                    "depends_on": [
                        "azurerm_lb_nat_rule.tcp.*",
                        "azurerm_network_interface.windows-workstation-nic.*"
                    ],
                    "primary": {
                        "id": "/subscriptions/57b13db8-88cf-4fe6-924b-ae10dc6fadee/resourceGroups/jws2019-rg/providers/Microsoft.Network/networkInterfaces/windows-workstation-nic8/ipConfigurations/ipconfig8|/subscriptions/57b13db8-88cf-4fe6-924b-ae10dc6fadee/resourceGroups/jws2019-rg/providers/Microsoft.Network/loadBalancers/jws2019lb/inboundNatRules/RDP-VM-8",
                        "attributes": {
                            "id": "/subscriptions/57b13db8-88cf-4fe6-924b-ae10dc6fadee/resourceGroups/jws2019-rg/providers/Microsoft.Network/networkInterfaces/windows-workstation-nic8/ipConfigurations/ipconfig8|/subscriptions/57b13db8-88cf-4fe6-924b-ae10dc6fadee/resourceGroups/jws2019-rg/providers/Microsoft.Network/loadBalancers/jws2019lb/inboundNatRules/RDP-VM-8",
                            "ip_configuration_name": "ipconfig8",
                            "nat_rule_id": "/subscriptions/57b13db8-88cf-4fe6-924b-ae10dc6fadee/resourceGroups/jws2019-rg/providers/Microsoft.Network/loadBalancers/jws2019lb/inboundNatRules/RDP-VM-8",
                            "network_interface_id": "/subscriptions/57b13db8-88cf-4fe6-924b-ae10dc6fadee/resourceGroups/jws2019-rg/providers/Microsoft.Network/networkInterfaces/windows-workstation-nic8"
                        },
                        "meta": {},
                        "tainted": false
                    },
                    "deposed": [],
                    "provider": "provider.azurerm"
                },
                "azurerm_network_interface_nat_rule_association.windows-workstation-nic.9": {
                    "type": "azurerm_network_interface_nat_rule_association",
                    "depends_on": [
                        "azurerm_lb_nat_rule.tcp.*",
                        "azurerm_network_interface.windows-workstation-nic.*"
                    ],
                    "primary": {
                        "id": "/subscriptions/57b13db8-88cf-4fe6-924b-ae10dc6fadee/resourceGroups/jws2019-rg/providers/Microsoft.Network/networkInterfaces/windows-workstation-nic9/ipConfigurations/ipconfig9|/subscriptions/57b13db8-88cf-4fe6-924b-ae10dc6fadee/resourceGroups/jws2019-rg/providers/Microsoft.Network/loadBalancers/jws2019lb/inboundNatRules/RDP-VM-9",
                        "attributes": {
                            "id": "/subscriptions/57b13db8-88cf-4fe6-924b-ae10dc6fadee/resourceGroups/jws2019-rg/providers/Microsoft.Network/networkInterfaces/windows-workstation-nic9/ipConfigurations/ipconfig9|/subscriptions/57b13db8-88cf-4fe6-924b-ae10dc6fadee/resourceGroups/jws2019-rg/providers/Microsoft.Network/loadBalancers/jws2019lb/inboundNatRules/RDP-VM-9",
                            "ip_configuration_name": "ipconfig9",
                            "nat_rule_id": "/subscriptions/57b13db8-88cf-4fe6-924b-ae10dc6fadee/resourceGroups/jws2019-rg/providers/Microsoft.Network/loadBalancers/jws2019lb/inboundNatRules/RDP-VM-9",
                            "network_interface_id": "/subscriptions/57b13db8-88cf-4fe6-924b-ae10dc6fadee/resourceGroups/jws2019-rg/providers/Microsoft.Network/networkInterfaces/windows-workstation-nic9"
                        },
                        "meta": {},
                        "tainted": false
                    },
                    "deposed": [],
                    "provider": "provider.azurerm"
                },
                "azurerm_network_security_group.rdp": {
                    "type": "azurerm_network_security_group",
                    "depends_on": [
                        "azurerm_resource_group.rg"
                    ],
                    "primary": {
                        "id": "/subscriptions/57b13db8-88cf-4fe6-924b-ae10dc6fadee/resourceGroups/jws2019-rg/providers/Microsoft.Network/networkSecurityGroups/RDPSecurityGroup1",
                        "attributes": {
                            "id": "/subscriptions/57b13db8-88cf-4fe6-924b-ae10dc6fadee/resourceGroups/jws2019-rg/providers/Microsoft.Network/networkSecurityGroups/RDPSecurityGroup1",
                            "location": "westeurope",
                            "name": "RDPSecurityGroup1",
                            "resource_group_name": "jws2019-rg",
                            "security_rule.#": "1",
                            "security_rule.1161391255.access": "Allow",
                            "security_rule.1161391255.description": "",
                            "security_rule.1161391255.destination_address_prefix": "*",
                            "security_rule.1161391255.destination_address_prefixes.#": "0",
                            "security_rule.1161391255.destination_application_security_group_ids.#": "0",
                            "security_rule.1161391255.destination_port_range": "3389",
                            "security_rule.1161391255.destination_port_ranges.#": "0",
                            "security_rule.1161391255.direction": "Inbound",
                            "security_rule.1161391255.name": "rdp",
                            "security_rule.1161391255.priority": "100",
                            "security_rule.1161391255.protocol": "Tcp",
                            "security_rule.1161391255.source_address_prefix": "*",
                            "security_rule.1161391255.source_address_prefixes.#": "0",
                            "security_rule.1161391255.source_application_security_group_ids.#": "0",
                            "security_rule.1161391255.source_port_range": "*",
                            "security_rule.1161391255.source_port_ranges.#": "0",
                            "tags.%": "0"
                        },
                        "meta": {},
                        "tainted": false
                    },
                    "deposed": [],
                    "provider": "provider.azurerm"
                },
                "azurerm_public_ip.lbpip": {
                    "type": "azurerm_public_ip",
                    "depends_on": [
                        "azurerm_resource_group.rg"
                    ],
                    "primary": {
                        "id": "/subscriptions/57b13db8-88cf-4fe6-924b-ae10dc6fadee/resourceGroups/jws2019-rg/providers/Microsoft.Network/publicIPAddresses/jws2019-ip",
                        "attributes": {
                            "allocation_method": "Dynamic",
                            "domain_name_label": "jws2019",
                            "fqdn": "jws2019.westeurope.cloudapp.azure.com",
                            "id": "/subscriptions/57b13db8-88cf-4fe6-924b-ae10dc6fadee/resourceGroups/jws2019-rg/providers/Microsoft.Network/publicIPAddresses/jws2019-ip",
                            "idle_timeout_in_minutes": "4",
                            "ip_address": "23.97.187.121",
                            "ip_version": "IPv4",
                            "location": "westeurope",
                            "name": "jws2019-ip",
                            "public_ip_address_allocation": "Dynamic",
                            "resource_group_name": "jws2019-rg",
                            "reverse_fqdn": "",
                            "sku": "Basic",
                            "tags.%": "0",
                            "zones.#": "0"
                        },
                        "meta": {},
                        "tainted": false
                    },
                    "deposed": [],
                    "provider": "provider.azurerm"
                },
                "azurerm_resource_group.rg": {
                    "type": "azurerm_resource_group",
                    "depends_on": [],
                    "primary": {
                        "id": "/subscriptions/57b13db8-88cf-4fe6-924b-ae10dc6fadee/resourceGroups/jws2019-rg",
                        "attributes": {
                            "id": "/subscriptions/57b13db8-88cf-4fe6-924b-ae10dc6fadee/resourceGroups/jws2019-rg",
                            "location": "westeurope",
                            "name": "jws2019-rg",
                            "tags.%": "0"
                        },
                        "meta": {},
                        "tainted": false
                    },
                    "deposed": [],
                    "provider": "provider.azurerm"
                },
                "azurerm_subnet.subnet": {
                    "type": "azurerm_subnet",
                    "depends_on": [
                        "azurerm_resource_group.rg",
                        "azurerm_virtual_network.vnet"
                    ],
                    "primary": {
                        "id": "/subscriptions/57b13db8-88cf-4fe6-924b-ae10dc6fadee/resourceGroups/jws2019-rg/providers/Microsoft.Network/virtualNetworks/jws2019-vnet/subnets/jws2019subnet",
                        "attributes": {
                            "address_prefix": "10.0.10.0/24",
                            "delegation.#": "0",
                            "id": "/subscriptions/57b13db8-88cf-4fe6-924b-ae10dc6fadee/resourceGroups/jws2019-rg/providers/Microsoft.Network/virtualNetworks/jws2019-vnet/subnets/jws2019subnet",
                            "ip_configurations.#": "21",
                            "ip_configurations.1075309788": "/subscriptions/57b13db8-88cf-4fe6-924b-ae10dc6fadee/resourceGroups/jws2019-rg/providers/Microsoft.Network/networkInterfaces/windows-workstation-nic15/ipConfigurations/ipconfig15",
                            "ip_configurations.1276630835": "/subscriptions/57b13db8-88cf-4fe6-924b-ae10dc6fadee/resourceGroups/jws2019-rg/providers/Microsoft.Network/networkInterfaces/windows-workstation-nic7/ipConfigurations/ipconfig7",
                            "ip_configurations.1303242590": "/subscriptions/57b13db8-88cf-4fe6-924b-ae10dc6fadee/resourceGroups/jws2019-rg/providers/Microsoft.Network/networkInterfaces/windows-workstation-nic3/ipConfigurations/ipconfig3",
                            "ip_configurations.1410794862": "/subscriptions/57b13db8-88cf-4fe6-924b-ae10dc6fadee/resourceGroups/jws2019-rg/providers/Microsoft.Network/networkInterfaces/windows-workstation-nic14/ipConfigurations/ipconfig14",
                            "ip_configurations.1746288568": "/subscriptions/57b13db8-88cf-4fe6-924b-ae10dc6fadee/resourceGroups/jws2019-rg/providers/Microsoft.Network/networkInterfaces/windows-workstation-nic17/ipConfigurations/ipconfig17",
                            "ip_configurations.2081871370": "/subscriptions/57b13db8-88cf-4fe6-924b-ae10dc6fadee/resourceGroups/jws2019-rg/providers/Microsoft.Network/networkInterfaces/windows-workstation-nic16/ipConfigurations/ipconfig16",
                            "ip_configurations.2370758222": "/subscriptions/57b13db8-88cf-4fe6-924b-ae10dc6fadee/resourceGroups/jws2019-rg/providers/Microsoft.Network/networkInterfaces/windows-tutor-nic1/ipConfigurations/ipconfig1",
                            "ip_configurations.2697493576": "/subscriptions/57b13db8-88cf-4fe6-924b-ae10dc6fadee/resourceGroups/jws2019-rg/providers/Microsoft.Network/networkInterfaces/windows-workstation-nic1/ipConfigurations/ipconfig1",
                            "ip_configurations.269765140": "/subscriptions/57b13db8-88cf-4fe6-924b-ae10dc6fadee/resourceGroups/jws2019-rg/providers/Microsoft.Network/networkInterfaces/windows-workstation-nic11/ipConfigurations/ipconfig11",
                            "ip_configurations.2708622373": "/subscriptions/57b13db8-88cf-4fe6-924b-ae10dc6fadee/resourceGroups/jws2019-rg/providers/Microsoft.Network/networkInterfaces/windows-workstation-nic5/ipConfigurations/ipconfig5",
                            "ip_configurations.2747014290": "/subscriptions/57b13db8-88cf-4fe6-924b-ae10dc6fadee/resourceGroups/jws2019-rg/providers/Microsoft.Network/networkInterfaces/windows-workstation-nic9/ipConfigurations/ipconfig9",
                            "ip_configurations.3281581566": "/subscriptions/57b13db8-88cf-4fe6-924b-ae10dc6fadee/resourceGroups/jws2019-rg/providers/Microsoft.Network/networkInterfaces/jenkins-nic0/ipConfigurations/ipconfig0",
                            "ip_configurations.3574518041": "/subscriptions/57b13db8-88cf-4fe6-924b-ae10dc6fadee/resourceGroups/jws2019-rg/providers/Microsoft.Network/networkInterfaces/windows-workstation-nic8/ipConfigurations/ipconfig8",
                            "ip_configurations.3598365123": "/subscriptions/57b13db8-88cf-4fe6-924b-ae10dc6fadee/resourceGroups/jws2019-rg/providers/Microsoft.Network/networkInterfaces/windows-workstation-nic0/ipConfigurations/ipconfig0",
                            "ip_configurations.3619717550": "/subscriptions/57b13db8-88cf-4fe6-924b-ae10dc6fadee/resourceGroups/jws2019-rg/providers/Microsoft.Network/networkInterfaces/windows-workstation-nic4/ipConfigurations/ipconfig4",
                            "ip_configurations.4227607493": "/subscriptions/57b13db8-88cf-4fe6-924b-ae10dc6fadee/resourceGroups/jws2019-rg/providers/Microsoft.Network/networkInterfaces/windows-tutor-nic0/ipConfigurations/ipconfig0",
                            "ip_configurations.68461478": "/subscriptions/57b13db8-88cf-4fe6-924b-ae10dc6fadee/resourceGroups/jws2019-rg/providers/Microsoft.Network/networkInterfaces/windows-workstation-nic10/ipConfigurations/ipconfig10",
                            "ip_configurations.739602626": "/subscriptions/57b13db8-88cf-4fe6-924b-ae10dc6fadee/resourceGroups/jws2019-rg/providers/Microsoft.Network/networkInterfaces/windows-workstation-nic12/ipConfigurations/ipconfig12",
                            "ip_configurations.940939632": "/subscriptions/57b13db8-88cf-4fe6-924b-ae10dc6fadee/resourceGroups/jws2019-rg/providers/Microsoft.Network/networkInterfaces/windows-workstation-nic13/ipConfigurations/ipconfig13",
                            "ip_configurations.983898808": "/subscriptions/57b13db8-88cf-4fe6-924b-ae10dc6fadee/resourceGroups/jws2019-rg/providers/Microsoft.Network/networkInterfaces/windows-workstation-nic6/ipConfigurations/ipconfig6",
                            "ip_configurations.991898325": "/subscriptions/57b13db8-88cf-4fe6-924b-ae10dc6fadee/resourceGroups/jws2019-rg/providers/Microsoft.Network/networkInterfaces/windows-workstation-nic2/ipConfigurations/ipconfig2",
                            "name": "jws2019subnet",
                            "network_security_group_id": "/subscriptions/57b13db8-88cf-4fe6-924b-ae10dc6fadee/resourceGroups/jws2019-rg/providers/Microsoft.Network/networkSecurityGroups/RDPSecurityGroup1",
                            "resource_group_name": "jws2019-rg",
                            "route_table_id": "",
                            "service_endpoints.#": "0",
                            "virtual_network_name": "jws2019-vnet"
                        },
                        "meta": {},
                        "tainted": false
                    },
                    "deposed": [],
                    "provider": "provider.azurerm"
                },
                "azurerm_subnet_network_security_group_association.rdp": {
                    "type": "azurerm_subnet_network_security_group_association",
                    "depends_on": [
                        "azurerm_network_security_group.rdp",
                        "azurerm_subnet.subnet"
                    ],
                    "primary": {
                        "id": "/subscriptions/57b13db8-88cf-4fe6-924b-ae10dc6fadee/resourceGroups/jws2019-rg/providers/Microsoft.Network/virtualNetworks/jws2019-vnet/subnets/jws2019subnet",
                        "attributes": {
                            "id": "/subscriptions/57b13db8-88cf-4fe6-924b-ae10dc6fadee/resourceGroups/jws2019-rg/providers/Microsoft.Network/virtualNetworks/jws2019-vnet/subnets/jws2019subnet",
                            "network_security_group_id": "/subscriptions/57b13db8-88cf-4fe6-924b-ae10dc6fadee/resourceGroups/jws2019-rg/providers/Microsoft.Network/networkSecurityGroups/RDPSecurityGroup1",
                            "subnet_id": "/subscriptions/57b13db8-88cf-4fe6-924b-ae10dc6fadee/resourceGroups/jws2019-rg/providers/Microsoft.Network/virtualNetworks/jws2019-vnet/subnets/jws2019subnet"
                        },
                        "meta": {},
                        "tainted": false
                    },
                    "deposed": [],
                    "provider": "provider.azurerm"
                },
                "azurerm_virtual_machine.jenkins": {
                    "type": "azurerm_virtual_machine",
                    "depends_on": [
                        "azurerm_network_interface.jenkins-nic.*",
                        "azurerm_resource_group.rg"
                    ],
                    "primary": {
                        "id": "",
                        "attributes": {},
                        "meta": {},
                        "tainted": false
                    },
                    "deposed": [],
                    "provider": "provider.azurerm"
                },
                "azurerm_virtual_machine.tutor.0": {
                    "type": "azurerm_virtual_machine",
                    "depends_on": [
                        "azurerm_availability_set.avset",
                        "azurerm_network_interface.windows-tutor-nic.*",
                        "azurerm_resource_group.rg"
                    ],
                    "primary": {
                        "id": "",
                        "attributes": {},
                        "meta": {},
                        "tainted": false
                    },
                    "deposed": [],
                    "provider": "provider.azurerm"
                },
                "azurerm_virtual_machine.tutor.1": {
                    "type": "azurerm_virtual_machine",
                    "depends_on": [
                        "azurerm_availability_set.avset",
                        "azurerm_network_interface.windows-tutor-nic.*",
                        "azurerm_resource_group.rg"
                    ],
                    "primary": {
                        "id": "",
                        "attributes": {},
                        "meta": {},
                        "tainted": false
                    },
                    "deposed": [],
                    "provider": "provider.azurerm"
                },
                "azurerm_virtual_machine.ws.0": {
                    "type": "azurerm_virtual_machine",
                    "depends_on": [
                        "azurerm_availability_set.avset",
                        "azurerm_network_interface.windows-workstation-nic.*",
                        "azurerm_resource_group.rg"
                    ],
                    "primary": {
                        "id": "",
                        "attributes": {},
                        "meta": {},
                        "tainted": false
                    },
                    "deposed": [],
                    "provider": "provider.azurerm"
                },
                "azurerm_virtual_machine.ws.1": {
                    "type": "azurerm_virtual_machine",
                    "depends_on": [
                        "azurerm_availability_set.avset",
                        "azurerm_network_interface.windows-workstation-nic.*",
                        "azurerm_resource_group.rg"
                    ],
                    "primary": {
                        "id": "/subscriptions/57b13db8-88cf-4fe6-924b-ae10dc6fadee/resourceGroups/jws2019-rg/providers/Microsoft.Compute/virtualMachines/ws-1",
                        "attributes": {
                            "availability_set_id": "/subscriptions/57b13db8-88cf-4fe6-924b-ae10dc6fadee/resourcegroups/jws2019-rg/providers/microsoft.compute/availabilitysets/jws2019avset",
                            "delete_data_disks_on_termination": "true",
                            "delete_os_disk_on_termination": "true",
                            "id": "/subscriptions/57b13db8-88cf-4fe6-924b-ae10dc6fadee/resourceGroups/jws2019-rg/providers/Microsoft.Compute/virtualMachines/ws-1",
                            "identity.#": "0",
                            "location": "westeurope",
                            "name": "ws-1",
                            "network_interface_ids.#": "1",
                            "network_interface_ids.0": "/subscriptions/57b13db8-88cf-4fe6-924b-ae10dc6fadee/resourceGroups/jws2019-rg/providers/Microsoft.Network/networkInterfaces/windows-workstation-nic1",
                            "os_profile.#": "1",
                            "os_profile.3911562516.admin_password": "",
                            "os_profile.3911562516.admin_username": "workshop",
                            "os_profile.3911562516.computer_name": "ws-1",
                            "os_profile.3911562516.custom_data": "",
                            "os_profile_linux_config.#": "0",
                            "os_profile_secrets.#": "0",
                            "os_profile_windows_config.#": "1",
                            "os_profile_windows_config.3143587113.additional_unattend_config.#": "0",
                            "os_profile_windows_config.3143587113.enable_automatic_upgrades": "false",
                            "os_profile_windows_config.3143587113.provision_vm_agent": "true",
                            "os_profile_windows_config.3143587113.timezone": "",
                            "os_profile_windows_config.3143587113.winrm.#": "0",
                            "plan.#": "0",
                            "resource_group_name": "jws2019-rg",
                            "storage_data_disk.#": "0",
                            "storage_image_reference.#": "1",
                            "storage_image_reference.3190600785.id": "",
                            "storage_image_reference.3190600785.offer": "WindowsServer",
                            "storage_image_reference.3190600785.publisher": "MicrosoftWindowsServer",
                            "storage_image_reference.3190600785.sku": "2019-Datacenter",
                            "storage_image_reference.3190600785.version": "latest",
                            "storage_os_disk.#": "1",
                            "storage_os_disk.0.caching": "ReadWrite",
                            "storage_os_disk.0.create_option": "FromImage",
                            "storage_os_disk.0.disk_size_gb": "127",
                            "storage_os_disk.0.image_uri": "",
                            "storage_os_disk.0.managed_disk_id": "/subscriptions/57b13db8-88cf-4fe6-924b-ae10dc6fadee/resourceGroups/jws2019-rg/providers/Microsoft.Compute/disks/ws-disk1",
                            "storage_os_disk.0.managed_disk_type": "Premium_LRS",
                            "storage_os_disk.0.name": "ws-disk1",
                            "storage_os_disk.0.os_type": "Windows",
                            "storage_os_disk.0.vhd_uri": "",
                            "storage_os_disk.0.write_accelerator_enabled": "false",
                            "tags.%": "0",
                            "vm_size": "Standard_B2ms",
                            "zones.#": "0"
                        },
                        "meta": {},
                        "tainted": false
                    },
                    "deposed": [],
                    "provider": "provider.azurerm"
                },
                "azurerm_virtual_machine.ws.10": {
                    "type": "azurerm_virtual_machine",
                    "depends_on": [
                        "azurerm_availability_set.avset",
                        "azurerm_network_interface.windows-workstation-nic.*",
                        "azurerm_resource_group.rg"
                    ],
                    "primary": {
                        "id": "/subscriptions/57b13db8-88cf-4fe6-924b-ae10dc6fadee/resourceGroups/jws2019-rg/providers/Microsoft.Compute/virtualMachines/ws-10",
                        "attributes": {
                            "availability_set_id": "/subscriptions/57b13db8-88cf-4fe6-924b-ae10dc6fadee/resourcegroups/jws2019-rg/providers/microsoft.compute/availabilitysets/jws2019avset",
                            "delete_data_disks_on_termination": "true",
                            "delete_os_disk_on_termination": "true",
                            "id": "/subscriptions/57b13db8-88cf-4fe6-924b-ae10dc6fadee/resourceGroups/jws2019-rg/providers/Microsoft.Compute/virtualMachines/ws-10",
                            "identity.#": "0",
                            "location": "westeurope",
                            "name": "ws-10",
                            "network_interface_ids.#": "1",
                            "network_interface_ids.0": "/subscriptions/57b13db8-88cf-4fe6-924b-ae10dc6fadee/resourceGroups/jws2019-rg/providers/Microsoft.Network/networkInterfaces/windows-workstation-nic10",
                            "os_profile.#": "1",
                            "os_profile.1921134124.admin_password": "",
                            "os_profile.1921134124.admin_username": "workshop",
                            "os_profile.1921134124.computer_name": "ws-10",
                            "os_profile.1921134124.custom_data": "",
                            "os_profile_linux_config.#": "0",
                            "os_profile_secrets.#": "0",
                            "os_profile_windows_config.#": "1",
                            "os_profile_windows_config.3143587113.additional_unattend_config.#": "0",
                            "os_profile_windows_config.3143587113.enable_automatic_upgrades": "false",
                            "os_profile_windows_config.3143587113.provision_vm_agent": "true",
                            "os_profile_windows_config.3143587113.timezone": "",
                            "os_profile_windows_config.3143587113.winrm.#": "0",
                            "plan.#": "0",
                            "resource_group_name": "jws2019-rg",
                            "storage_data_disk.#": "0",
                            "storage_image_reference.#": "1",
                            "storage_image_reference.3190600785.id": "",
                            "storage_image_reference.3190600785.offer": "WindowsServer",
                            "storage_image_reference.3190600785.publisher": "MicrosoftWindowsServer",
                            "storage_image_reference.3190600785.sku": "2019-Datacenter",
                            "storage_image_reference.3190600785.version": "latest",
                            "storage_os_disk.#": "1",
                            "storage_os_disk.0.caching": "ReadWrite",
                            "storage_os_disk.0.create_option": "FromImage",
                            "storage_os_disk.0.disk_size_gb": "127",
                            "storage_os_disk.0.image_uri": "",
                            "storage_os_disk.0.managed_disk_id": "/subscriptions/57b13db8-88cf-4fe6-924b-ae10dc6fadee/resourceGroups/jws2019-rg/providers/Microsoft.Compute/disks/ws-disk10",
                            "storage_os_disk.0.managed_disk_type": "Premium_LRS",
                            "storage_os_disk.0.name": "ws-disk10",
                            "storage_os_disk.0.os_type": "Windows",
                            "storage_os_disk.0.vhd_uri": "",
                            "storage_os_disk.0.write_accelerator_enabled": "false",
                            "tags.%": "0",
                            "vm_size": "Standard_B2ms",
                            "zones.#": "0"
                        },
                        "meta": {},
                        "tainted": false
                    },
                    "deposed": [],
                    "provider": "provider.azurerm"
                },
                "azurerm_virtual_machine.ws.11": {
                    "type": "azurerm_virtual_machine",
                    "depends_on": [
                        "azurerm_availability_set.avset",
                        "azurerm_network_interface.windows-workstation-nic.*",
                        "azurerm_resource_group.rg"
                    ],
                    "primary": {
                        "id": "",
                        "attributes": {},
                        "meta": {},
                        "tainted": false
                    },
                    "deposed": [],
                    "provider": "provider.azurerm"
                },
                "azurerm_virtual_machine.ws.12": {
                    "type": "azurerm_virtual_machine",
                    "depends_on": [
                        "azurerm_availability_set.avset",
                        "azurerm_network_interface.windows-workstation-nic.*",
                        "azurerm_resource_group.rg"
                    ],
                    "primary": {
                        "id": "/subscriptions/57b13db8-88cf-4fe6-924b-ae10dc6fadee/resourceGroups/jws2019-rg/providers/Microsoft.Compute/virtualMachines/ws-12",
                        "attributes": {
                            "availability_set_id": "/subscriptions/57b13db8-88cf-4fe6-924b-ae10dc6fadee/resourcegroups/jws2019-rg/providers/microsoft.compute/availabilitysets/jws2019avset",
                            "delete_data_disks_on_termination": "true",
                            "delete_os_disk_on_termination": "true",
                            "id": "/subscriptions/57b13db8-88cf-4fe6-924b-ae10dc6fadee/resourceGroups/jws2019-rg/providers/Microsoft.Compute/virtualMachines/ws-12",
                            "identity.#": "0",
                            "location": "westeurope",
                            "name": "ws-12",
                            "network_interface_ids.#": "1",
                            "network_interface_ids.0": "/subscriptions/57b13db8-88cf-4fe6-924b-ae10dc6fadee/resourceGroups/jws2019-rg/providers/Microsoft.Network/networkInterfaces/windows-workstation-nic12",
                            "os_profile.#": "1",
                            "os_profile.1085557934.admin_password": "",
                            "os_profile.1085557934.admin_username": "workshop",
                            "os_profile.1085557934.computer_name": "ws-12",
                            "os_profile.1085557934.custom_data": "",
                            "os_profile_linux_config.#": "0",
                            "os_profile_secrets.#": "0",
                            "os_profile_windows_config.#": "1",
                            "os_profile_windows_config.3143587113.additional_unattend_config.#": "0",
                            "os_profile_windows_config.3143587113.enable_automatic_upgrades": "false",
                            "os_profile_windows_config.3143587113.provision_vm_agent": "true",
                            "os_profile_windows_config.3143587113.timezone": "",
                            "os_profile_windows_config.3143587113.winrm.#": "0",
                            "plan.#": "0",
                            "resource_group_name": "jws2019-rg",
                            "storage_data_disk.#": "0",
                            "storage_image_reference.#": "1",
                            "storage_image_reference.3190600785.id": "",
                            "storage_image_reference.3190600785.offer": "WindowsServer",
                            "storage_image_reference.3190600785.publisher": "MicrosoftWindowsServer",
                            "storage_image_reference.3190600785.sku": "2019-Datacenter",
                            "storage_image_reference.3190600785.version": "latest",
                            "storage_os_disk.#": "1",
                            "storage_os_disk.0.caching": "ReadWrite",
                            "storage_os_disk.0.create_option": "FromImage",
                            "storage_os_disk.0.disk_size_gb": "127",
                            "storage_os_disk.0.image_uri": "",
                            "storage_os_disk.0.managed_disk_id": "/subscriptions/57b13db8-88cf-4fe6-924b-ae10dc6fadee/resourceGroups/jws2019-rg/providers/Microsoft.Compute/disks/ws-disk12",
                            "storage_os_disk.0.managed_disk_type": "Premium_LRS",
                            "storage_os_disk.0.name": "ws-disk12",
                            "storage_os_disk.0.os_type": "Windows",
                            "storage_os_disk.0.vhd_uri": "",
                            "storage_os_disk.0.write_accelerator_enabled": "false",
                            "tags.%": "0",
                            "vm_size": "Standard_B2ms",
                            "zones.#": "0"
                        },
                        "meta": {},
                        "tainted": false
                    },
                    "deposed": [],
                    "provider": "provider.azurerm"
                },
                "azurerm_virtual_machine.ws.13": {
                    "type": "azurerm_virtual_machine",
                    "depends_on": [
                        "azurerm_availability_set.avset",
                        "azurerm_network_interface.windows-workstation-nic.*",
                        "azurerm_resource_group.rg"
                    ],
                    "primary": {
                        "id": "/subscriptions/57b13db8-88cf-4fe6-924b-ae10dc6fadee/resourceGroups/jws2019-rg/providers/Microsoft.Compute/virtualMachines/ws-13",
                        "attributes": {
                            "availability_set_id": "/subscriptions/57b13db8-88cf-4fe6-924b-ae10dc6fadee/resourcegroups/jws2019-rg/providers/microsoft.compute/availabilitysets/jws2019avset",
                            "delete_data_disks_on_termination": "true",
                            "delete_os_disk_on_termination": "true",
                            "id": "/subscriptions/57b13db8-88cf-4fe6-924b-ae10dc6fadee/resourceGroups/jws2019-rg/providers/Microsoft.Compute/virtualMachines/ws-13",
                            "identity.#": "0",
                            "location": "westeurope",
                            "name": "ws-13",
                            "network_interface_ids.#": "1",
                            "network_interface_ids.0": "/subscriptions/57b13db8-88cf-4fe6-924b-ae10dc6fadee/resourceGroups/jws2019-rg/providers/Microsoft.Network/networkInterfaces/windows-workstation-nic13",
                            "os_profile.#": "1",
                            "os_profile.1504673263.admin_password": "",
                            "os_profile.1504673263.admin_username": "workshop",
                            "os_profile.1504673263.computer_name": "ws-13",
                            "os_profile.1504673263.custom_data": "",
                            "os_profile_linux_config.#": "0",
                            "os_profile_secrets.#": "0",
                            "os_profile_windows_config.#": "1",
                            "os_profile_windows_config.3143587113.additional_unattend_config.#": "0",
                            "os_profile_windows_config.3143587113.enable_automatic_upgrades": "false",
                            "os_profile_windows_config.3143587113.provision_vm_agent": "true",
                            "os_profile_windows_config.3143587113.timezone": "",
                            "os_profile_windows_config.3143587113.winrm.#": "0",
                            "plan.#": "0",
                            "resource_group_name": "jws2019-rg",
                            "storage_data_disk.#": "0",
                            "storage_image_reference.#": "1",
                            "storage_image_reference.3190600785.id": "",
                            "storage_image_reference.3190600785.offer": "WindowsServer",
                            "storage_image_reference.3190600785.publisher": "MicrosoftWindowsServer",
                            "storage_image_reference.3190600785.sku": "2019-Datacenter",
                            "storage_image_reference.3190600785.version": "latest",
                            "storage_os_disk.#": "1",
                            "storage_os_disk.0.caching": "ReadWrite",
                            "storage_os_disk.0.create_option": "FromImage",
                            "storage_os_disk.0.disk_size_gb": "127",
                            "storage_os_disk.0.image_uri": "",
                            "storage_os_disk.0.managed_disk_id": "/subscriptions/57b13db8-88cf-4fe6-924b-ae10dc6fadee/resourceGroups/jws2019-rg/providers/Microsoft.Compute/disks/ws-disk13",
                            "storage_os_disk.0.managed_disk_type": "Premium_LRS",
                            "storage_os_disk.0.name": "ws-disk13",
                            "storage_os_disk.0.os_type": "Windows",
                            "storage_os_disk.0.vhd_uri": "",
                            "storage_os_disk.0.write_accelerator_enabled": "false",
                            "tags.%": "0",
                            "vm_size": "Standard_B2ms",
                            "zones.#": "0"
                        },
                        "meta": {},
                        "tainted": false
                    },
                    "deposed": [],
                    "provider": "provider.azurerm"
                },
                "azurerm_virtual_machine.ws.14": {
                    "type": "azurerm_virtual_machine",
                    "depends_on": [
                        "azurerm_availability_set.avset",
                        "azurerm_network_interface.windows-workstation-nic.*",
                        "azurerm_resource_group.rg"
                    ],
                    "primary": {
                        "id": "/subscriptions/57b13db8-88cf-4fe6-924b-ae10dc6fadee/resourceGroups/jws2019-rg/providers/Microsoft.Compute/virtualMachines/ws-14",
                        "attributes": {
                            "availability_set_id": "/subscriptions/57b13db8-88cf-4fe6-924b-ae10dc6fadee/resourcegroups/jws2019-rg/providers/microsoft.compute/availabilitysets/jws2019avset",
                            "delete_data_disks_on_termination": "true",
                            "delete_os_disk_on_termination": "true",
                            "id": "/subscriptions/57b13db8-88cf-4fe6-924b-ae10dc6fadee/resourceGroups/jws2019-rg/providers/Microsoft.Compute/virtualMachines/ws-14",
                            "identity.#": "0",
                            "location": "westeurope",
                            "name": "ws-14",
                            "network_interface_ids.#": "1",
                            "network_interface_ids.0": "/subscriptions/57b13db8-88cf-4fe6-924b-ae10dc6fadee/resourceGroups/jws2019-rg/providers/Microsoft.Network/networkInterfaces/windows-workstation-nic14",
                            "os_profile.#": "1",
                            "os_profile.384756520.admin_password": "",
                            "os_profile.384756520.admin_username": "workshop",
                            "os_profile.384756520.computer_name": "ws-14",
                            "os_profile.384756520.custom_data": "",
                            "os_profile_linux_config.#": "0",
                            "os_profile_secrets.#": "0",
                            "os_profile_windows_config.#": "1",
                            "os_profile_windows_config.3143587113.additional_unattend_config.#": "0",
                            "os_profile_windows_config.3143587113.enable_automatic_upgrades": "false",
                            "os_profile_windows_config.3143587113.provision_vm_agent": "true",
                            "os_profile_windows_config.3143587113.timezone": "",
                            "os_profile_windows_config.3143587113.winrm.#": "0",
                            "plan.#": "0",
                            "resource_group_name": "jws2019-rg",
                            "storage_data_disk.#": "0",
                            "storage_image_reference.#": "1",
                            "storage_image_reference.3190600785.id": "",
                            "storage_image_reference.3190600785.offer": "WindowsServer",
                            "storage_image_reference.3190600785.publisher": "MicrosoftWindowsServer",
                            "storage_image_reference.3190600785.sku": "2019-Datacenter",
                            "storage_image_reference.3190600785.version": "latest",
                            "storage_os_disk.#": "1",
                            "storage_os_disk.0.caching": "ReadWrite",
                            "storage_os_disk.0.create_option": "FromImage",
                            "storage_os_disk.0.disk_size_gb": "127",
                            "storage_os_disk.0.image_uri": "",
                            "storage_os_disk.0.managed_disk_id": "/subscriptions/57b13db8-88cf-4fe6-924b-ae10dc6fadee/resourceGroups/jws2019-rg/providers/Microsoft.Compute/disks/ws-disk14",
                            "storage_os_disk.0.managed_disk_type": "Premium_LRS",
                            "storage_os_disk.0.name": "ws-disk14",
                            "storage_os_disk.0.os_type": "Windows",
                            "storage_os_disk.0.vhd_uri": "",
                            "storage_os_disk.0.write_accelerator_enabled": "false",
                            "tags.%": "0",
                            "vm_size": "Standard_B2ms",
                            "zones.#": "0"
                        },
                        "meta": {},
                        "tainted": false
                    },
                    "deposed": [],
                    "provider": "provider.azurerm"
                },
                "azurerm_virtual_machine.ws.15": {
                    "type": "azurerm_virtual_machine",
                    "depends_on": [
                        "azurerm_availability_set.avset",
                        "azurerm_network_interface.windows-workstation-nic.*",
                        "azurerm_resource_group.rg"
                    ],
                    "primary": {
                        "id": "/subscriptions/57b13db8-88cf-4fe6-924b-ae10dc6fadee/resourceGroups/jws2019-rg/providers/Microsoft.Compute/virtualMachines/ws-15",
                        "attributes": {
                            "availability_set_id": "/subscriptions/57b13db8-88cf-4fe6-924b-ae10dc6fadee/resourcegroups/jws2019-rg/providers/microsoft.compute/availabilitysets/jws2019avset",
                            "delete_data_disks_on_termination": "true",
                            "delete_os_disk_on_termination": "true",
                            "id": "/subscriptions/57b13db8-88cf-4fe6-924b-ae10dc6fadee/resourceGroups/jws2019-rg/providers/Microsoft.Compute/virtualMachines/ws-15",
                            "identity.#": "0",
                            "location": "westeurope",
                            "name": "ws-15",
                            "network_interface_ids.#": "1",
                            "network_interface_ids.0": "/subscriptions/57b13db8-88cf-4fe6-924b-ae10dc6fadee/resourceGroups/jws2019-rg/providers/Microsoft.Network/networkInterfaces/windows-workstation-nic15",
                            "os_profile.#": "1",
                            "os_profile.267770473.admin_password": "",
                            "os_profile.267770473.admin_username": "workshop",
                            "os_profile.267770473.computer_name": "ws-15",
                            "os_profile.267770473.custom_data": "",
                            "os_profile_linux_config.#": "0",
                            "os_profile_secrets.#": "0",
                            "os_profile_windows_config.#": "1",
                            "os_profile_windows_config.3143587113.additional_unattend_config.#": "0",
                            "os_profile_windows_config.3143587113.enable_automatic_upgrades": "false",
                            "os_profile_windows_config.3143587113.provision_vm_agent": "true",
                            "os_profile_windows_config.3143587113.timezone": "",
                            "os_profile_windows_config.3143587113.winrm.#": "0",
                            "plan.#": "0",
                            "resource_group_name": "jws2019-rg",
                            "storage_data_disk.#": "0",
                            "storage_image_reference.#": "1",
                            "storage_image_reference.3190600785.id": "",
                            "storage_image_reference.3190600785.offer": "WindowsServer",
                            "storage_image_reference.3190600785.publisher": "MicrosoftWindowsServer",
                            "storage_image_reference.3190600785.sku": "2019-Datacenter",
                            "storage_image_reference.3190600785.version": "latest",
                            "storage_os_disk.#": "1",
                            "storage_os_disk.0.caching": "ReadWrite",
                            "storage_os_disk.0.create_option": "FromImage",
                            "storage_os_disk.0.disk_size_gb": "127",
                            "storage_os_disk.0.image_uri": "",
                            "storage_os_disk.0.managed_disk_id": "/subscriptions/57b13db8-88cf-4fe6-924b-ae10dc6fadee/resourceGroups/jws2019-rg/providers/Microsoft.Compute/disks/ws-disk15",
                            "storage_os_disk.0.managed_disk_type": "Premium_LRS",
                            "storage_os_disk.0.name": "ws-disk15",
                            "storage_os_disk.0.os_type": "Windows",
                            "storage_os_disk.0.vhd_uri": "",
                            "storage_os_disk.0.write_accelerator_enabled": "false",
                            "tags.%": "0",
                            "vm_size": "Standard_B2ms",
                            "zones.#": "0"
                        },
                        "meta": {},
                        "tainted": false
                    },
                    "deposed": [],
                    "provider": "provider.azurerm"
                },
                "azurerm_virtual_machine.ws.16": {
                    "type": "azurerm_virtual_machine",
                    "depends_on": [
                        "azurerm_availability_set.avset",
                        "azurerm_network_interface.windows-workstation-nic.*",
                        "azurerm_resource_group.rg"
                    ],
                    "primary": {
                        "id": "",
                        "attributes": {},
                        "meta": {},
                        "tainted": false
                    },
                    "deposed": [],
                    "provider": "provider.azurerm"
                },
                "azurerm_virtual_machine.ws.17": {
                    "type": "azurerm_virtual_machine",
                    "depends_on": [
                        "azurerm_availability_set.avset",
                        "azurerm_network_interface.windows-workstation-nic.*",
                        "azurerm_resource_group.rg"
                    ],
                    "primary": {
                        "id": "",
                        "attributes": {},
                        "meta": {},
                        "tainted": false
                    },
                    "deposed": [],
                    "provider": "provider.azurerm"
                },
                "azurerm_virtual_machine.ws.2": {
                    "type": "azurerm_virtual_machine",
                    "depends_on": [
                        "azurerm_availability_set.avset",
                        "azurerm_network_interface.windows-workstation-nic.*",
                        "azurerm_resource_group.rg"
                    ],
                    "primary": {
                        "id": "/subscriptions/57b13db8-88cf-4fe6-924b-ae10dc6fadee/resourceGroups/jws2019-rg/providers/Microsoft.Compute/virtualMachines/ws-2",
                        "attributes": {
                            "availability_set_id": "/subscriptions/57b13db8-88cf-4fe6-924b-ae10dc6fadee/resourcegroups/jws2019-rg/providers/microsoft.compute/availabilitysets/jws2019avset",
                            "delete_data_disks_on_termination": "true",
                            "delete_os_disk_on_termination": "true",
                            "id": "/subscriptions/57b13db8-88cf-4fe6-924b-ae10dc6fadee/resourceGroups/jws2019-rg/providers/Microsoft.Compute/virtualMachines/ws-2",
                            "identity.#": "0",
                            "location": "westeurope",
                            "name": "ws-2",
                            "network_interface_ids.#": "1",
                            "network_interface_ids.0": "/subscriptions/57b13db8-88cf-4fe6-924b-ae10dc6fadee/resourceGroups/jws2019-rg/providers/Microsoft.Network/networkInterfaces/windows-workstation-nic2",
                            "os_profile.#": "1",
                            "os_profile.3255363287.admin_password": "",
                            "os_profile.3255363287.admin_username": "workshop",
                            "os_profile.3255363287.computer_name": "ws-2",
                            "os_profile.3255363287.custom_data": "",
                            "os_profile_linux_config.#": "0",
                            "os_profile_secrets.#": "0",
                            "os_profile_windows_config.#": "1",
                            "os_profile_windows_config.3143587113.additional_unattend_config.#": "0",
                            "os_profile_windows_config.3143587113.enable_automatic_upgrades": "false",
                            "os_profile_windows_config.3143587113.provision_vm_agent": "true",
                            "os_profile_windows_config.3143587113.timezone": "",
                            "os_profile_windows_config.3143587113.winrm.#": "0",
                            "plan.#": "0",
                            "resource_group_name": "jws2019-rg",
                            "storage_data_disk.#": "0",
                            "storage_image_reference.#": "1",
                            "storage_image_reference.3190600785.id": "",
                            "storage_image_reference.3190600785.offer": "WindowsServer",
                            "storage_image_reference.3190600785.publisher": "MicrosoftWindowsServer",
                            "storage_image_reference.3190600785.sku": "2019-Datacenter",
                            "storage_image_reference.3190600785.version": "latest",
                            "storage_os_disk.#": "1",
                            "storage_os_disk.0.caching": "ReadWrite",
                            "storage_os_disk.0.create_option": "FromImage",
                            "storage_os_disk.0.disk_size_gb": "127",
                            "storage_os_disk.0.image_uri": "",
                            "storage_os_disk.0.managed_disk_id": "/subscriptions/57b13db8-88cf-4fe6-924b-ae10dc6fadee/resourceGroups/jws2019-rg/providers/Microsoft.Compute/disks/ws-disk2",
                            "storage_os_disk.0.managed_disk_type": "Premium_LRS",
                            "storage_os_disk.0.name": "ws-disk2",
                            "storage_os_disk.0.os_type": "Windows",
                            "storage_os_disk.0.vhd_uri": "",
                            "storage_os_disk.0.write_accelerator_enabled": "false",
                            "tags.%": "0",
                            "vm_size": "Standard_B2ms",
                            "zones.#": "0"
                        },
                        "meta": {},
                        "tainted": false
                    },
                    "deposed": [],
                    "provider": "provider.azurerm"
                },
                "azurerm_virtual_machine.ws.3": {
                    "type": "azurerm_virtual_machine",
                    "depends_on": [
                        "azurerm_availability_set.avset",
                        "azurerm_network_interface.windows-workstation-nic.*",
                        "azurerm_resource_group.rg"
                    ],
                    "primary": {
                        "id": "/subscriptions/57b13db8-88cf-4fe6-924b-ae10dc6fadee/resourceGroups/jws2019-rg/providers/Microsoft.Compute/virtualMachines/ws-3",
                        "attributes": {
                            "availability_set_id": "/subscriptions/57b13db8-88cf-4fe6-924b-ae10dc6fadee/resourcegroups/jws2019-rg/providers/microsoft.compute/availabilitysets/jws2019avset",
                            "delete_data_disks_on_termination": "true",
                            "delete_os_disk_on_termination": "true",
                            "id": "/subscriptions/57b13db8-88cf-4fe6-924b-ae10dc6fadee/resourceGroups/jws2019-rg/providers/Microsoft.Compute/virtualMachines/ws-3",
                            "identity.#": "0",
                            "location": "westeurope",
                            "name": "ws-3",
                            "network_interface_ids.#": "1",
                            "network_interface_ids.0": "/subscriptions/57b13db8-88cf-4fe6-924b-ae10dc6fadee/resourceGroups/jws2019-rg/providers/Microsoft.Network/networkInterfaces/windows-workstation-nic3",
                            "os_profile.#": "1",
                            "os_profile.3675510678.admin_password": "",
                            "os_profile.3675510678.admin_username": "workshop",
                            "os_profile.3675510678.computer_name": "ws-3",
                            "os_profile.3675510678.custom_data": "",
                            "os_profile_linux_config.#": "0",
                            "os_profile_secrets.#": "0",
                            "os_profile_windows_config.#": "1",
                            "os_profile_windows_config.3143587113.additional_unattend_config.#": "0",
                            "os_profile_windows_config.3143587113.enable_automatic_upgrades": "false",
                            "os_profile_windows_config.3143587113.provision_vm_agent": "true",
                            "os_profile_windows_config.3143587113.timezone": "",
                            "os_profile_windows_config.3143587113.winrm.#": "0",
                            "plan.#": "0",
                            "resource_group_name": "jws2019-rg",
                            "storage_data_disk.#": "0",
                            "storage_image_reference.#": "1",
                            "storage_image_reference.3190600785.id": "",
                            "storage_image_reference.3190600785.offer": "WindowsServer",
                            "storage_image_reference.3190600785.publisher": "MicrosoftWindowsServer",
                            "storage_image_reference.3190600785.sku": "2019-Datacenter",
                            "storage_image_reference.3190600785.version": "latest",
                            "storage_os_disk.#": "1",
                            "storage_os_disk.0.caching": "ReadWrite",
                            "storage_os_disk.0.create_option": "FromImage",
                            "storage_os_disk.0.disk_size_gb": "127",
                            "storage_os_disk.0.image_uri": "",
                            "storage_os_disk.0.managed_disk_id": "/subscriptions/57b13db8-88cf-4fe6-924b-ae10dc6fadee/resourceGroups/jws2019-rg/providers/Microsoft.Compute/disks/ws-disk3",
                            "storage_os_disk.0.managed_disk_type": "Premium_LRS",
                            "storage_os_disk.0.name": "ws-disk3",
                            "storage_os_disk.0.os_type": "Windows",
                            "storage_os_disk.0.vhd_uri": "",
                            "storage_os_disk.0.write_accelerator_enabled": "false",
                            "tags.%": "0",
                            "vm_size": "Standard_B2ms",
                            "zones.#": "0"
                        },
                        "meta": {},
                        "tainted": false
                    },
                    "deposed": [],
                    "provider": "provider.azurerm"
                },
                "azurerm_virtual_machine.ws.4": {
                    "type": "azurerm_virtual_machine",
                    "depends_on": [
                        "azurerm_availability_set.avset",
                        "azurerm_network_interface.windows-workstation-nic.*",
                        "azurerm_resource_group.rg"
                    ],
                    "primary": {
                        "id": "",
                        "attributes": {},
                        "meta": {},
                        "tainted": false
                    },
                    "deposed": [],
                    "provider": "provider.azurerm"
                },
                "azurerm_virtual_machine.ws.5": {
                    "type": "azurerm_virtual_machine",
                    "depends_on": [
                        "azurerm_availability_set.avset",
                        "azurerm_network_interface.windows-workstation-nic.*",
                        "azurerm_resource_group.rg"
                    ],
                    "primary": {
                        "id": "/subscriptions/57b13db8-88cf-4fe6-924b-ae10dc6fadee/resourceGroups/jws2019-rg/providers/Microsoft.Compute/virtualMachines/ws-5",
                        "attributes": {
                            "availability_set_id": "/subscriptions/57b13db8-88cf-4fe6-924b-ae10dc6fadee/resourcegroups/jws2019-rg/providers/microsoft.compute/availabilitysets/jws2019avset",
                            "delete_data_disks_on_termination": "true",
                            "delete_os_disk_on_termination": "true",
                            "id": "/subscriptions/57b13db8-88cf-4fe6-924b-ae10dc6fadee/resourceGroups/jws2019-rg/providers/Microsoft.Compute/virtualMachines/ws-5",
                            "identity.#": "0",
                            "location": "westeurope",
                            "name": "ws-5",
                            "network_interface_ids.#": "1",
                            "network_interface_ids.0": "/subscriptions/57b13db8-88cf-4fe6-924b-ae10dc6fadee/resourceGroups/jws2019-rg/providers/Microsoft.Network/networkInterfaces/windows-workstation-nic5",
                            "os_profile.#": "1",
                            "os_profile.2370400272.admin_password": "",
                            "os_profile.2370400272.admin_username": "workshop",
                            "os_profile.2370400272.computer_name": "ws-5",
                            "os_profile.2370400272.custom_data": "",
                            "os_profile_linux_config.#": "0",
                            "os_profile_secrets.#": "0",
                            "os_profile_windows_config.#": "1",
                            "os_profile_windows_config.3143587113.additional_unattend_config.#": "0",
                            "os_profile_windows_config.3143587113.enable_automatic_upgrades": "false",
                            "os_profile_windows_config.3143587113.provision_vm_agent": "true",
                            "os_profile_windows_config.3143587113.timezone": "",
                            "os_profile_windows_config.3143587113.winrm.#": "0",
                            "plan.#": "0",
                            "resource_group_name": "jws2019-rg",
                            "storage_data_disk.#": "0",
                            "storage_image_reference.#": "1",
                            "storage_image_reference.3190600785.id": "",
                            "storage_image_reference.3190600785.offer": "WindowsServer",
                            "storage_image_reference.3190600785.publisher": "MicrosoftWindowsServer",
                            "storage_image_reference.3190600785.sku": "2019-Datacenter",
                            "storage_image_reference.3190600785.version": "latest",
                            "storage_os_disk.#": "1",
                            "storage_os_disk.0.caching": "ReadWrite",
                            "storage_os_disk.0.create_option": "FromImage",
                            "storage_os_disk.0.disk_size_gb": "127",
                            "storage_os_disk.0.image_uri": "",
                            "storage_os_disk.0.managed_disk_id": "/subscriptions/57b13db8-88cf-4fe6-924b-ae10dc6fadee/resourceGroups/jws2019-rg/providers/Microsoft.Compute/disks/ws-disk5",
                            "storage_os_disk.0.managed_disk_type": "Premium_LRS",
                            "storage_os_disk.0.name": "ws-disk5",
                            "storage_os_disk.0.os_type": "Windows",
                            "storage_os_disk.0.vhd_uri": "",
                            "storage_os_disk.0.write_accelerator_enabled": "false",
                            "tags.%": "0",
                            "vm_size": "Standard_B2ms",
                            "zones.#": "0"
                        },
                        "meta": {},
                        "tainted": false
                    },
                    "deposed": [],
                    "provider": "provider.azurerm"
                },
                "azurerm_virtual_machine.ws.6": {
                    "type": "azurerm_virtual_machine",
                    "depends_on": [
                        "azurerm_availability_set.avset",
                        "azurerm_network_interface.windows-workstation-nic.*",
                        "azurerm_resource_group.rg"
                    ],
                    "primary": {
                        "id": "/subscriptions/57b13db8-88cf-4fe6-924b-ae10dc6fadee/resourceGroups/jws2019-rg/providers/Microsoft.Compute/virtualMachines/ws-6",
                        "attributes": {
                            "availability_set_id": "/subscriptions/57b13db8-88cf-4fe6-924b-ae10dc6fadee/resourcegroups/jws2019-rg/providers/microsoft.compute/availabilitysets/jws2019avset",
                            "delete_data_disks_on_termination": "true",
                            "delete_os_disk_on_termination": "true",
                            "id": "/subscriptions/57b13db8-88cf-4fe6-924b-ae10dc6fadee/resourceGroups/jws2019-rg/providers/Microsoft.Compute/virtualMachines/ws-6",
                            "identity.#": "0",
                            "location": "westeurope",
                            "name": "ws-6",
                            "network_interface_ids.#": "1",
                            "network_interface_ids.0": "/subscriptions/57b13db8-88cf-4fe6-924b-ae10dc6fadee/resourceGroups/jws2019-rg/providers/Microsoft.Network/networkInterfaces/windows-workstation-nic6",
                            "os_profile.#": "1",
                            "os_profile.2791580627.admin_password": "",
                            "os_profile.2791580627.admin_username": "workshop",
                            "os_profile.2791580627.computer_name": "ws-6",
                            "os_profile.2791580627.custom_data": "",
                            "os_profile_linux_config.#": "0",
                            "os_profile_secrets.#": "0",
                            "os_profile_windows_config.#": "1",
                            "os_profile_windows_config.3143587113.additional_unattend_config.#": "0",
                            "os_profile_windows_config.3143587113.enable_automatic_upgrades": "false",
                            "os_profile_windows_config.3143587113.provision_vm_agent": "true",
                            "os_profile_windows_config.3143587113.timezone": "",
                            "os_profile_windows_config.3143587113.winrm.#": "0",
                            "plan.#": "0",
                            "resource_group_name": "jws2019-rg",
                            "storage_data_disk.#": "0",
                            "storage_image_reference.#": "1",
                            "storage_image_reference.3190600785.id": "",
                            "storage_image_reference.3190600785.offer": "WindowsServer",
                            "storage_image_reference.3190600785.publisher": "MicrosoftWindowsServer",
                            "storage_image_reference.3190600785.sku": "2019-Datacenter",
                            "storage_image_reference.3190600785.version": "latest",
                            "storage_os_disk.#": "1",
                            "storage_os_disk.0.caching": "ReadWrite",
                            "storage_os_disk.0.create_option": "FromImage",
                            "storage_os_disk.0.disk_size_gb": "127",
                            "storage_os_disk.0.image_uri": "",
                            "storage_os_disk.0.managed_disk_id": "/subscriptions/57b13db8-88cf-4fe6-924b-ae10dc6fadee/resourceGroups/jws2019-rg/providers/Microsoft.Compute/disks/ws-disk6",
                            "storage_os_disk.0.managed_disk_type": "Premium_LRS",
                            "storage_os_disk.0.name": "ws-disk6",
                            "storage_os_disk.0.os_type": "Windows",
                            "storage_os_disk.0.vhd_uri": "",
                            "storage_os_disk.0.write_accelerator_enabled": "false",
                            "tags.%": "0",
                            "vm_size": "Standard_B2ms",
                            "zones.#": "0"
                        },
                        "meta": {},
                        "tainted": false
                    },
                    "deposed": [],
                    "provider": "provider.azurerm"
                },
                "azurerm_virtual_machine.ws.7": {
                    "type": "azurerm_virtual_machine",
                    "depends_on": [
                        "azurerm_availability_set.avset",
                        "azurerm_network_interface.windows-workstation-nic.*",
                        "azurerm_resource_group.rg"
                    ],
                    "primary": {
                        "id": "",
                        "attributes": {},
                        "meta": {},
                        "tainted": false
                    },
                    "deposed": [],
                    "provider": "provider.azurerm"
                },
                "azurerm_virtual_machine.ws.8": {
                    "type": "azurerm_virtual_machine",
                    "depends_on": [
                        "azurerm_availability_set.avset",
                        "azurerm_network_interface.windows-workstation-nic.*",
                        "azurerm_resource_group.rg"
                    ],
                    "primary": {
                        "id": "/subscriptions/57b13db8-88cf-4fe6-924b-ae10dc6fadee/resourceGroups/jws2019-rg/providers/Microsoft.Compute/virtualMachines/ws-8",
                        "attributes": {
                            "availability_set_id": "/subscriptions/57b13db8-88cf-4fe6-924b-ae10dc6fadee/resourcegroups/jws2019-rg/providers/microsoft.compute/availabilitysets/jws2019avset",
                            "delete_data_disks_on_termination": "true",
                            "delete_os_disk_on_termination": "true",
                            "id": "/subscriptions/57b13db8-88cf-4fe6-924b-ae10dc6fadee/resourceGroups/jws2019-rg/providers/Microsoft.Compute/virtualMachines/ws-8",
                            "identity.#": "0",
                            "location": "westeurope",
                            "name": "ws-8",
                            "network_interface_ids.#": "1",
                            "network_interface_ids.0": "/subscriptions/57b13db8-88cf-4fe6-924b-ae10dc6fadee/resourceGroups/jws2019-rg/providers/Microsoft.Network/networkInterfaces/windows-workstation-nic8",
                            "os_profile.#": "1",
                            "os_profile.954666589.admin_password": "",
                            "os_profile.954666589.admin_username": "workshop",
                            "os_profile.954666589.computer_name": "ws-8",
                            "os_profile.954666589.custom_data": "",
                            "os_profile_linux_config.#": "0",
                            "os_profile_secrets.#": "0",
                            "os_profile_windows_config.#": "1",
                            "os_profile_windows_config.3143587113.additional_unattend_config.#": "0",
                            "os_profile_windows_config.3143587113.enable_automatic_upgrades": "false",
                            "os_profile_windows_config.3143587113.provision_vm_agent": "true",
                            "os_profile_windows_config.3143587113.timezone": "",
                            "os_profile_windows_config.3143587113.winrm.#": "0",
                            "plan.#": "0",
                            "resource_group_name": "jws2019-rg",
                            "storage_data_disk.#": "0",
                            "storage_image_reference.#": "1",
                            "storage_image_reference.3190600785.id": "",
                            "storage_image_reference.3190600785.offer": "WindowsServer",
                            "storage_image_reference.3190600785.publisher": "MicrosoftWindowsServer",
                            "storage_image_reference.3190600785.sku": "2019-Datacenter",
                            "storage_image_reference.3190600785.version": "latest",
                            "storage_os_disk.#": "1",
                            "storage_os_disk.0.caching": "ReadWrite",
                            "storage_os_disk.0.create_option": "FromImage",
                            "storage_os_disk.0.disk_size_gb": "127",
                            "storage_os_disk.0.image_uri": "",
                            "storage_os_disk.0.managed_disk_id": "/subscriptions/57b13db8-88cf-4fe6-924b-ae10dc6fadee/resourceGroups/jws2019-rg/providers/Microsoft.Compute/disks/ws-disk8",
                            "storage_os_disk.0.managed_disk_type": "Premium_LRS",
                            "storage_os_disk.0.name": "ws-disk8",
                            "storage_os_disk.0.os_type": "Windows",
                            "storage_os_disk.0.vhd_uri": "",
                            "storage_os_disk.0.write_accelerator_enabled": "false",
                            "tags.%": "0",
                            "vm_size": "Standard_B2ms",
                            "zones.#": "0"
                        },
                        "meta": {},
                        "tainted": false
                    },
                    "deposed": [],
                    "provider": "provider.azurerm"
                },
                "azurerm_virtual_machine.ws.9": {
                    "type": "azurerm_virtual_machine",
                    "depends_on": [
                        "azurerm_availability_set.avset",
                        "azurerm_network_interface.windows-workstation-nic.*",
                        "azurerm_resource_group.rg"
                    ],
                    "primary": {
                        "id": "",
                        "attributes": {},
                        "meta": {},
                        "tainted": false
                    },
                    "deposed": [],
                    "provider": "provider.azurerm"
                },
                "azurerm_virtual_network.vnet": {
                    "type": "azurerm_virtual_network",
                    "depends_on": [
                        "azurerm_resource_group.rg"
                    ],
                    "primary": {
                        "id": "/subscriptions/57b13db8-88cf-4fe6-924b-ae10dc6fadee/resourceGroups/jws2019-rg/providers/Microsoft.Network/virtualNetworks/jws2019-vnet",
                        "attributes": {
                            "address_space.#": "1",
                            "address_space.0": "10.0.0.0/16",
                            "ddos_protection_plan.#": "0",
                            "dns_servers.#": "0",
                            "id": "/subscriptions/57b13db8-88cf-4fe6-924b-ae10dc6fadee/resourceGroups/jws2019-rg/providers/Microsoft.Network/virtualNetworks/jws2019-vnet",
                            "location": "westeurope",
                            "name": "jws2019-vnet",
                            "resource_group_name": "jws2019-rg",
                            "subnet.#": "1",
                            "subnet.1156337191.address_prefix": "10.0.10.0/24",
                            "subnet.1156337191.id": "/subscriptions/57b13db8-88cf-4fe6-924b-ae10dc6fadee/resourceGroups/jws2019-rg/providers/Microsoft.Network/virtualNetworks/jws2019-vnet/subnets/jws2019subnet",
                            "subnet.1156337191.name": "jws2019subnet",
                            "subnet.1156337191.security_group": "/subscriptions/57b13db8-88cf-4fe6-924b-ae10dc6fadee/resourceGroups/jws2019-rg/providers/Microsoft.Network/networkSecurityGroups/RDPSecurityGroup1",
                            "tags.%": "0"
                        },
                        "meta": {},
                        "tainted": false
                    },
                    "deposed": [],
                    "provider": "provider.azurerm"
                }
            },
            "depends_on": []
        }
    ]
}
