{
  "version": 4,
  "terraform_version": "0.12.3",
  "serial": 218,
  "lineage": "e7b22216-68c2-afe7-79e0-7a44b080bfc8",
  "outputs": {
    "hostname": {
      "value": "defaulthostname",
      "type": "string"
    }
  },
  "resources": [
    {
      "mode": "managed",
      "type": "azurerm_availability_set",
      "name": "avset",
      "provider": "provider.azurerm",
      "instances": [
        {
          "schema_version": 0,
          "attributes": {
            "id": "/subscriptions/57b13db8-88cf-4fe6-924b-ae10dc6fadee/resourceGroups/jws2019-rg/providers/Microsoft.Compute/availabilitySets/jws2019avset",
            "location": "westeurope",
            "managed": true,
            "name": "jws2019avset",
            "platform_fault_domain_count": 1,
            "platform_update_domain_count": 1,
            "resource_group_name": "jws2019-rg",
            "tags": {}
          },
          "depends_on": [
            "azurerm_resource_group.rg"
          ]
        }
      ]
    },
    {
      "mode": "managed",
      "type": "azurerm_lb",
      "name": "lb",
      "provider": "provider.azurerm",
      "instances": [
        {
          "schema_version": 0,
          "attributes": {
            "frontend_ip_configuration": [
              {
                "inbound_nat_rules": [
                  "/subscriptions/57b13db8-88cf-4fe6-924b-ae10dc6fadee/resourceGroups/jws2019-rg/providers/Microsoft.Network/loadBalancers/jws2019lb/inboundNatRules/RDP-VM-0",
                  "/subscriptions/57b13db8-88cf-4fe6-924b-ae10dc6fadee/resourceGroups/jws2019-rg/providers/Microsoft.Network/loadBalancers/jws2019lb/inboundNatRules/RDP-VM-1",
                  "/subscriptions/57b13db8-88cf-4fe6-924b-ae10dc6fadee/resourceGroups/jws2019-rg/providers/Microsoft.Network/loadBalancers/jws2019lb/inboundNatRules/RDP-VM-10",
                  "/subscriptions/57b13db8-88cf-4fe6-924b-ae10dc6fadee/resourceGroups/jws2019-rg/providers/Microsoft.Network/loadBalancers/jws2019lb/inboundNatRules/RDP-VM-2",
                  "/subscriptions/57b13db8-88cf-4fe6-924b-ae10dc6fadee/resourceGroups/jws2019-rg/providers/Microsoft.Network/loadBalancers/jws2019lb/inboundNatRules/RDP-VM-3",
                  "/subscriptions/57b13db8-88cf-4fe6-924b-ae10dc6fadee/resourceGroups/jws2019-rg/providers/Microsoft.Network/loadBalancers/jws2019lb/inboundNatRules/RDP-VM-4",
                  "/subscriptions/57b13db8-88cf-4fe6-924b-ae10dc6fadee/resourceGroups/jws2019-rg/providers/Microsoft.Network/loadBalancers/jws2019lb/inboundNatRules/RDP-VM-5",
                  "/subscriptions/57b13db8-88cf-4fe6-924b-ae10dc6fadee/resourceGroups/jws2019-rg/providers/Microsoft.Network/loadBalancers/jws2019lb/inboundNatRules/RDP-VM-6",
                  "/subscriptions/57b13db8-88cf-4fe6-924b-ae10dc6fadee/resourceGroups/jws2019-rg/providers/Microsoft.Network/loadBalancers/jws2019lb/inboundNatRules/RDP-VM-7",
                  "/subscriptions/57b13db8-88cf-4fe6-924b-ae10dc6fadee/resourceGroups/jws2019-rg/providers/Microsoft.Network/loadBalancers/jws2019lb/inboundNatRules/RDP-VM-8",
                  "/subscriptions/57b13db8-88cf-4fe6-924b-ae10dc6fadee/resourceGroups/jws2019-rg/providers/Microsoft.Network/loadBalancers/jws2019lb/inboundNatRules/RDP-VM-9"
                ],
                "load_balancer_rules": [],
                "name": "LoadBalancerFrontEnd",
                "outbound_rules": [],
                "private_ip_address": "",
                "private_ip_address_allocation": "Dynamic",
                "public_ip_address_id": "/subscriptions/57b13db8-88cf-4fe6-924b-ae10dc6fadee/resourceGroups/jws2019-rg/providers/Microsoft.Network/publicIPAddresses/jws2019-ip",
                "public_ip_prefix_id": "",
                "subnet_id": "",
                "zones": []
              }
            ],
            "id": "/subscriptions/57b13db8-88cf-4fe6-924b-ae10dc6fadee/resourceGroups/jws2019-rg/providers/Microsoft.Network/loadBalancers/jws2019lb",
            "location": "westeurope",
            "name": "jws2019lb",
            "private_ip_address": "",
            "private_ip_addresses": [],
            "resource_group_name": "jws2019-rg",
            "sku": "Basic",
            "tags": {}
          },
          "depends_on": [
            "azurerm_public_ip.lbpip",
            "azurerm_resource_group.rg"
          ]
        }
      ]
    },
    {
      "mode": "managed",
      "type": "azurerm_lb_backend_address_pool",
      "name": "backend_pool",
      "provider": "provider.azurerm",
      "instances": [
        {
          "schema_version": 0,
          "attributes": {
            "backend_ip_configurations": [],
            "id": "/subscriptions/57b13db8-88cf-4fe6-924b-ae10dc6fadee/resourceGroups/jws2019-rg/providers/Microsoft.Network/loadBalancers/jws2019lb/backendAddressPools/BackendPool1",
            "load_balancing_rules": [],
            "loadbalancer_id": "/subscriptions/57b13db8-88cf-4fe6-924b-ae10dc6fadee/resourceGroups/jws2019-rg/providers/Microsoft.Network/loadBalancers/jws2019lb",
            "location": null,
            "name": "BackendPool1",
            "resource_group_name": "jws2019-rg"
          },
          "depends_on": [
            "azurerm_lb.lb",
            "azurerm_resource_group.rg"
          ]
        }
      ]
    },
    {
      "mode": "managed",
      "type": "azurerm_lb_nat_rule",
      "name": "tcp",
      "each": "list",
      "provider": "provider.azurerm",
      "instances": [
        {
          "index_key": 0,
          "schema_version": 0,
          "attributes": {
            "backend_ip_configuration_id": "/subscriptions/57b13db8-88cf-4fe6-924b-ae10dc6fadee/resourceGroups/jws2019-rg/providers/Microsoft.Network/networkInterfaces/windows-workstation-nic0/ipConfigurations/ipconfig0",
            "backend_port": 3389,
            "enable_floating_ip": false,
            "frontend_ip_configuration_id": "/subscriptions/57b13db8-88cf-4fe6-924b-ae10dc6fadee/resourceGroups/jws2019-rg/providers/Microsoft.Network/loadBalancers/jws2019lb/frontendIPConfigurations/LoadBalancerFrontEnd",
            "frontend_ip_configuration_name": "LoadBalancerFrontEnd",
            "frontend_port": 50000,
            "id": "/subscriptions/57b13db8-88cf-4fe6-924b-ae10dc6fadee/resourceGroups/jws2019-rg/providers/Microsoft.Network/loadBalancers/jws2019lb/inboundNatRules/RDP-VM-0",
            "loadbalancer_id": "/subscriptions/57b13db8-88cf-4fe6-924b-ae10dc6fadee/resourceGroups/jws2019-rg/providers/Microsoft.Network/loadBalancers/jws2019lb",
            "location": null,
            "name": "RDP-VM-0",
            "protocol": "Tcp",
            "resource_group_name": "jws2019-rg"
          },
          "depends_on": [
            "azurerm_lb.lb",
            "azurerm_resource_group.rg"
          ]
        },
        {
          "index_key": 1,
          "schema_version": 0,
          "attributes": {
            "backend_ip_configuration_id": "/subscriptions/57b13db8-88cf-4fe6-924b-ae10dc6fadee/resourceGroups/jws2019-rg/providers/Microsoft.Network/networkInterfaces/windows-workstation-nic1/ipConfigurations/ipconfig1",
            "backend_port": 3389,
            "enable_floating_ip": false,
            "frontend_ip_configuration_id": "/subscriptions/57b13db8-88cf-4fe6-924b-ae10dc6fadee/resourceGroups/jws2019-rg/providers/Microsoft.Network/loadBalancers/jws2019lb/frontendIPConfigurations/LoadBalancerFrontEnd",
            "frontend_ip_configuration_name": "LoadBalancerFrontEnd",
            "frontend_port": 50001,
            "id": "/subscriptions/57b13db8-88cf-4fe6-924b-ae10dc6fadee/resourceGroups/jws2019-rg/providers/Microsoft.Network/loadBalancers/jws2019lb/inboundNatRules/RDP-VM-1",
            "loadbalancer_id": "/subscriptions/57b13db8-88cf-4fe6-924b-ae10dc6fadee/resourceGroups/jws2019-rg/providers/Microsoft.Network/loadBalancers/jws2019lb",
            "location": null,
            "name": "RDP-VM-1",
            "protocol": "Tcp",
            "resource_group_name": "jws2019-rg"
          },
          "depends_on": [
            "azurerm_lb.lb",
            "azurerm_resource_group.rg"
          ]
        }
      ]
    },
    {
      "mode": "managed",
      "type": "azurerm_network_interface",
      "name": "app_host-nic",
      "each": "list",
      "provider": "provider.azurerm",
      "instances": [
        {
          "index_key": 0,
          "schema_version": 0,
          "attributes": {
            "applied_dns_servers": [],
            "dns_servers": [],
            "enable_accelerated_networking": false,
            "enable_ip_forwarding": false,
            "id": "/subscriptions/57b13db8-88cf-4fe6-924b-ae10dc6fadee/resourceGroups/jws2019-rg/providers/Microsoft.Network/networkInterfaces/app_host-nic0",
            "internal_dns_name_label": "",
            "internal_fqdn": "",
            "ip_configuration": [
              {
                "application_gateway_backend_address_pools_ids": [],
                "application_security_group_ids": [],
                "load_balancer_backend_address_pools_ids": [],
                "load_balancer_inbound_nat_rules_ids": [],
                "name": "ipconfig0",
                "primary": true,
                "private_ip_address": "",
                "private_ip_address_allocation": "dynamic",
                "private_ip_address_version": "IPv4",
                "public_ip_address_id": "",
                "subnet_id": "/subscriptions/57b13db8-88cf-4fe6-924b-ae10dc6fadee/resourceGroups/jws2019-rg/providers/Microsoft.Network/virtualNetworks/jws2019-vnet/subnets/jws2019subnet"
              }
            ],
            "location": "westeurope",
            "mac_address": "00-0D-3A-2D-A0-63",
            "name": "app_host-nic0",
            "network_security_group_id": "",
            "private_ip_address": "10.0.10.6",
            "private_ip_addresses": [
              "10.0.10.6"
            ],
            "resource_group_name": "jws2019-rg",
            "tags": {},
            "virtual_machine_id": "/subscriptions/57b13db8-88cf-4fe6-924b-ae10dc6fadee/resourceGroups/jws2019-rg/providers/Microsoft.Compute/virtualMachines/app-host-0"
          },
          "depends_on": [
            "azurerm_resource_group.rg",
            "azurerm_subnet.subnet"
          ]
        }
      ]
    },
    {
      "mode": "managed",
      "type": "azurerm_network_interface",
      "name": "build_host-nic",
      "each": "list",
      "provider": "provider.azurerm",
      "instances": [
        {
          "index_key": 0,
          "schema_version": 0,
          "attributes": {
            "applied_dns_servers": [],
            "dns_servers": [],
            "enable_accelerated_networking": false,
            "enable_ip_forwarding": false,
            "id": "/subscriptions/57b13db8-88cf-4fe6-924b-ae10dc6fadee/resourceGroups/jws2019-rg/providers/Microsoft.Network/networkInterfaces/build_host-nic0",
            "internal_dns_name_label": "",
            "internal_fqdn": "",
            "ip_configuration": [
              {
                "application_gateway_backend_address_pools_ids": [],
                "application_security_group_ids": [],
                "load_balancer_backend_address_pools_ids": [],
                "load_balancer_inbound_nat_rules_ids": [],
                "name": "ipconfig0",
                "primary": true,
                "private_ip_address": "",
                "private_ip_address_allocation": "dynamic",
                "private_ip_address_version": "IPv4",
                "public_ip_address_id": "",
                "subnet_id": "/subscriptions/57b13db8-88cf-4fe6-924b-ae10dc6fadee/resourceGroups/jws2019-rg/providers/Microsoft.Network/virtualNetworks/jws2019-vnet/subnets/jws2019subnet"
              }
            ],
            "location": "westeurope",
            "mac_address": "00-0D-3A-21-CF-29",
            "name": "build_host-nic0",
            "network_security_group_id": "",
            "private_ip_address": "10.0.10.8",
            "private_ip_addresses": [
              "10.0.10.8"
            ],
            "resource_group_name": "jws2019-rg",
            "tags": {},
            "virtual_machine_id": "/subscriptions/57b13db8-88cf-4fe6-924b-ae10dc6fadee/resourceGroups/jws2019-rg/providers/Microsoft.Compute/virtualMachines/build-host-0"
          },
          "depends_on": [
            "azurerm_resource_group.rg",
            "azurerm_subnet.subnet"
          ]
        }
      ]
    },
    {
      "mode": "managed",
      "type": "azurerm_network_interface",
      "name": "jenkins-nic",
      "each": "list",
      "provider": "provider.azurerm",
      "instances": [
        {
          "index_key": 0,
          "schema_version": 0,
          "attributes": {
            "applied_dns_servers": [],
            "dns_servers": [],
            "enable_accelerated_networking": false,
            "enable_ip_forwarding": false,
            "id": "/subscriptions/57b13db8-88cf-4fe6-924b-ae10dc6fadee/resourceGroups/jws2019-rg/providers/Microsoft.Network/networkInterfaces/jenkins-nic0",
            "internal_dns_name_label": "",
            "internal_fqdn": "",
            "ip_configuration": [
              {
                "application_gateway_backend_address_pools_ids": [],
                "application_security_group_ids": [],
                "load_balancer_backend_address_pools_ids": [],
                "load_balancer_inbound_nat_rules_ids": [],
                "name": "ipconfig0",
                "primary": true,
                "private_ip_address": "",
                "private_ip_address_allocation": "dynamic",
                "private_ip_address_version": "IPv4",
                "public_ip_address_id": "",
                "subnet_id": "/subscriptions/57b13db8-88cf-4fe6-924b-ae10dc6fadee/resourceGroups/jws2019-rg/providers/Microsoft.Network/virtualNetworks/jws2019-vnet/subnets/jws2019subnet"
              }
            ],
            "location": "westeurope",
            "mac_address": "00-0D-3A-48-68-1F",
            "name": "jenkins-nic0",
            "network_security_group_id": "",
            "private_ip_address": "10.0.10.4",
            "private_ip_addresses": [
              "10.0.10.4"
            ],
            "resource_group_name": "jws2019-rg",
            "tags": {},
            "virtual_machine_id": "/subscriptions/57b13db8-88cf-4fe6-924b-ae10dc6fadee/resourceGroups/jws2019-rg/providers/Microsoft.Compute/virtualMachines/jenkins-0"
          },
          "depends_on": [
            "azurerm_resource_group.rg",
            "azurerm_subnet.subnet"
          ]
        }
      ]
    },
    {
      "mode": "managed",
      "type": "azurerm_network_interface",
      "name": "windows-workstation-nic",
      "each": "list",
      "provider": "provider.azurerm",
      "instances": [
        {
          "index_key": 0,
          "schema_version": 0,
          "attributes": {
            "applied_dns_servers": [],
            "dns_servers": [],
            "enable_accelerated_networking": false,
            "enable_ip_forwarding": false,
            "id": "/subscriptions/57b13db8-88cf-4fe6-924b-ae10dc6fadee/resourceGroups/jws2019-rg/providers/Microsoft.Network/networkInterfaces/windows-workstation-nic0",
            "internal_dns_name_label": "",
            "internal_fqdn": "",
            "ip_configuration": [
              {
                "application_gateway_backend_address_pools_ids": [],
                "application_security_group_ids": [],
                "load_balancer_backend_address_pools_ids": [],
                "load_balancer_inbound_nat_rules_ids": [
                  "/subscriptions/57b13db8-88cf-4fe6-924b-ae10dc6fadee/resourceGroups/jws2019-rg/providers/Microsoft.Network/loadBalancers/jws2019lb/inboundNatRules/RDP-VM-0"
                ],
                "name": "ipconfig0",
                "primary": true,
                "private_ip_address": "",
                "private_ip_address_allocation": "dynamic",
                "private_ip_address_version": "IPv4",
                "public_ip_address_id": "/subscriptions/57b13db8-88cf-4fe6-924b-ae10dc6fadee/resourceGroups/jws2019-rg/providers/Microsoft.Network/publicIPAddresses/windows-workstation-nic-ip0",
                "subnet_id": "/subscriptions/57b13db8-88cf-4fe6-924b-ae10dc6fadee/resourceGroups/jws2019-rg/providers/Microsoft.Network/virtualNetworks/jws2019-vnet/subnets/jws2019subnet"
              }
            ],
            "location": "westeurope",
            "mac_address": "00-0D-3A-21-B8-C5",
            "name": "windows-workstation-nic0",
            "network_security_group_id": "",
            "private_ip_address": "10.0.10.5",
            "private_ip_addresses": [
              "10.0.10.5"
            ],
            "resource_group_name": "jws2019-rg",
            "tags": {},
            "virtual_machine_id": "/subscriptions/57b13db8-88cf-4fe6-924b-ae10dc6fadee/resourceGroups/jws2019-rg/providers/Microsoft.Compute/virtualMachines/ws-0"
          },
          "depends_on": [
            "azurerm_public_ip.windows-workstation-nic-ip",
            "azurerm_resource_group.rg",
            "azurerm_subnet.subnet"
          ]
        },
        {
          "index_key": 1,
          "schema_version": 0,
          "attributes": {
            "applied_dns_servers": [],
            "dns_servers": [],
            "enable_accelerated_networking": false,
            "enable_ip_forwarding": false,
            "id": "/subscriptions/57b13db8-88cf-4fe6-924b-ae10dc6fadee/resourceGroups/jws2019-rg/providers/Microsoft.Network/networkInterfaces/windows-workstation-nic1",
            "internal_dns_name_label": "",
            "internal_fqdn": "",
            "ip_configuration": [
              {
                "application_gateway_backend_address_pools_ids": [],
                "application_security_group_ids": [],
                "load_balancer_backend_address_pools_ids": [],
                "load_balancer_inbound_nat_rules_ids": [
                  "/subscriptions/57b13db8-88cf-4fe6-924b-ae10dc6fadee/resourceGroups/jws2019-rg/providers/Microsoft.Network/loadBalancers/jws2019lb/inboundNatRules/RDP-VM-1"
                ],
                "name": "ipconfig1",
                "primary": true,
                "private_ip_address": "",
                "private_ip_address_allocation": "dynamic",
                "private_ip_address_version": "IPv4",
                "public_ip_address_id": "/subscriptions/57b13db8-88cf-4fe6-924b-ae10dc6fadee/resourceGroups/jws2019-rg/providers/Microsoft.Network/publicIPAddresses/windows-workstation-nic-ip1",
                "subnet_id": "/subscriptions/57b13db8-88cf-4fe6-924b-ae10dc6fadee/resourceGroups/jws2019-rg/providers/Microsoft.Network/virtualNetworks/jws2019-vnet/subnets/jws2019subnet"
              }
            ],
            "location": "westeurope",
            "mac_address": "00-0D-3A-21-B3-BC",
            "name": "windows-workstation-nic1",
            "network_security_group_id": "",
            "private_ip_address": "10.0.10.7",
            "private_ip_addresses": [
              "10.0.10.7"
            ],
            "resource_group_name": "jws2019-rg",
            "tags": {},
            "virtual_machine_id": "/subscriptions/57b13db8-88cf-4fe6-924b-ae10dc6fadee/resourceGroups/jws2019-rg/providers/Microsoft.Compute/virtualMachines/ws-1"
          },
          "depends_on": [
            "azurerm_public_ip.windows-workstation-nic-ip",
            "azurerm_resource_group.rg",
            "azurerm_subnet.subnet"
          ]
        }
      ]
    },
    {
      "mode": "managed",
      "type": "azurerm_network_interface_nat_rule_association",
      "name": "windows-workstation-nic",
      "each": "list",
      "provider": "provider.azurerm",
      "instances": [
        {
          "index_key": 0,
          "schema_version": 0,
          "attributes": {
            "id": "/subscriptions/57b13db8-88cf-4fe6-924b-ae10dc6fadee/resourceGroups/jws2019-rg/providers/Microsoft.Network/networkInterfaces/windows-workstation-nic0/ipConfigurations/ipconfig0|/subscriptions/57b13db8-88cf-4fe6-924b-ae10dc6fadee/resourceGroups/jws2019-rg/providers/Microsoft.Network/loadBalancers/jws2019lb/inboundNatRules/RDP-VM-0",
            "ip_configuration_name": "ipconfig0",
            "nat_rule_id": "/subscriptions/57b13db8-88cf-4fe6-924b-ae10dc6fadee/resourceGroups/jws2019-rg/providers/Microsoft.Network/loadBalancers/jws2019lb/inboundNatRules/RDP-VM-0",
            "network_interface_id": "/subscriptions/57b13db8-88cf-4fe6-924b-ae10dc6fadee/resourceGroups/jws2019-rg/providers/Microsoft.Network/networkInterfaces/windows-workstation-nic0"
          },
          "depends_on": [
            "azurerm_lb_nat_rule.tcp",
            "azurerm_network_interface.windows-workstation-nic"
          ]
        },
        {
          "index_key": 1,
          "schema_version": 0,
          "attributes": {
            "id": "/subscriptions/57b13db8-88cf-4fe6-924b-ae10dc6fadee/resourceGroups/jws2019-rg/providers/Microsoft.Network/networkInterfaces/windows-workstation-nic1/ipConfigurations/ipconfig1|/subscriptions/57b13db8-88cf-4fe6-924b-ae10dc6fadee/resourceGroups/jws2019-rg/providers/Microsoft.Network/loadBalancers/jws2019lb/inboundNatRules/RDP-VM-1",
            "ip_configuration_name": "ipconfig1",
            "nat_rule_id": "/subscriptions/57b13db8-88cf-4fe6-924b-ae10dc6fadee/resourceGroups/jws2019-rg/providers/Microsoft.Network/loadBalancers/jws2019lb/inboundNatRules/RDP-VM-1",
            "network_interface_id": "/subscriptions/57b13db8-88cf-4fe6-924b-ae10dc6fadee/resourceGroups/jws2019-rg/providers/Microsoft.Network/networkInterfaces/windows-workstation-nic1"
          },
          "depends_on": [
            "azurerm_lb_nat_rule.tcp",
            "azurerm_network_interface.windows-workstation-nic"
          ]
        }
      ]
    },
    {
      "mode": "managed",
      "type": "azurerm_public_ip",
      "name": "lbpip",
      "provider": "provider.azurerm",
      "instances": [
        {
          "schema_version": 0,
          "attributes": {
            "allocation_method": "Dynamic",
            "domain_name_label": "jws2019",
            "fqdn": "jws2019.westeurope.cloudapp.azure.com",
            "id": "/subscriptions/57b13db8-88cf-4fe6-924b-ae10dc6fadee/resourceGroups/jws2019-rg/providers/Microsoft.Network/publicIPAddresses/jws2019-ip",
            "idle_timeout_in_minutes": 4,
            "ip_address": "13.80.254.110",
            "ip_version": "IPv4",
            "location": "westeurope",
            "name": "jws2019-ip",
            "public_ip_address_allocation": "Dynamic",
            "public_ip_prefix_id": null,
            "resource_group_name": "jws2019-rg",
            "reverse_fqdn": "",
            "sku": "Basic",
            "tags": {},
            "zones": []
          },
          "depends_on": [
            "azurerm_resource_group.rg"
          ]
        }
      ]
    },
    {
      "mode": "managed",
      "type": "azurerm_public_ip",
      "name": "windows-workstation-nic-ip",
      "each": "list",
      "provider": "provider.azurerm",
      "instances": [
        {
          "index_key": 0,
          "schema_version": 0,
          "attributes": {
            "allocation_method": "Dynamic",
            "domain_name_label": null,
            "fqdn": null,
            "id": "/subscriptions/57b13db8-88cf-4fe6-924b-ae10dc6fadee/resourceGroups/jws2019-rg/providers/Microsoft.Network/publicIPAddresses/windows-workstation-nic-ip0",
            "idle_timeout_in_minutes": 4,
            "ip_address": "51.145.135.201",
            "ip_version": "IPv4",
            "location": "westeurope",
            "name": "windows-workstation-nic-ip0",
            "public_ip_address_allocation": "Dynamic",
            "public_ip_prefix_id": null,
            "resource_group_name": "jws2019-rg",
            "reverse_fqdn": null,
            "sku": "Basic",
            "tags": {},
            "zones": []
          },
          "depends_on": [
            "azurerm_resource_group.rg"
          ]
        },
        {
          "index_key": 1,
          "schema_version": 0,
          "attributes": {
            "allocation_method": "Dynamic",
            "domain_name_label": null,
            "fqdn": null,
            "id": "/subscriptions/57b13db8-88cf-4fe6-924b-ae10dc6fadee/resourceGroups/jws2019-rg/providers/Microsoft.Network/publicIPAddresses/windows-workstation-nic-ip1",
            "idle_timeout_in_minutes": 4,
            "ip_address": "23.100.4.223",
            "ip_version": "IPv4",
            "location": "westeurope",
            "name": "windows-workstation-nic-ip1",
            "public_ip_address_allocation": "Dynamic",
            "public_ip_prefix_id": null,
            "resource_group_name": "jws2019-rg",
            "reverse_fqdn": null,
            "sku": "Basic",
            "tags": {},
            "zones": []
          },
          "depends_on": [
            "azurerm_resource_group.rg"
          ]
        }
      ]
    },
    {
      "mode": "managed",
      "type": "azurerm_resource_group",
      "name": "rg",
      "provider": "provider.azurerm",
      "instances": [
        {
          "schema_version": 0,
          "attributes": {
            "id": "/subscriptions/57b13db8-88cf-4fe6-924b-ae10dc6fadee/resourceGroups/jws2019-rg",
            "location": "westeurope",
            "name": "jws2019-rg",
            "tags": {}
          }
        }
      ]
    },
    {
      "mode": "managed",
      "type": "azurerm_subnet",
      "name": "subnet",
      "provider": "provider.azurerm",
      "instances": [
        {
          "schema_version": 0,
          "attributes": {
            "address_prefix": "10.0.10.0/24",
            "delegation": [],
            "id": "/subscriptions/57b13db8-88cf-4fe6-924b-ae10dc6fadee/resourceGroups/jws2019-rg/providers/Microsoft.Network/virtualNetworks/jws2019-vnet/subnets/jws2019subnet",
            "ip_configurations": [
              "/subscriptions/57b13db8-88cf-4fe6-924b-ae10dc6fadee/resourceGroups/jws2019-rg/providers/Microsoft.Network/networkInterfaces/app_host-nic0/ipConfigurations/ipconfig0",
              "/subscriptions/57b13db8-88cf-4fe6-924b-ae10dc6fadee/resourceGroups/jws2019-rg/providers/Microsoft.Network/networkInterfaces/build_host-nic0/ipConfigurations/ipconfig0",
              "/subscriptions/57b13db8-88cf-4fe6-924b-ae10dc6fadee/resourceGroups/jws2019-rg/providers/Microsoft.Network/networkInterfaces/jenkins-nic0/ipConfigurations/ipconfig0",
              "/subscriptions/57b13db8-88cf-4fe6-924b-ae10dc6fadee/resourceGroups/jws2019-rg/providers/Microsoft.Network/networkInterfaces/windows-workstation-nic0/ipConfigurations/ipconfig0",
              "/subscriptions/57b13db8-88cf-4fe6-924b-ae10dc6fadee/resourceGroups/jws2019-rg/providers/Microsoft.Network/networkInterfaces/windows-workstation-nic1/ipConfigurations/ipconfig1",
              "/subscriptions/57b13db8-88cf-4fe6-924b-ae10dc6fadee/resourceGroups/jws2019-rg/providers/Microsoft.Network/networkInterfaces/windows-workstation-nic10/ipConfigurations/ipconfig10",
              "/subscriptions/57b13db8-88cf-4fe6-924b-ae10dc6fadee/resourceGroups/jws2019-rg/providers/Microsoft.Network/networkInterfaces/windows-workstation-nic2/ipConfigurations/ipconfig2",
              "/subscriptions/57b13db8-88cf-4fe6-924b-ae10dc6fadee/resourceGroups/jws2019-rg/providers/Microsoft.Network/networkInterfaces/windows-workstation-nic3/ipConfigurations/ipconfig3",
              "/subscriptions/57b13db8-88cf-4fe6-924b-ae10dc6fadee/resourceGroups/jws2019-rg/providers/Microsoft.Network/networkInterfaces/windows-workstation-nic4/ipConfigurations/ipconfig4",
              "/subscriptions/57b13db8-88cf-4fe6-924b-ae10dc6fadee/resourceGroups/jws2019-rg/providers/Microsoft.Network/networkInterfaces/windows-workstation-nic5/ipConfigurations/ipconfig5",
              "/subscriptions/57b13db8-88cf-4fe6-924b-ae10dc6fadee/resourceGroups/jws2019-rg/providers/Microsoft.Network/networkInterfaces/windows-workstation-nic6/ipConfigurations/ipconfig6",
              "/subscriptions/57b13db8-88cf-4fe6-924b-ae10dc6fadee/resourceGroups/jws2019-rg/providers/Microsoft.Network/networkInterfaces/windows-workstation-nic7/ipConfigurations/ipconfig7",
              "/subscriptions/57b13db8-88cf-4fe6-924b-ae10dc6fadee/resourceGroups/jws2019-rg/providers/Microsoft.Network/networkInterfaces/windows-workstation-nic8/ipConfigurations/ipconfig8",
              "/subscriptions/57b13db8-88cf-4fe6-924b-ae10dc6fadee/resourceGroups/jws2019-rg/providers/Microsoft.Network/networkInterfaces/windows-workstation-nic9/ipConfigurations/ipconfig9"
            ],
            "name": "jws2019subnet",
            "network_security_group_id": "",
            "resource_group_name": "jws2019-rg",
            "route_table_id": "",
            "service_endpoints": [],
            "virtual_network_name": "jws2019-vnet"
          },
          "depends_on": [
            "azurerm_resource_group.rg",
            "azurerm_virtual_network.vnet"
          ]
        }
      ]
    },
    {
      "mode": "managed",
      "type": "azurerm_virtual_machine",
      "name": "app-host",
      "each": "list",
      "provider": "provider.azurerm",
      "instances": [
        {
          "index_key": 0,
          "schema_version": 0,
          "attributes": {
            "availability_set_id": null,
            "boot_diagnostics": [],
            "delete_data_disks_on_termination": true,
            "delete_os_disk_on_termination": true,
            "id": "/subscriptions/57b13db8-88cf-4fe6-924b-ae10dc6fadee/resourceGroups/jws2019-rg/providers/Microsoft.Compute/virtualMachines/app-host-0",
            "identity": [],
            "license_type": null,
            "location": "westeurope",
            "name": "app-host-0",
            "network_interface_ids": [
              "/subscriptions/57b13db8-88cf-4fe6-924b-ae10dc6fadee/resourceGroups/jws2019-rg/providers/Microsoft.Network/networkInterfaces/app_host-nic0"
            ],
            "os_profile": [
              {
                "admin_password": "",
                "admin_username": "workshop",
                "computer_name": "app-host-0",
                "custom_data": ""
              }
            ],
            "os_profile_linux_config": [
              {
                "disable_password_authentication": false,
                "ssh_keys": [
                  {
                    "key_data": "ssh-rsa AAAAB3NzaC1yc2EAAAADAQABAAABAQDOw6Q9US52sG6gT4TZMnroXYYLuVbxPGPj/Vk1/FPdUQ5yFMXeICfn+kWIhbRyb28ofMteHoWAEZbSo8sMt42JEpuuaLr03yapGxfiQInMWS+oImvFIkZ55V/DVdeU04tObPy/cvM0KADkPUTpWMt4lICmvPnz+aLwQ7md1JN2pMu2iR1F8p7tn5FvRJIzH8qQ7wSvhvws/u5VszOHFjYRZpPKvk+hVmxWhqE9x/NWv2DNyv3z70WbvqcFctHTnIZT6eAHbOszCgTJywcaZT8A5+SnjdxmKJRFAO3iuLjuaQg66IvLvlxOwLWTVgycfl0qWx4mXMKtKp4G4ZM4hazj jim@Jims-MacBook-Pro-4.local\n",
                    "path": "/home/workshop/.ssh/authorized_keys"
                  }
                ]
              }
            ],
            "os_profile_secrets": [],
            "os_profile_windows_config": [],
            "plan": [],
            "primary_network_interface_id": null,
            "resource_group_name": "jws2019-rg",
            "storage_data_disk": [],
            "storage_image_reference": [
              {
                "id": "",
                "offer": "UbuntuServer",
                "publisher": "Canonical",
                "sku": "16.04-LTS",
                "version": "latest"
              }
            ],
            "storage_os_disk": [
              {
                "caching": "ReadWrite",
                "create_option": "FromImage",
                "disk_size_gb": 30,
                "image_uri": "",
                "managed_disk_id": "/subscriptions/57b13db8-88cf-4fe6-924b-ae10dc6fadee/resourceGroups/jws2019-rg/providers/Microsoft.Compute/disks/app-host-disk0",
                "managed_disk_type": "Premium_LRS",
                "name": "app-host-disk0",
                "os_type": "Linux",
                "vhd_uri": "",
                "write_accelerator_enabled": false
              }
            ],
            "tags": {},
            "vm_size": "Standard_D2s_v3",
            "zones": []
          },
          "depends_on": [
            "azurerm_network_interface.app_host-nic",
            "azurerm_resource_group.rg"
          ]
        }
      ]
    },
    {
      "mode": "managed",
      "type": "azurerm_virtual_machine",
      "name": "build-host",
      "each": "list",
      "provider": "provider.azurerm",
      "instances": [
        {
          "index_key": 0,
          "schema_version": 0,
          "attributes": {
            "availability_set_id": null,
            "boot_diagnostics": [],
            "delete_data_disks_on_termination": true,
            "delete_os_disk_on_termination": true,
            "id": "/subscriptions/57b13db8-88cf-4fe6-924b-ae10dc6fadee/resourceGroups/jws2019-rg/providers/Microsoft.Compute/virtualMachines/build-host-0",
            "identity": [],
            "license_type": null,
            "location": "westeurope",
            "name": "build-host-0",
            "network_interface_ids": [
              "/subscriptions/57b13db8-88cf-4fe6-924b-ae10dc6fadee/resourceGroups/jws2019-rg/providers/Microsoft.Network/networkInterfaces/build_host-nic0"
            ],
            "os_profile": [
              {
                "admin_password": "",
                "admin_username": "workshop",
                "computer_name": "build-host-0",
                "custom_data": ""
              }
            ],
            "os_profile_linux_config": [
              {
                "disable_password_authentication": true,
                "ssh_keys": [
                  {
                    "key_data": "ssh-rsa AAAAB3NzaC1yc2EAAAADAQABAAABAQDOw6Q9US52sG6gT4TZMnroXYYLuVbxPGPj/Vk1/FPdUQ5yFMXeICfn+kWIhbRyb28ofMteHoWAEZbSo8sMt42JEpuuaLr03yapGxfiQInMWS+oImvFIkZ55V/DVdeU04tObPy/cvM0KADkPUTpWMt4lICmvPnz+aLwQ7md1JN2pMu2iR1F8p7tn5FvRJIzH8qQ7wSvhvws/u5VszOHFjYRZpPKvk+hVmxWhqE9x/NWv2DNyv3z70WbvqcFctHTnIZT6eAHbOszCgTJywcaZT8A5+SnjdxmKJRFAO3iuLjuaQg66IvLvlxOwLWTVgycfl0qWx4mXMKtKp4G4ZM4hazj jim@Jims-MacBook-Pro-4.local\n",
                    "path": "/home/workshop/.ssh/authorized_keys"
                  }
                ]
              }
            ],
            "os_profile_secrets": [],
            "os_profile_windows_config": [],
            "plan": [],
            "primary_network_interface_id": null,
            "resource_group_name": "jws2019-rg",
            "storage_data_disk": [],
            "storage_image_reference": [
              {
                "id": "",
                "offer": "UbuntuServer",
                "publisher": "Canonical",
                "sku": "16.04-LTS",
                "version": "latest"
              }
            ],
            "storage_os_disk": [
              {
                "caching": "ReadWrite",
                "create_option": "FromImage",
                "disk_size_gb": 30,
                "image_uri": "",
                "managed_disk_id": "/subscriptions/57b13db8-88cf-4fe6-924b-ae10dc6fadee/resourceGroups/jws2019-rg/providers/Microsoft.Compute/disks/build-host-disk0",
                "managed_disk_type": "Premium_LRS",
                "name": "build-host-disk0",
                "os_type": "Linux",
                "vhd_uri": "",
                "write_accelerator_enabled": false
              }
            ],
            "tags": {},
            "vm_size": "Standard_D2s_v3",
            "zones": []
          },
          "depends_on": [
            "azurerm_network_interface.build_host-nic",
            "azurerm_resource_group.rg"
          ]
        }
      ]
    },
    {
      "mode": "managed",
      "type": "azurerm_virtual_machine",
      "name": "jenkins",
      "each": "list",
      "provider": "provider.azurerm",
      "instances": [
        {
          "index_key": 0,
          "schema_version": 0,
          "attributes": {
            "availability_set_id": null,
            "boot_diagnostics": [],
            "delete_data_disks_on_termination": true,
            "delete_os_disk_on_termination": true,
            "id": "/subscriptions/57b13db8-88cf-4fe6-924b-ae10dc6fadee/resourceGroups/jws2019-rg/providers/Microsoft.Compute/virtualMachines/jenkins-0",
            "identity": [],
            "license_type": null,
            "location": "westeurope",
            "name": "jenkins-0",
            "network_interface_ids": [
              "/subscriptions/57b13db8-88cf-4fe6-924b-ae10dc6fadee/resourceGroups/jws2019-rg/providers/Microsoft.Network/networkInterfaces/jenkins-nic0"
            ],
            "os_profile": [
              {
                "admin_password": "",
                "admin_username": "workshop",
                "computer_name": "jenkins-0",
                "custom_data": ""
              }
            ],
            "os_profile_linux_config": [
              {
                "disable_password_authentication": true,
                "ssh_keys": [
                  {
                    "key_data": "ssh-rsa AAAAB3NzaC1yc2EAAAADAQABAAABAQDOw6Q9US52sG6gT4TZMnroXYYLuVbxPGPj/Vk1/FPdUQ5yFMXeICfn+kWIhbRyb28ofMteHoWAEZbSo8sMt42JEpuuaLr03yapGxfiQInMWS+oImvFIkZ55V/DVdeU04tObPy/cvM0KADkPUTpWMt4lICmvPnz+aLwQ7md1JN2pMu2iR1F8p7tn5FvRJIzH8qQ7wSvhvws/u5VszOHFjYRZpPKvk+hVmxWhqE9x/NWv2DNyv3z70WbvqcFctHTnIZT6eAHbOszCgTJywcaZT8A5+SnjdxmKJRFAO3iuLjuaQg66IvLvlxOwLWTVgycfl0qWx4mXMKtKp4G4ZM4hazj jim@Jims-MacBook-Pro-4.local\n",
                    "path": "/home/workshop/.ssh/authorized_keys"
                  }
                ]
              }
            ],
            "os_profile_secrets": [],
            "os_profile_windows_config": [],
            "plan": [],
            "primary_network_interface_id": null,
            "resource_group_name": "jws2019-rg",
            "storage_data_disk": [],
            "storage_image_reference": [
              {
                "id": "",
                "offer": "UbuntuServer",
                "publisher": "Canonical",
                "sku": "16.04-LTS",
                "version": "latest"
              }
            ],
            "storage_os_disk": [
              {
                "caching": "ReadWrite",
                "create_option": "FromImage",
                "disk_size_gb": 30,
                "image_uri": "",
                "managed_disk_id": "/subscriptions/57b13db8-88cf-4fe6-924b-ae10dc6fadee/resourceGroups/jws2019-rg/providers/Microsoft.Compute/disks/jenkins-disk0",
                "managed_disk_type": "Premium_LRS",
                "name": "jenkins-disk0",
                "os_type": "Linux",
                "vhd_uri": "",
                "write_accelerator_enabled": false
              }
            ],
            "tags": {},
            "vm_size": "Standard_D2s_v3",
            "zones": []
          },
          "depends_on": [
            "azurerm_network_interface.jenkins-nic",
            "azurerm_resource_group.rg"
          ]
        }
      ]
    },
    {
      "mode": "managed",
      "type": "azurerm_virtual_machine",
      "name": "ws",
      "each": "list",
      "provider": "provider.azurerm",
      "instances": [
        {
          "index_key": 0,
          "schema_version": 0,
          "attributes": {
            "availability_set_id": "/subscriptions/57b13db8-88cf-4fe6-924b-ae10dc6fadee/resourcegroups/jws2019-rg/providers/microsoft.compute/availabilitysets/jws2019avset",
            "boot_diagnostics": [],
            "delete_data_disks_on_termination": true,
            "delete_os_disk_on_termination": true,
            "id": "/subscriptions/57b13db8-88cf-4fe6-924b-ae10dc6fadee/resourceGroups/jws2019-rg/providers/Microsoft.Compute/virtualMachines/ws-0",
            "identity": [],
            "license_type": null,
            "location": "westeurope",
            "name": "ws-0",
            "network_interface_ids": [
              "/subscriptions/57b13db8-88cf-4fe6-924b-ae10dc6fadee/resourceGroups/jws2019-rg/providers/Microsoft.Network/networkInterfaces/windows-workstation-nic0"
            ],
            "os_profile": [
              {
                "admin_password": "",
                "admin_username": "workshop",
                "computer_name": "ws-0",
                "custom_data": ""
              }
            ],
            "os_profile_linux_config": [],
            "os_profile_secrets": [],
            "os_profile_windows_config": [
              {
                "additional_unattend_config": [],
                "enable_automatic_upgrades": false,
                "provision_vm_agent": true,
                "timezone": "",
                "winrm": []
              }
            ],
            "plan": [],
            "primary_network_interface_id": null,
            "resource_group_name": "jws2019-rg",
            "storage_data_disk": [],
            "storage_image_reference": [
              {
                "id": "",
                "offer": "WindowsServer",
                "publisher": "MicrosoftWindowsServer",
                "sku": "2019-Datacenter",
                "version": "latest"
              }
            ],
            "storage_os_disk": [
              {
                "caching": "ReadWrite",
                "create_option": "FromImage",
                "disk_size_gb": 127,
                "image_uri": "",
                "managed_disk_id": "/subscriptions/57b13db8-88cf-4fe6-924b-ae10dc6fadee/resourceGroups/jws2019-rg/providers/Microsoft.Compute/disks/ws-disk0",
                "managed_disk_type": "Premium_LRS",
                "name": "ws-disk0",
                "os_type": "Windows",
                "vhd_uri": "",
                "write_accelerator_enabled": false
              }
            ],
            "tags": {},
            "vm_size": "Standard_D2s_v3",
            "zones": []
          },
          "depends_on": [
            "azurerm_availability_set.avset",
            "azurerm_network_interface.windows-workstation-nic",
            "azurerm_resource_group.rg"
          ]
        },
        {
          "index_key": 1,
          "schema_version": 0,
          "attributes": {
            "availability_set_id": "/subscriptions/57b13db8-88cf-4fe6-924b-ae10dc6fadee/resourcegroups/jws2019-rg/providers/microsoft.compute/availabilitysets/jws2019avset",
            "boot_diagnostics": [],
            "delete_data_disks_on_termination": true,
            "delete_os_disk_on_termination": true,
            "id": "/subscriptions/57b13db8-88cf-4fe6-924b-ae10dc6fadee/resourceGroups/jws2019-rg/providers/Microsoft.Compute/virtualMachines/ws-1",
            "identity": [],
            "license_type": null,
            "location": "westeurope",
            "name": "ws-1",
            "network_interface_ids": [
              "/subscriptions/57b13db8-88cf-4fe6-924b-ae10dc6fadee/resourceGroups/jws2019-rg/providers/Microsoft.Network/networkInterfaces/windows-workstation-nic1"
            ],
            "os_profile": [
              {
                "admin_password": "",
                "admin_username": "workshop",
                "computer_name": "ws-1",
                "custom_data": ""
              }
            ],
            "os_profile_linux_config": [],
            "os_profile_secrets": [],
            "os_profile_windows_config": [
              {
                "additional_unattend_config": [],
                "enable_automatic_upgrades": false,
                "provision_vm_agent": true,
                "timezone": "",
                "winrm": []
              }
            ],
            "plan": [],
            "primary_network_interface_id": null,
            "resource_group_name": "jws2019-rg",
            "storage_data_disk": [],
            "storage_image_reference": [
              {
                "id": "",
                "offer": "WindowsServer",
                "publisher": "MicrosoftWindowsServer",
                "sku": "2019-Datacenter",
                "version": "latest"
              }
            ],
            "storage_os_disk": [
              {
                "caching": "ReadWrite",
                "create_option": "FromImage",
                "disk_size_gb": 127,
                "image_uri": "",
                "managed_disk_id": "/subscriptions/57b13db8-88cf-4fe6-924b-ae10dc6fadee/resourceGroups/jws2019-rg/providers/Microsoft.Compute/disks/ws-disk1",
                "managed_disk_type": "Premium_LRS",
                "name": "ws-disk1",
                "os_type": "Windows",
                "vhd_uri": "",
                "write_accelerator_enabled": false
              }
            ],
            "tags": {},
            "vm_size": "Standard_D2s_v3",
            "zones": []
          },
          "depends_on": [
            "azurerm_availability_set.avset",
            "azurerm_network_interface.windows-workstation-nic",
            "azurerm_resource_group.rg"
          ]
        }
      ]
    },
    {
      "mode": "managed",
      "type": "azurerm_virtual_network",
      "name": "vnet",
      "provider": "provider.azurerm",
      "instances": [
        {
          "schema_version": 0,
          "attributes": {
            "address_space": [
              "10.0.0.0/16"
            ],
            "ddos_protection_plan": [],
            "dns_servers": [],
            "id": "/subscriptions/57b13db8-88cf-4fe6-924b-ae10dc6fadee/resourceGroups/jws2019-rg/providers/Microsoft.Network/virtualNetworks/jws2019-vnet",
            "location": "westeurope",
            "name": "jws2019-vnet",
            "resource_group_name": "jws2019-rg",
            "subnet": [
              {
                "address_prefix": "10.0.10.0/24",
                "id": "/subscriptions/57b13db8-88cf-4fe6-924b-ae10dc6fadee/resourceGroups/jws2019-rg/providers/Microsoft.Network/virtualNetworks/jws2019-vnet/subnets/jws2019subnet",
                "name": "jws2019subnet",
                "security_group": ""
              }
            ],
            "tags": {}
          },
          "depends_on": [
            "azurerm_resource_group.rg"
          ]
        }
      ]
    },
    {
      "mode": "managed",
      "type": "dnsimple_record",
      "name": "workstationlb",
      "provider": "provider.dnsimple",
      "instances": [
        {
          "schema_version": 0,
          "attributes": {
            "domain": "test-rig.net",
            "domain_id": "test-rig.net",
            "hostname": "workstations.jws2019.test-rig.net",
            "id": "16269579",
            "name": "workstations.jws2019",
            "priority": "0",
            "ttl": "60",
            "type": "CNAME",
            "value": "jws2019.westeurope.cloudapp.azure.com"
          }
        }
      ]
    }
  ]
}
